
Microsoft Visual Studio Solution File, Format Version 12.00
# Visual Studio 15
VisualStudioVersion = 15.0.27703.2000
MinimumVisualStudioVersion = 10.0.40219.1
Project("{FAE04EC0-301F-11D3-BF4B-00C04F79EFBC}") = "AWSToolkit.UI.Tests", "AWSToolkit.UI.Tests\AWSToolkit.UI.Tests.csproj", "{1020EBC7-32AE-448F-B9D8-A699FFF70F82}"
EndProject
Global
	GlobalSection(SolutionConfigurationPlatforms) = preSolution
		Debug|Any CPU = Debug|Any CPU
		Release|Any CPU = Release|Any CPU
	EndGlobalSection
	GlobalSection(ProjectConfigurationPlatforms) = postSolution
		{1020EBC7-32AE-448F-B9D8-A699FFF70F82}.Debug|Any CPU.ActiveCfg = Debug|Any CPU
		{1020EBC7-32AE-448F-B9D8-A699FFF70F82}.Debug|Any CPU.Build.0 = Debug|Any CPU
		{1020EBC7-32AE-448F-B9D8-A699FFF70F82}.Release|Any CPU.ActiveCfg = Release|Any CPU
		{1020EBC7-32AE-448F-B9D8-A699FFF70F82}.Release|Any CPU.Build.0 = Release|Any CPU
	EndGlobalSection
	GlobalSection(SolutionProperties) = preSolution
		HideSolutionNode = FALSE
	EndGlobalSection
	GlobalSection(ExtensibilityGlobals) = postSolution
		SolutionGuid = {0B1292D9-AA53-4D8D-B291-13EFC4793E76}
	EndGlobalSection
EndGlobal
