
Microsoft Visual Studio Solution File, Format Version 12.00
# Visual Studio 14
VisualStudioVersion = 14.0.25420.1
MinimumVisualStudioVersion = 10.0.40219.1
Project("{FAE04EC0-301F-11D3-BF4B-00C04F79EFBC}") = "BuildTasks", "BuildTasks.csproj", "{89DF9737-4AD3-4FC7-8C75-D33FEDC555A3}"
EndProject
Project("{FAE04EC0-301F-11D3-BF4B-00C04F79EFBC}") = "BuildCommon", "..\BuildCommon\BuildCommon.csproj", "{7C0F4CE2-91F7-4308-8E86-A33D7C8628FB}"
EndProject
Project("{FAE04EC0-301F-11D3-BF4B-00C04F79EFBC}") = "Test", "..\TasksTest\Test.csproj", "{F33622CA-3C84-4671-B311-F76377332526}"
EndProject
Project("{2150E333-8FDC-42A3-9474-1A3956D46DE8}") = ".nuget", ".nuget", "{749203B1-5FB1-4F22-BAA6-822FB321517B}"
	ProjectSection(SolutionItems) = preProject
		.nuget\NuGet.Config = .nuget\NuGet.Config
		.nuget\NuGet.exe = .nuget\NuGet.exe
		.nuget\NuGet.targets = .nuget\NuGet.targets
	EndProjectSection
EndProject
Project("{FAE04EC0-301F-11D3-BF4B-00C04F79EFBC}") = "BranchReleasePrep", "..\BranchReleasePrep\BranchReleasePrep.csproj", "{D9229227-D554-40E5-B794-10D5522B2C0E}"
EndProject
Project("{FAE04EC0-301F-11D3-BF4B-00C04F79EFBC}") = "BuildTasks.Test", "..\BuildTasks.Test\BuildTasks.Test.csproj", "{831C8100-A955-472A-AE27-E409F342DC65}"
EndProject
Global
	GlobalSection(SolutionConfigurationPlatforms) = preSolution
		Debug|Any CPU = Debug|Any CPU
		Release|Any CPU = Release|Any CPU
	EndGlobalSection
	GlobalSection(ProjectConfigurationPlatforms) = postSolution
		{89DF9737-4AD3-4FC7-8C75-D33FEDC555A3}.Debug|Any CPU.ActiveCfg = Debug|Any CPU
		{89DF9737-4AD3-4FC7-8C75-D33FEDC555A3}.Debug|Any CPU.Build.0 = Debug|Any CPU
		{89DF9737-4AD3-4FC7-8C75-D33FEDC555A3}.Release|Any CPU.ActiveCfg = Release|Any CPU
		{89DF9737-4AD3-4FC7-8C75-D33FEDC555A3}.Release|Any CPU.Build.0 = Release|Any CPU
		{7C0F4CE2-91F7-4308-8E86-A33D7C8628FB}.Debug|Any CPU.ActiveCfg = Debug|Any CPU
		{7C0F4CE2-91F7-4308-8E86-A33D7C8628FB}.Debug|Any CPU.Build.0 = Debug|Any CPU
		{7C0F4CE2-91F7-4308-8E86-A33D7C8628FB}.Release|Any CPU.ActiveCfg = Release|Any CPU
		{7C0F4CE2-91F7-4308-8E86-A33D7C8628FB}.Release|Any CPU.Build.0 = Release|Any CPU
		{F33622CA-3C84-4671-B311-F76377332526}.Debug|Any CPU.ActiveCfg = Debug|Any CPU
		{F33622CA-3C84-4671-B311-F76377332526}.Debug|Any CPU.Build.0 = Debug|Any CPU
		{F33622CA-3C84-4671-B311-F76377332526}.Release|Any CPU.ActiveCfg = Release|Any CPU
		{F33622CA-3C84-4671-B311-F76377332526}.Release|Any CPU.Build.0 = Release|Any CPU
		{D9229227-D554-40E5-B794-10D5522B2C0E}.Debug|Any CPU.ActiveCfg = Debug|Any CPU
		{D9229227-D554-40E5-B794-10D5522B2C0E}.Debug|Any CPU.Build.0 = Debug|Any CPU
		{D9229227-D554-40E5-B794-10D5522B2C0E}.Release|Any CPU.ActiveCfg = Release|Any CPU
		{D9229227-D554-40E5-B794-10D5522B2C0E}.Release|Any CPU.Build.0 = Release|Any CPU
		{831C8100-A955-472A-AE27-E409F342DC65}.Debug|Any CPU.ActiveCfg = Debug|Any CPU
		{831C8100-A955-472A-AE27-E409F342DC65}.Debug|Any CPU.Build.0 = Debug|Any CPU
		{831C8100-A955-472A-AE27-E409F342DC65}.Release|Any CPU.ActiveCfg = Release|Any CPU
		{831C8100-A955-472A-AE27-E409F342DC65}.Release|Any CPU.Build.0 = Release|Any CPU
	EndGlobalSection
	GlobalSection(SolutionProperties) = preSolution
		HideSolutionNode = FALSE
	EndGlobalSection
EndGlobal
