
Microsoft Visual Studio Solution File, Format Version 12.00
# Visual Studio 15
VisualStudioVersion = 15.0.27130.2024
MinimumVisualStudioVersion = 10.0.40219.1
Project("{2150E333-8FDC-42A3-9474-1A3956D46DE8}") = "buildtools", "buildtools", "{77A27C21-7B4C-4137-8959-88861F5EAE73}"
	ProjectSection(SolutionItems) = preProject
		..\buildtools\Common.Build.CSharp.settings = ..\buildtools\Common.Build.CSharp.settings
		..\buildtools\Common.Build.settings = ..\buildtools\Common.Build.settings
		..\buildtools\Common.Build.targets = ..\buildtools\Common.Build.targets
		..\buildtools\Package.AfterBuild.targets = ..\buildtools\Package.AfterBuild.targets
		..\buildtools\Package.Build.targets = ..\buildtools\Package.Build.targets
	EndProjectSection
EndProject
Project("{FAE04EC0-301F-11D3-BF4B-00C04F79EFBC}") = "AWSToolkit", "..\toolkitcore\AWSToolkit\AWSToolkit.csproj", "{687C1AA1-E4D2-4B17-8A5B-A9D57E311E5F}"
EndProject
Project("{FAE04EC0-301F-11D3-BF4B-00C04F79EFBC}") = "AWSToolkit.Util", "..\toolkitcore\AWSToolkit.Util\AWSToolkit.Util.csproj", "{7E899D6E-07D6-4695-B5D5-F9E62E31D5F6}"
EndProject
Project("{FAE04EC0-301F-11D3-BF4B-00C04F79EFBC}") = "AWSSDK.Extensions", "..\toolkitcore\AWSSDK.Extensions\AWSSDK.Extensions.csproj", "{20C1F223-EEF5-4EAB-9E2D-8DF31BB3FF45}"
EndProject
Project("{2150E333-8FDC-42A3-9474-1A3956D46DE8}") = "AWSDeploymentClient", "AWSDeploymentClient", "{C74FEDAE-A2DD-4033-9CDD-9005681D6059}"
EndProject
Project("{FAE04EC0-301F-11D3-BF4B-00C04F79EFBC}") = "AWSDeploymentLib", "..\awsdeploy\client\AWSDeploymentLib\AWSDeploymentLib.csproj", "{DFFE75F2-61CC-4CEA-87A5-1C573436DE9E}"
EndProject
Project("{FAE04EC0-301F-11D3-BF4B-00C04F79EFBC}") = "AWSDeploymentTool", "..\awsdeploy\client\AWSDeploymentTool\AWSDeploymentTool.csproj", "{926552F5-A4D1-4EE2-8368-285A81F11721}"
EndProject
Project("{FAE04EC0-301F-11D3-BF4B-00C04F79EFBC}") = "AWSToolkit.CloudFormation", "..\toolkitcore\plugins\AWSToolkit.CloudFormation\AWSToolkit.CloudFormation.csproj", "{6AE302DB-2304-47C8-8E3C-96C85AC1D469}"
EndProject
Project("{FAE04EC0-301F-11D3-BF4B-00C04F79EFBC}") = "AWSToolkit.CloudFormation.Interface", "..\toolkitcore\plugins\AWSToolkit.CloudFormation.Interface\AWSToolkit.CloudFormation.Interface.csproj", "{5A78BF40-7D5B-467E-8CE4-9659F22669D0}"
EndProject
Project("{FAE04EC0-301F-11D3-BF4B-00C04F79EFBC}") = "AWSToolkit.CloudFront.Interface", "..\toolkitcore\plugins\AWSToolkit.CloudFront.Interface\AWSToolkit.CloudFront.Interface.csproj", "{C4042C0E-20B3-40C3-9CD1-D4FB2CA84FD9}"
EndProject
Project("{FAE04EC0-301F-11D3-BF4B-00C04F79EFBC}") = "AWSToolkit.DynamoDB.Interface", "..\toolkitcore\plugins\AWSToolkit.DynamoDB.Interface\AWSToolkit.DynamoDB.Interface.csproj", "{59D6F9BE-5344-496A-9E03-A2A0020DAAC4}"
EndProject
Project("{FAE04EC0-301F-11D3-BF4B-00C04F79EFBC}") = "AWSToolkit.EC2.Interface", "..\toolkitcore\plugins\AWSToolkit.EC2.Interface\AWSToolkit.EC2.Interface.csproj", "{B8C28B72-63C0-406B-B5C6-405667DB1D6D}"
EndProject
Project("{FAE04EC0-301F-11D3-BF4B-00C04F79EFBC}") = "AWSToolkit.ElasticBeanstalk.Interface", "..\toolkitcore\plugins\AWSToolkit.ElasticBeanstalk.Interface\AWSToolkit.ElasticBeanstalk.Interface.csproj", "{D4D5C421-6265-4674-A1F9-DC11A56FC030}"
EndProject
Project("{FAE04EC0-301F-11D3-BF4B-00C04F79EFBC}") = "AWSToolkit.IdentityManagement.Interface", "..\toolkitcore\plugins\AWSToolkit.IdentityManagement.Interface\AWSToolkit.IdentityManagement.Interface.csproj", "{49C00D37-5980-495F-80C6-43C5192C4A87}"
EndProject
Project("{FAE04EC0-301F-11D3-BF4B-00C04F79EFBC}") = "AWSToolkit.Lambda.Interface", "..\toolkitcore\plugins\AWSToolkit.Lambda.Interface\AWSToolkit.Lambda.Interface.csproj", "{7E4C1857-240E-4BD2-B4CE-D37BF0E41DF6}"
EndProject
Project("{FAE04EC0-301F-11D3-BF4B-00C04F79EFBC}") = "AWSToolkit.RDS.Interface", "..\toolkitcore\plugins\AWSToolkit.RDS.Interface\AWSToolkit.RDS.Interface.csproj", "{35745A87-699D-481A-8142-C2BD9F238983}"
EndProject
Project("{FAE04EC0-301F-11D3-BF4B-00C04F79EFBC}") = "AWSToolkit.S3.Interface", "..\toolkitcore\plugins\AWSToolkit.S3.Interface\AWSToolkit.S3.Interface.csproj", "{C2D616BD-C2AB-4130-93E5-2ADA2172A08A}"
EndProject
Project("{FAE04EC0-301F-11D3-BF4B-00C04F79EFBC}") = "AWSToolkit.SimpleDB.Interface", "..\toolkitcore\plugins\AWSToolkit.SimpleDB.Interface\AWSToolkit.SimpleDB.Interface.csproj", "{CA419760-C27E-418D-AE0F-869F40AB26E2}"
EndProject
Project("{FAE04EC0-301F-11D3-BF4B-00C04F79EFBC}") = "AWSToolkit.SNS.Interface", "..\toolkitcore\plugins\AWSToolkit.SNS.Interface\AWSToolkit.SNS.Interface.csproj", "{4D9293CF-0D56-4BB9-B50D-BC829E53C16F}"
EndProject
Project("{FAE04EC0-301F-11D3-BF4B-00C04F79EFBC}") = "AWSToolkit.SQS.Interface", "..\toolkitcore\plugins\AWSToolkit.SQS.Interface\AWSToolkit.SQS.Interface.csproj", "{8FB3CC1B-D3F6-49A0-A700-3A212C4772DC}"
EndProject
Project("{FAE04EC0-301F-11D3-BF4B-00C04F79EFBC}") = "AWSToolkit.CloudFront", "..\toolkitcore\plugins\AWSToolkit.CloudFront\AWSToolkit.CloudFront.csproj", "{7EEF2DDF-BEC6-4A1E-81E4-174D3BDF5CC3}"
EndProject
Project("{FAE04EC0-301F-11D3-BF4B-00C04F79EFBC}") = "AWSToolkit.DynamoDB", "..\toolkitcore\plugins\AWSToolkit.DynamoDB\AWSToolkit.DynamoDB.csproj", "{6748E175-B799-427E-A7FD-625EEF5AFB91}"
EndProject
Project("{FAE04EC0-301F-11D3-BF4B-00C04F79EFBC}") = "AWSToolkit.EC2", "..\toolkitcore\plugins\AWSToolkit.EC2\AWSToolkit.EC2.csproj", "{BD907681-AFE8-4008-97CD-11B138FDDCA7}"
EndProject
Project("{FAE04EC0-301F-11D3-BF4B-00C04F79EFBC}") = "AWSToolkit.ElasticBeanstalk", "..\toolkitcore\plugins\AWSToolkit.ElasticBeanstalk\AWSToolkit.ElasticBeanstalk.csproj", "{AA98EC2E-AC7C-4080-993B-F80592D31037}"
EndProject
Project("{FAE04EC0-301F-11D3-BF4B-00C04F79EFBC}") = "AWSToolkit.IdentityManagement", "..\toolkitcore\plugins\AWSToolkit.IdentityManagement\AWSToolkit.IdentityManagement.csproj", "{CFBD26F3-E44E-41EB-89B1-2E84391A0686}"
EndProject
Project("{FAE04EC0-301F-11D3-BF4B-00C04F79EFBC}") = "AWSToolkit.Lambda", "..\toolkitcore\plugins\AWSToolkit.Lambda\AWSToolkit.Lambda.csproj", "{7102B4CF-9B9D-4827-ADCA-D23971CD84C3}"
EndProject
Project("{FAE04EC0-301F-11D3-BF4B-00C04F79EFBC}") = "AWSToolkit.PolicyEditor", "..\toolkitcore\plugins\AWSToolkit.PolicyEditor\AWSToolkit.PolicyEditor.csproj", "{12910BAF-29C4-48CA-B50D-4CCABDFB879A}"
EndProject
Project("{FAE04EC0-301F-11D3-BF4B-00C04F79EFBC}") = "AWSToolkit.RDS", "..\toolkitcore\plugins\AWSToolkit.RDS\AWSToolkit.RDS.csproj", "{6DF6E969-44FD-462D-92B3-B97531C01216}"
EndProject
Project("{FAE04EC0-301F-11D3-BF4B-00C04F79EFBC}") = "AWSToolkit.S3", "..\toolkitcore\plugins\AWSToolkit.S3\AWSToolkit.S3.csproj", "{A01EDD42-F7F5-4E20-8DEB-9F66F2980662}"
EndProject
Project("{FAE04EC0-301F-11D3-BF4B-00C04F79EFBC}") = "AWSToolkit.SimpleDB", "..\toolkitcore\plugins\AWSToolkit.SimpleDB\AWSToolkit.SimpleDB.csproj", "{9DD9F407-F2C6-495A-9204-C9825C67E9B9}"
EndProject
Project("{FAE04EC0-301F-11D3-BF4B-00C04F79EFBC}") = "AWSToolkit.SNS", "..\toolkitcore\plugins\AWSToolkit.SNS\AWSToolkit.SNS.csproj", "{FE4C0E46-0427-46E1-8CC9-4B26FB15F728}"
EndProject
Project("{FAE04EC0-301F-11D3-BF4B-00C04F79EFBC}") = "AWSToolkit.SQS", "..\toolkitcore\plugins\AWSToolkit.SQS\AWSToolkit.SQS.csproj", "{91DF5775-5635-4DF3-A26F-5CFE1136763E}"
EndProject
Project("{2150E333-8FDC-42A3-9474-1A3956D46DE8}") = "PluginInterfaces", "PluginInterfaces", "{62237430-5212-4823-924E-344007109D14}"
EndProject
Project("{2150E333-8FDC-42A3-9474-1A3956D46DE8}") = "Plugins", "Plugins", "{C261BDE7-0557-4579-A31E-EB2D5C5503B4}"
EndProject
Project("{2150E333-8FDC-42A3-9474-1A3956D46DE8}") = "ToolkitCore", "ToolkitCore", "{DBFC3933-83C8-4F77-8937-EDA0AA0FE7BE}"
EndProject
Project("{2150E333-8FDC-42A3-9474-1A3956D46DE8}") = "Packages", "Packages", "{7C126B63-12FD-4829-A22A-EB2A93815ACD}"
EndProject
Project("{2150E333-8FDC-42A3-9474-1A3956D46DE8}") = "Shared", "Shared", "{BDF238D0-23E9-4131-861C-47C94F5D6018}"
EndProject
Project("{FAE04EC0-301F-11D3-BF4B-00C04F79EFBC}") = "AWSToolkit.VisualStudio.Shared", "..\vspackages\shared\AWSToolkit.VisualStudio.Shared\AWSToolkit.VisualStudio.Shared.csproj", "{81552EFA-46B0-4EBE-BC29-5BA6A7628207}"
EndProject
Project("{FAE04EC0-301F-11D3-BF4B-00C04F79EFBC}") = "AWSToolkit.CodeCommit.Interface", "..\toolkitcore\plugins\AWSToolkit.CodeCommit.Interface\AWSToolkit.CodeCommit.Interface.csproj", "{B8CFCE12-D441-46A5-A415-C763E1E2BEB0}"
EndProject
Project("{FAE04EC0-301F-11D3-BF4B-00C04F79EFBC}") = "AWSToolkit.CodeCommit", "..\toolkitcore\plugins\AWSToolkit.CodeCommit\AWSToolkit.CodeCommit.csproj", "{9AA7DD53-7BC4-4971-BC0C-0540A391DC22}"
EndProject
Project("{FAE04EC0-301F-11D3-BF4B-00C04F79EFBC}") = "AWSToolkit.ECS", "..\toolkitcore\plugins\AWSToolkit.ECS\AWSToolkit.ECS.csproj", "{A09C427C-DBF7-49C8-9590-E99AD60DECE2}"
EndProject
Project("{FAE04EC0-301F-11D3-BF4B-00C04F79EFBC}") = "AWSToolkit.ECS.Interface", "..\toolkitcore\plugins\AWSToolkit.ECS.Interface\AWSToolkit.ECS.Interface.csproj", "{E3D3DFFD-6668-44BE-9D8E-823F53B58F29}"
EndProject
Project("{FAE04EC0-301F-11D3-BF4B-00C04F79EFBC}") = "AmazonCLIExtensions", "..\toolkitcore\AmazonCLIExtensions\AmazonCLIExtensions.csproj", "{B4771F7A-A835-4B86-8B52-0E2FD560A48C}"
EndProject
Project("{FAE04EC0-301F-11D3-BF4B-00C04F79EFBC}") = "AWSDeploymentCryptoUtility", "..\awsdeploy\host\AWSDeploymentCryptoUtility\AWSDeploymentCryptoUtility.csproj", "{4A43FDED-F828-4872-89DA-0FE738BCB93A}"
EndProject
Project("{FAE04EC0-301F-11D3-BF4B-00C04F79EFBC}") = "AWSDeploymentHostManagerClientLib", "..\awsdeploy\host\AWSDeploymentHostManagerClient\AWSDeploymentHostManagerClientLib.csproj", "{4CEA2748-E89E-4DB9-A75B-E47F59113920}"
EndProject
Project("{FAE04EC0-301F-11D3-BF4B-00C04F79EFBC}") = "AWSDeploymentHostManagerClient", "..\awsdeploy\host\AWSDeploymentHostManagerClient\AWSDeploymentHostManagerClient.csproj", "{E5103B26-6ED2-42EB-A6BB-3BC920751D20}"
EndProject
Project("{FAE04EC0-301F-11D3-BF4B-00C04F79EFBC}") = "AWSToolkit.Studio", "..\toolkitcore\AWSToolkit.Studio\AWSToolkit.Studio.csproj", "{EC3E1437-DD67-4CBE-B7A7-4A8485690E79}"
EndProject
Global
	GlobalSection(SolutionConfigurationPlatforms) = preSolution
		Debug|Any CPU = Debug|Any CPU
		Release|Any CPU = Release|Any CPU
	EndGlobalSection
	GlobalSection(ProjectConfigurationPlatforms) = postSolution
		{687C1AA1-E4D2-4B17-8A5B-A9D57E311E5F}.Debug|Any CPU.ActiveCfg = Debug|Any CPU
		{687C1AA1-E4D2-4B17-8A5B-A9D57E311E5F}.Debug|Any CPU.Build.0 = Debug|Any CPU
		{687C1AA1-E4D2-4B17-8A5B-A9D57E311E5F}.Release|Any CPU.ActiveCfg = Release|Any CPU
		{687C1AA1-E4D2-4B17-8A5B-A9D57E311E5F}.Release|Any CPU.Build.0 = Release|Any CPU
		{7E899D6E-07D6-4695-B5D5-F9E62E31D5F6}.Debug|Any CPU.ActiveCfg = Debug|Any CPU
		{7E899D6E-07D6-4695-B5D5-F9E62E31D5F6}.Debug|Any CPU.Build.0 = Debug|Any CPU
		{7E899D6E-07D6-4695-B5D5-F9E62E31D5F6}.Release|Any CPU.ActiveCfg = Release|Any CPU
		{7E899D6E-07D6-4695-B5D5-F9E62E31D5F6}.Release|Any CPU.Build.0 = Release|Any CPU
		{20C1F223-EEF5-4EAB-9E2D-8DF31BB3FF45}.Debug|Any CPU.ActiveCfg = Debug|Any CPU
		{20C1F223-EEF5-4EAB-9E2D-8DF31BB3FF45}.Debug|Any CPU.Build.0 = Debug|Any CPU
		{20C1F223-EEF5-4EAB-9E2D-8DF31BB3FF45}.Release|Any CPU.ActiveCfg = Release|Any CPU
		{20C1F223-EEF5-4EAB-9E2D-8DF31BB3FF45}.Release|Any CPU.Build.0 = Release|Any CPU
		{DFFE75F2-61CC-4CEA-87A5-1C573436DE9E}.Debug|Any CPU.ActiveCfg = Debug|Any CPU
		{DFFE75F2-61CC-4CEA-87A5-1C573436DE9E}.Debug|Any CPU.Build.0 = Debug|Any CPU
		{DFFE75F2-61CC-4CEA-87A5-1C573436DE9E}.Release|Any CPU.ActiveCfg = Release|Any CPU
		{DFFE75F2-61CC-4CEA-87A5-1C573436DE9E}.Release|Any CPU.Build.0 = Release|Any CPU
		{926552F5-A4D1-4EE2-8368-285A81F11721}.Debug|Any CPU.ActiveCfg = Debug|Any CPU
		{926552F5-A4D1-4EE2-8368-285A81F11721}.Debug|Any CPU.Build.0 = Debug|Any CPU
		{926552F5-A4D1-4EE2-8368-285A81F11721}.Release|Any CPU.ActiveCfg = Release|Any CPU
		{926552F5-A4D1-4EE2-8368-285A81F11721}.Release|Any CPU.Build.0 = Release|Any CPU
		{6AE302DB-2304-47C8-8E3C-96C85AC1D469}.Debug|Any CPU.ActiveCfg = Debug|Any CPU
		{6AE302DB-2304-47C8-8E3C-96C85AC1D469}.Debug|Any CPU.Build.0 = Debug|Any CPU
		{6AE302DB-2304-47C8-8E3C-96C85AC1D469}.Release|Any CPU.ActiveCfg = Release|Any CPU
		{6AE302DB-2304-47C8-8E3C-96C85AC1D469}.Release|Any CPU.Build.0 = Release|Any CPU
		{5A78BF40-7D5B-467E-8CE4-9659F22669D0}.Debug|Any CPU.ActiveCfg = Debug|Any CPU
		{5A78BF40-7D5B-467E-8CE4-9659F22669D0}.Debug|Any CPU.Build.0 = Debug|Any CPU
		{5A78BF40-7D5B-467E-8CE4-9659F22669D0}.Release|Any CPU.ActiveCfg = Release|Any CPU
		{5A78BF40-7D5B-467E-8CE4-9659F22669D0}.Release|Any CPU.Build.0 = Release|Any CPU
		{C4042C0E-20B3-40C3-9CD1-D4FB2CA84FD9}.Debug|Any CPU.ActiveCfg = Debug|Any CPU
		{C4042C0E-20B3-40C3-9CD1-D4FB2CA84FD9}.Debug|Any CPU.Build.0 = Debug|Any CPU
		{C4042C0E-20B3-40C3-9CD1-D4FB2CA84FD9}.Release|Any CPU.ActiveCfg = Release|Any CPU
		{C4042C0E-20B3-40C3-9CD1-D4FB2CA84FD9}.Release|Any CPU.Build.0 = Release|Any CPU
		{59D6F9BE-5344-496A-9E03-A2A0020DAAC4}.Debug|Any CPU.ActiveCfg = Debug|Any CPU
		{59D6F9BE-5344-496A-9E03-A2A0020DAAC4}.Debug|Any CPU.Build.0 = Debug|Any CPU
		{59D6F9BE-5344-496A-9E03-A2A0020DAAC4}.Release|Any CPU.ActiveCfg = Release|Any CPU
		{59D6F9BE-5344-496A-9E03-A2A0020DAAC4}.Release|Any CPU.Build.0 = Release|Any CPU
		{B8C28B72-63C0-406B-B5C6-405667DB1D6D}.Debug|Any CPU.ActiveCfg = Debug|Any CPU
		{B8C28B72-63C0-406B-B5C6-405667DB1D6D}.Debug|Any CPU.Build.0 = Debug|Any CPU
		{B8C28B72-63C0-406B-B5C6-405667DB1D6D}.Release|Any CPU.ActiveCfg = Release|Any CPU
		{B8C28B72-63C0-406B-B5C6-405667DB1D6D}.Release|Any CPU.Build.0 = Release|Any CPU
		{D4D5C421-6265-4674-A1F9-DC11A56FC030}.Debug|Any CPU.ActiveCfg = Debug|Any CPU
		{D4D5C421-6265-4674-A1F9-DC11A56FC030}.Debug|Any CPU.Build.0 = Debug|Any CPU
		{D4D5C421-6265-4674-A1F9-DC11A56FC030}.Release|Any CPU.ActiveCfg = Release|Any CPU
		{D4D5C421-6265-4674-A1F9-DC11A56FC030}.Release|Any CPU.Build.0 = Release|Any CPU
		{49C00D37-5980-495F-80C6-43C5192C4A87}.Debug|Any CPU.ActiveCfg = Debug|Any CPU
		{49C00D37-5980-495F-80C6-43C5192C4A87}.Debug|Any CPU.Build.0 = Debug|Any CPU
		{49C00D37-5980-495F-80C6-43C5192C4A87}.Release|Any CPU.ActiveCfg = Release|Any CPU
		{49C00D37-5980-495F-80C6-43C5192C4A87}.Release|Any CPU.Build.0 = Release|Any CPU
		{7E4C1857-240E-4BD2-B4CE-D37BF0E41DF6}.Debug|Any CPU.ActiveCfg = Debug|Any CPU
		{7E4C1857-240E-4BD2-B4CE-D37BF0E41DF6}.Debug|Any CPU.Build.0 = Debug|Any CPU
		{7E4C1857-240E-4BD2-B4CE-D37BF0E41DF6}.Release|Any CPU.ActiveCfg = Release|Any CPU
		{7E4C1857-240E-4BD2-B4CE-D37BF0E41DF6}.Release|Any CPU.Build.0 = Release|Any CPU
		{35745A87-699D-481A-8142-C2BD9F238983}.Debug|Any CPU.ActiveCfg = Debug|Any CPU
		{35745A87-699D-481A-8142-C2BD9F238983}.Debug|Any CPU.Build.0 = Debug|Any CPU
		{35745A87-699D-481A-8142-C2BD9F238983}.Release|Any CPU.ActiveCfg = Release|Any CPU
		{35745A87-699D-481A-8142-C2BD9F238983}.Release|Any CPU.Build.0 = Release|Any CPU
		{C2D616BD-C2AB-4130-93E5-2ADA2172A08A}.Debug|Any CPU.ActiveCfg = Debug|Any CPU
		{C2D616BD-C2AB-4130-93E5-2ADA2172A08A}.Debug|Any CPU.Build.0 = Debug|Any CPU
		{C2D616BD-C2AB-4130-93E5-2ADA2172A08A}.Release|Any CPU.ActiveCfg = Release|Any CPU
		{C2D616BD-C2AB-4130-93E5-2ADA2172A08A}.Release|Any CPU.Build.0 = Release|Any CPU
		{CA419760-C27E-418D-AE0F-869F40AB26E2}.Debug|Any CPU.ActiveCfg = Debug|Any CPU
		{CA419760-C27E-418D-AE0F-869F40AB26E2}.Debug|Any CPU.Build.0 = Debug|Any CPU
		{CA419760-C27E-418D-AE0F-869F40AB26E2}.Release|Any CPU.ActiveCfg = Release|Any CPU
		{CA419760-C27E-418D-AE0F-869F40AB26E2}.Release|Any CPU.Build.0 = Release|Any CPU
		{4D9293CF-0D56-4BB9-B50D-BC829E53C16F}.Debug|Any CPU.ActiveCfg = Debug|Any CPU
		{4D9293CF-0D56-4BB9-B50D-BC829E53C16F}.Debug|Any CPU.Build.0 = Debug|Any CPU
		{4D9293CF-0D56-4BB9-B50D-BC829E53C16F}.Release|Any CPU.ActiveCfg = Release|Any CPU
		{4D9293CF-0D56-4BB9-B50D-BC829E53C16F}.Release|Any CPU.Build.0 = Release|Any CPU
		{8FB3CC1B-D3F6-49A0-A700-3A212C4772DC}.Debug|Any CPU.ActiveCfg = Debug|Any CPU
		{8FB3CC1B-D3F6-49A0-A700-3A212C4772DC}.Debug|Any CPU.Build.0 = Debug|Any CPU
		{8FB3CC1B-D3F6-49A0-A700-3A212C4772DC}.Release|Any CPU.ActiveCfg = Release|Any CPU
		{8FB3CC1B-D3F6-49A0-A700-3A212C4772DC}.Release|Any CPU.Build.0 = Release|Any CPU
		{7EEF2DDF-BEC6-4A1E-81E4-174D3BDF5CC3}.Debug|Any CPU.ActiveCfg = Debug|Any CPU
		{7EEF2DDF-BEC6-4A1E-81E4-174D3BDF5CC3}.Debug|Any CPU.Build.0 = Debug|Any CPU
		{7EEF2DDF-BEC6-4A1E-81E4-174D3BDF5CC3}.Release|Any CPU.ActiveCfg = Release|Any CPU
		{7EEF2DDF-BEC6-4A1E-81E4-174D3BDF5CC3}.Release|Any CPU.Build.0 = Release|Any CPU
		{6748E175-B799-427E-A7FD-625EEF5AFB91}.Debug|Any CPU.ActiveCfg = Debug|Any CPU
		{6748E175-B799-427E-A7FD-625EEF5AFB91}.Debug|Any CPU.Build.0 = Debug|Any CPU
		{6748E175-B799-427E-A7FD-625EEF5AFB91}.Release|Any CPU.ActiveCfg = Release|Any CPU
		{6748E175-B799-427E-A7FD-625EEF5AFB91}.Release|Any CPU.Build.0 = Release|Any CPU
		{BD907681-AFE8-4008-97CD-11B138FDDCA7}.Debug|Any CPU.ActiveCfg = Debug|Any CPU
		{BD907681-AFE8-4008-97CD-11B138FDDCA7}.Debug|Any CPU.Build.0 = Debug|Any CPU
		{BD907681-AFE8-4008-97CD-11B138FDDCA7}.Release|Any CPU.ActiveCfg = Release|Any CPU
		{BD907681-AFE8-4008-97CD-11B138FDDCA7}.Release|Any CPU.Build.0 = Release|Any CPU
		{AA98EC2E-AC7C-4080-993B-F80592D31037}.Debug|Any CPU.ActiveCfg = Debug|Any CPU
		{AA98EC2E-AC7C-4080-993B-F80592D31037}.Debug|Any CPU.Build.0 = Debug|Any CPU
		{AA98EC2E-AC7C-4080-993B-F80592D31037}.Release|Any CPU.ActiveCfg = Release|Any CPU
		{AA98EC2E-AC7C-4080-993B-F80592D31037}.Release|Any CPU.Build.0 = Release|Any CPU
		{CFBD26F3-E44E-41EB-89B1-2E84391A0686}.Debug|Any CPU.ActiveCfg = Debug|Any CPU
		{CFBD26F3-E44E-41EB-89B1-2E84391A0686}.Debug|Any CPU.Build.0 = Debug|Any CPU
		{CFBD26F3-E44E-41EB-89B1-2E84391A0686}.Release|Any CPU.ActiveCfg = Release|Any CPU
		{CFBD26F3-E44E-41EB-89B1-2E84391A0686}.Release|Any CPU.Build.0 = Release|Any CPU
		{7102B4CF-9B9D-4827-ADCA-D23971CD84C3}.Debug|Any CPU.ActiveCfg = Debug|Any CPU
		{7102B4CF-9B9D-4827-ADCA-D23971CD84C3}.Debug|Any CPU.Build.0 = Debug|Any CPU
		{7102B4CF-9B9D-4827-ADCA-D23971CD84C3}.Release|Any CPU.ActiveCfg = Release|Any CPU
		{7102B4CF-9B9D-4827-ADCA-D23971CD84C3}.Release|Any CPU.Build.0 = Release|Any CPU
		{12910BAF-29C4-48CA-B50D-4CCABDFB879A}.Debug|Any CPU.ActiveCfg = Debug|Any CPU
		{12910BAF-29C4-48CA-B50D-4CCABDFB879A}.Debug|Any CPU.Build.0 = Debug|Any CPU
		{12910BAF-29C4-48CA-B50D-4CCABDFB879A}.Release|Any CPU.ActiveCfg = Release|Any CPU
		{12910BAF-29C4-48CA-B50D-4CCABDFB879A}.Release|Any CPU.Build.0 = Release|Any CPU
		{6DF6E969-44FD-462D-92B3-B97531C01216}.Debug|Any CPU.ActiveCfg = Debug|Any CPU
		{6DF6E969-44FD-462D-92B3-B97531C01216}.Debug|Any CPU.Build.0 = Debug|Any CPU
		{6DF6E969-44FD-462D-92B3-B97531C01216}.Release|Any CPU.ActiveCfg = Release|Any CPU
		{6DF6E969-44FD-462D-92B3-B97531C01216}.Release|Any CPU.Build.0 = Release|Any CPU
		{A01EDD42-F7F5-4E20-8DEB-9F66F2980662}.Debug|Any CPU.ActiveCfg = Debug|Any CPU
		{A01EDD42-F7F5-4E20-8DEB-9F66F2980662}.Debug|Any CPU.Build.0 = Debug|Any CPU
		{A01EDD42-F7F5-4E20-8DEB-9F66F2980662}.Release|Any CPU.ActiveCfg = Release|Any CPU
		{A01EDD42-F7F5-4E20-8DEB-9F66F2980662}.Release|Any CPU.Build.0 = Release|Any CPU
		{9DD9F407-F2C6-495A-9204-C9825C67E9B9}.Debug|Any CPU.ActiveCfg = Debug|Any CPU
		{9DD9F407-F2C6-495A-9204-C9825C67E9B9}.Debug|Any CPU.Build.0 = Debug|Any CPU
		{9DD9F407-F2C6-495A-9204-C9825C67E9B9}.Release|Any CPU.ActiveCfg = Release|Any CPU
		{9DD9F407-F2C6-495A-9204-C9825C67E9B9}.Release|Any CPU.Build.0 = Release|Any CPU
		{FE4C0E46-0427-46E1-8CC9-4B26FB15F728}.Debug|Any CPU.ActiveCfg = Debug|Any CPU
		{FE4C0E46-0427-46E1-8CC9-4B26FB15F728}.Debug|Any CPU.Build.0 = Debug|Any CPU
		{FE4C0E46-0427-46E1-8CC9-4B26FB15F728}.Release|Any CPU.ActiveCfg = Release|Any CPU
		{FE4C0E46-0427-46E1-8CC9-4B26FB15F728}.Release|Any CPU.Build.0 = Release|Any CPU
		{91DF5775-5635-4DF3-A26F-5CFE1136763E}.Debug|Any CPU.ActiveCfg = Debug|Any CPU
		{91DF5775-5635-4DF3-A26F-5CFE1136763E}.Debug|Any CPU.Build.0 = Debug|Any CPU
		{91DF5775-5635-4DF3-A26F-5CFE1136763E}.Release|Any CPU.ActiveCfg = Release|Any CPU
		{91DF5775-5635-4DF3-A26F-5CFE1136763E}.Release|Any CPU.Build.0 = Release|Any CPU
		{81552EFA-46B0-4EBE-BC29-5BA6A7628207}.Debug|Any CPU.ActiveCfg = Debug|Any CPU
		{81552EFA-46B0-4EBE-BC29-5BA6A7628207}.Debug|Any CPU.Build.0 = Debug|Any CPU
		{81552EFA-46B0-4EBE-BC29-5BA6A7628207}.Release|Any CPU.ActiveCfg = Release|Any CPU
		{81552EFA-46B0-4EBE-BC29-5BA6A7628207}.Release|Any CPU.Build.0 = Release|Any CPU
		{B8CFCE12-D441-46A5-A415-C763E1E2BEB0}.Debug|Any CPU.ActiveCfg = Debug|Any CPU
		{B8CFCE12-D441-46A5-A415-C763E1E2BEB0}.Debug|Any CPU.Build.0 = Debug|Any CPU
		{B8CFCE12-D441-46A5-A415-C763E1E2BEB0}.Release|Any CPU.ActiveCfg = Release|Any CPU
		{B8CFCE12-D441-46A5-A415-C763E1E2BEB0}.Release|Any CPU.Build.0 = Release|Any CPU
		{9AA7DD53-7BC4-4971-BC0C-0540A391DC22}.Debug|Any CPU.ActiveCfg = Debug|Any CPU
		{9AA7DD53-7BC4-4971-BC0C-0540A391DC22}.Debug|Any CPU.Build.0 = Debug|Any CPU
		{9AA7DD53-7BC4-4971-BC0C-0540A391DC22}.Release|Any CPU.ActiveCfg = Release|Any CPU
		{9AA7DD53-7BC4-4971-BC0C-0540A391DC22}.Release|Any CPU.Build.0 = Release|Any CPU
		{A09C427C-DBF7-49C8-9590-E99AD60DECE2}.Debug|Any CPU.ActiveCfg = Debug|Any CPU
		{A09C427C-DBF7-49C8-9590-E99AD60DECE2}.Debug|Any CPU.Build.0 = Debug|Any CPU
		{A09C427C-DBF7-49C8-9590-E99AD60DECE2}.Release|Any CPU.ActiveCfg = Release|Any CPU
		{A09C427C-DBF7-49C8-9590-E99AD60DECE2}.Release|Any CPU.Build.0 = Release|Any CPU
		{E3D3DFFD-6668-44BE-9D8E-823F53B58F29}.Debug|Any CPU.ActiveCfg = Debug|Any CPU
		{E3D3DFFD-6668-44BE-9D8E-823F53B58F29}.Debug|Any CPU.Build.0 = Debug|Any CPU
		{E3D3DFFD-6668-44BE-9D8E-823F53B58F29}.Release|Any CPU.ActiveCfg = Release|Any CPU
		{E3D3DFFD-6668-44BE-9D8E-823F53B58F29}.Release|Any CPU.Build.0 = Release|Any CPU
		{B4771F7A-A835-4B86-8B52-0E2FD560A48C}.Debug|Any CPU.ActiveCfg = Debug|Any CPU
		{B4771F7A-A835-4B86-8B52-0E2FD560A48C}.Debug|Any CPU.Build.0 = Debug|Any CPU
		{B4771F7A-A835-4B86-8B52-0E2FD560A48C}.Release|Any CPU.ActiveCfg = Release|Any CPU
		{B4771F7A-A835-4B86-8B52-0E2FD560A48C}.Release|Any CPU.Build.0 = Release|Any CPU
		{4A43FDED-F828-4872-89DA-0FE738BCB93A}.Debug|Any CPU.ActiveCfg = Debug|Any CPU
		{4A43FDED-F828-4872-89DA-0FE738BCB93A}.Debug|Any CPU.Build.0 = Debug|Any CPU
		{4A43FDED-F828-4872-89DA-0FE738BCB93A}.Release|Any CPU.ActiveCfg = Release|Any CPU
		{4A43FDED-F828-4872-89DA-0FE738BCB93A}.Release|Any CPU.Build.0 = Release|Any CPU
		{4CEA2748-E89E-4DB9-A75B-E47F59113920}.Debug|Any CPU.ActiveCfg = Debug|Any CPU
		{4CEA2748-E89E-4DB9-A75B-E47F59113920}.Debug|Any CPU.Build.0 = Debug|Any CPU
		{4CEA2748-E89E-4DB9-A75B-E47F59113920}.Release|Any CPU.ActiveCfg = Release|Any CPU
		{4CEA2748-E89E-4DB9-A75B-E47F59113920}.Release|Any CPU.Build.0 = Release|Any CPU
		{E5103B26-6ED2-42EB-A6BB-3BC920751D20}.Debug|Any CPU.ActiveCfg = Debug|Any CPU
		{E5103B26-6ED2-42EB-A6BB-3BC920751D20}.Debug|Any CPU.Build.0 = Debug|Any CPU
		{E5103B26-6ED2-42EB-A6BB-3BC920751D20}.Release|Any CPU.ActiveCfg = Release|Any CPU
		{E5103B26-6ED2-42EB-A6BB-3BC920751D20}.Release|Any CPU.Build.0 = Release|Any CPU
		{EC3E1437-DD67-4CBE-B7A7-4A8485690E79}.Debug|Any CPU.ActiveCfg = Debug|Any CPU
		{EC3E1437-DD67-4CBE-B7A7-4A8485690E79}.Debug|Any CPU.Build.0 = Debug|Any CPU
		{EC3E1437-DD67-4CBE-B7A7-4A8485690E79}.Release|Any CPU.ActiveCfg = Release|Any CPU
		{EC3E1437-DD67-4CBE-B7A7-4A8485690E79}.Release|Any CPU.Build.0 = Release|Any CPU
	EndGlobalSection
	GlobalSection(SolutionProperties) = preSolution
		HideSolutionNode = FALSE
	EndGlobalSection
	GlobalSection(NestedProjects) = preSolution
		{687C1AA1-E4D2-4B17-8A5B-A9D57E311E5F} = {DBFC3933-83C8-4F77-8937-EDA0AA0FE7BE}
		{7E899D6E-07D6-4695-B5D5-F9E62E31D5F6} = {DBFC3933-83C8-4F77-8937-EDA0AA0FE7BE}
		{20C1F223-EEF5-4EAB-9E2D-8DF31BB3FF45} = {DBFC3933-83C8-4F77-8937-EDA0AA0FE7BE}
		{DFFE75F2-61CC-4CEA-87A5-1C573436DE9E} = {C74FEDAE-A2DD-4033-9CDD-9005681D6059}
		{926552F5-A4D1-4EE2-8368-285A81F11721} = {C74FEDAE-A2DD-4033-9CDD-9005681D6059}
		{6AE302DB-2304-47C8-8E3C-96C85AC1D469} = {C261BDE7-0557-4579-A31E-EB2D5C5503B4}
		{5A78BF40-7D5B-467E-8CE4-9659F22669D0} = {62237430-5212-4823-924E-344007109D14}
		{C4042C0E-20B3-40C3-9CD1-D4FB2CA84FD9} = {62237430-5212-4823-924E-344007109D14}
		{59D6F9BE-5344-496A-9E03-A2A0020DAAC4} = {62237430-5212-4823-924E-344007109D14}
		{B8C28B72-63C0-406B-B5C6-405667DB1D6D} = {62237430-5212-4823-924E-344007109D14}
		{D4D5C421-6265-4674-A1F9-DC11A56FC030} = {62237430-5212-4823-924E-344007109D14}
		{49C00D37-5980-495F-80C6-43C5192C4A87} = {62237430-5212-4823-924E-344007109D14}
		{7E4C1857-240E-4BD2-B4CE-D37BF0E41DF6} = {62237430-5212-4823-924E-344007109D14}
		{35745A87-699D-481A-8142-C2BD9F238983} = {62237430-5212-4823-924E-344007109D14}
		{C2D616BD-C2AB-4130-93E5-2ADA2172A08A} = {62237430-5212-4823-924E-344007109D14}
		{CA419760-C27E-418D-AE0F-869F40AB26E2} = {62237430-5212-4823-924E-344007109D14}
		{4D9293CF-0D56-4BB9-B50D-BC829E53C16F} = {62237430-5212-4823-924E-344007109D14}
		{8FB3CC1B-D3F6-49A0-A700-3A212C4772DC} = {62237430-5212-4823-924E-344007109D14}
		{7EEF2DDF-BEC6-4A1E-81E4-174D3BDF5CC3} = {C261BDE7-0557-4579-A31E-EB2D5C5503B4}
		{6748E175-B799-427E-A7FD-625EEF5AFB91} = {C261BDE7-0557-4579-A31E-EB2D5C5503B4}
		{BD907681-AFE8-4008-97CD-11B138FDDCA7} = {C261BDE7-0557-4579-A31E-EB2D5C5503B4}
		{AA98EC2E-AC7C-4080-993B-F80592D31037} = {C261BDE7-0557-4579-A31E-EB2D5C5503B4}
		{CFBD26F3-E44E-41EB-89B1-2E84391A0686} = {C261BDE7-0557-4579-A31E-EB2D5C5503B4}
		{7102B4CF-9B9D-4827-ADCA-D23971CD84C3} = {C261BDE7-0557-4579-A31E-EB2D5C5503B4}
		{12910BAF-29C4-48CA-B50D-4CCABDFB879A} = {C261BDE7-0557-4579-A31E-EB2D5C5503B4}
		{6DF6E969-44FD-462D-92B3-B97531C01216} = {C261BDE7-0557-4579-A31E-EB2D5C5503B4}
		{A01EDD42-F7F5-4E20-8DEB-9F66F2980662} = {C261BDE7-0557-4579-A31E-EB2D5C5503B4}
		{9DD9F407-F2C6-495A-9204-C9825C67E9B9} = {C261BDE7-0557-4579-A31E-EB2D5C5503B4}
		{FE4C0E46-0427-46E1-8CC9-4B26FB15F728} = {C261BDE7-0557-4579-A31E-EB2D5C5503B4}
		{91DF5775-5635-4DF3-A26F-5CFE1136763E} = {C261BDE7-0557-4579-A31E-EB2D5C5503B4}
		{62237430-5212-4823-924E-344007109D14} = {DBFC3933-83C8-4F77-8937-EDA0AA0FE7BE}
		{C261BDE7-0557-4579-A31E-EB2D5C5503B4} = {DBFC3933-83C8-4F77-8937-EDA0AA0FE7BE}
		{BDF238D0-23E9-4131-861C-47C94F5D6018} = {7C126B63-12FD-4829-A22A-EB2A93815ACD}
		{81552EFA-46B0-4EBE-BC29-5BA6A7628207} = {BDF238D0-23E9-4131-861C-47C94F5D6018}
		{B8CFCE12-D441-46A5-A415-C763E1E2BEB0} = {62237430-5212-4823-924E-344007109D14}
		{9AA7DD53-7BC4-4971-BC0C-0540A391DC22} = {C261BDE7-0557-4579-A31E-EB2D5C5503B4}
		{A09C427C-DBF7-49C8-9590-E99AD60DECE2} = {C261BDE7-0557-4579-A31E-EB2D5C5503B4}
		{E3D3DFFD-6668-44BE-9D8E-823F53B58F29} = {62237430-5212-4823-924E-344007109D14}
		{B4771F7A-A835-4B86-8B52-0E2FD560A48C} = {DBFC3933-83C8-4F77-8937-EDA0AA0FE7BE}
		{4A43FDED-F828-4872-89DA-0FE738BCB93A} = {C74FEDAE-A2DD-4033-9CDD-9005681D6059}
		{4CEA2748-E89E-4DB9-A75B-E47F59113920} = {C74FEDAE-A2DD-4033-9CDD-9005681D6059}
		{E5103B26-6ED2-42EB-A6BB-3BC920751D20} = {C74FEDAE-A2DD-4033-9CDD-9005681D6059}
	EndGlobalSection
	GlobalSection(ExtensibilityGlobals) = postSolution
		SolutionGuid = {50B40085-A3FF-4E79-90F0-ECAA786ECF93}
	EndGlobalSection
EndGlobal
