
Microsoft Visual Studio Solution File, Format Version 12.00
# Visual Studio 2013
VisualStudioVersion = 12.0.40629.0
MinimumVisualStudioVersion = 10.0.40219.1
Project("{2150E333-8FDC-42A3-9474-1A3956D46DE8}") = "Solution Items", "Solution Items", "{88E086E2-D4E3-403E-87A0-13F8DAA610A9}"
	ProjectSection(SolutionItems) = preProject
		AWSToolkit.vsmdi = AWSToolkit.vsmdi
		IntegrationTests.testrunconfig = IntegrationTests.testrunconfig
		LocalTestRun.testrunconfig = LocalTestRun.testrunconfig
		UnitTests.testrunconfig = UnitTests.testrunconfig
	EndProjectSection
EndProject
Project("{2150E333-8FDC-42A3-9474-1A3956D46DE8}") = "Plugins", "Plugins", "{23C603E3-FE05-483F-A554-24260CA83EC3}"
EndProject
Project("{2150E333-8FDC-42A3-9474-1A3956D46DE8}") = "PluginInterfaces", "PluginInterfaces", "{0815D61F-5C1B-45C0-A80B-3976BB540DA8}"
EndProject
Project("{2150E333-8FDC-42A3-9474-1A3956D46DE8}") = "CloudFormationEditor", "CloudFormationEditor", "{D9AF7182-5F6D-4AA6-AADD-CCF0C6CC4290}"
EndProject
Project("{FAE04EC0-301F-11D3-BF4B-00C04F79EFBC}") = "AWSToolkit.Studio", "..\shells\AWSToolkit.Studio\AWSToolkit.Studio.csproj", "{EC3E1437-DD67-4CBE-B7A7-4A8485690E79}"
EndProject
Project("{FAE04EC0-301F-11D3-BF4B-00C04F79EFBC}") = "AWSSDK.Extensions", "..\core\AWSSDK.Extensions\AWSSDK.Extensions.csproj", "{20C1F223-EEF5-4EAB-9E2D-8DF31BB3FF45}"
EndProject
Project("{FAE04EC0-301F-11D3-BF4B-00C04F79EFBC}") = "AWSToolkit", "..\core\AWSToolkit\AWSToolkit.csproj", "{687C1AA1-E4D2-4B17-8A5B-A9D57E311E5F}"
EndProject
Project("{FAE04EC0-301F-11D3-BF4B-00C04F79EFBC}") = "AWSToolkit.SimpleDB", "..\plugins\AWSToolkit.SimpleDB\AWSToolkit.SimpleDB.csproj", "{9DD9F407-F2C6-495A-9204-C9825C67E9B9}"
EndProject
Project("{FAE04EC0-301F-11D3-BF4B-00C04F79EFBC}") = "AWSToolkit.SimpleDB.Interface", "..\plugins\AWSToolkit.SimpleDB.Interface\AWSToolkit.SimpleDB.Interface.csproj", "{CA419760-C27E-418D-AE0F-869F40AB26E2}"
EndProject
Project("{FAE04EC0-301F-11D3-BF4B-00C04F79EFBC}") = "AWSToolkit.IdentityManagement", "..\plugins\AWSToolkit.IdentityManagement\AWSToolkit.IdentityManagement.csproj", "{CFBD26F3-E44E-41EB-89B1-2E84391A0686}"
EndProject
Project("{FAE04EC0-301F-11D3-BF4B-00C04F79EFBC}") = "AWSToolkit.IdentityManagement.Interface", "..\plugins\AWSToolkit.IdentityManagement.Interface\AWSToolkit.IdentityManagement.Interface.csproj", "{49C00D37-5980-495F-80C6-43C5192C4A87}"
EndProject
Project("{FAE04EC0-301F-11D3-BF4B-00C04F79EFBC}") = "AWSToolkit.PolicyEditor", "..\plugins\AWSToolkit.PolicyEditor\AWSToolkit.PolicyEditor.csproj", "{12910BAF-29C4-48CA-B50D-4CCABDFB879A}"
EndProject
Project("{FAE04EC0-301F-11D3-BF4B-00C04F79EFBC}") = "AWSToolkit.SQS", "..\plugins\AWSToolkit.SQS\AWSToolkit.SQS.csproj", "{91DF5775-5635-4DF3-A26F-5CFE1136763E}"
EndProject
Project("{FAE04EC0-301F-11D3-BF4B-00C04F79EFBC}") = "AWSToolkit.SQS.Interface", "..\plugins\AWSToolkit.SQS.Interface\AWSToolkit.SQS.Interface.csproj", "{8FB3CC1B-D3F6-49A0-A700-3A212C4772DC}"
EndProject
Project("{FAE04EC0-301F-11D3-BF4B-00C04F79EFBC}") = "AWSToolkit.SNS", "..\plugins\AWSToolkit.SNS\AWSToolkit.SNS.csproj", "{FE4C0E46-0427-46E1-8CC9-4B26FB15F728}"
EndProject
Project("{FAE04EC0-301F-11D3-BF4B-00C04F79EFBC}") = "AWSToolkit.SNS.Interface", "..\plugins\AWSToolkit.SNS.Interface\AWSToolkit.SNS.Interface.csproj", "{4D9293CF-0D56-4BB9-B50D-BC829E53C16F}"
EndProject
Project("{FAE04EC0-301F-11D3-BF4B-00C04F79EFBC}") = "AWSToolkit.EC2", "..\plugins\AWSToolkit.EC2\AWSToolkit.EC2.csproj", "{BD907681-AFE8-4008-97CD-11B138FDDCA7}"
EndProject
Project("{FAE04EC0-301F-11D3-BF4B-00C04F79EFBC}") = "AWSToolkit.EC2.Interface", "..\plugins\AWSToolkit.EC2.Interface\AWSToolkit.EC2.Interface.csproj", "{B8C28B72-63C0-406B-B5C6-405667DB1D6D}"
EndProject
Project("{FAE04EC0-301F-11D3-BF4B-00C04F79EFBC}") = "AWSToolkit.S3", "..\plugins\AWSToolkit.S3\AWSToolkit.S3.csproj", "{A01EDD42-F7F5-4E20-8DEB-9F66F2980662}"
EndProject
Project("{FAE04EC0-301F-11D3-BF4B-00C04F79EFBC}") = "AWSToolkit.CloudFront", "..\plugins\AWSToolkit.CloudFront\AWSToolkit.CloudFront.csproj", "{7EEF2DDF-BEC6-4A1E-81E4-174D3BDF5CC3}"
EndProject
Project("{FAE04EC0-301F-11D3-BF4B-00C04F79EFBC}") = "AWSToolkit.CloudFront.Interface", "..\plugins\AWSToolkit.CloudFront.Interface\AWSToolkit.CloudFront.Interface.csproj", "{C4042C0E-20B3-40C3-9CD1-D4FB2CA84FD9}"
EndProject
Project("{FAE04EC0-301F-11D3-BF4B-00C04F79EFBC}") = "AWSToolkit.S3.Interface", "..\plugins\AWSToolkit.S3.Interface\AWSToolkit.S3.Interface.csproj", "{C2D616BD-C2AB-4130-93E5-2ADA2172A08A}"
EndProject
Project("{FAE04EC0-301F-11D3-BF4B-00C04F79EFBC}") = "AWSToolkit.ElasticBeanstalk", "..\plugins\AWSToolkit.ElasticBeanstalk\AWSToolkit.ElasticBeanstalk.csproj", "{AA98EC2E-AC7C-4080-993B-F80592D31037}"
EndProject
Project("{FAE04EC0-301F-11D3-BF4B-00C04F79EFBC}") = "AWSToolkit.ElasticBeanstalk.Interface", "..\plugins\AWSToolkit.ElasticBeanstalk.Interface\AWSToolkit.ElasticBeanstalk.Interface.csproj", "{D4D5C421-6265-4674-A1F9-DC11A56FC030}"
EndProject
Project("{FAE04EC0-301F-11D3-BF4B-00C04F79EFBC}") = "AWSToolkit.RDS", "..\plugins\AWSToolkit.RDS\AWSToolkit.RDS.csproj", "{6DF6E969-44FD-462D-92B3-B97531C01216}"
EndProject
Project("{FAE04EC0-301F-11D3-BF4B-00C04F79EFBC}") = "AWSToolkit.RDS.Interface", "..\plugins\AWSToolkit.RDS.Interface\AWSToolkit.RDS.Interface.csproj", "{35745A87-699D-481A-8142-C2BD9F238983}"
EndProject
Project("{FAE04EC0-301F-11D3-BF4B-00C04F79EFBC}") = "AWSToolkit.CloudFormation", "..\plugins\AWSToolkit.CloudFormation\AWSToolkit.CloudFormation.csproj", "{6AE302DB-2304-47C8-8E3C-96C85AC1D469}"
EndProject
Project("{FAE04EC0-301F-11D3-BF4B-00C04F79EFBC}") = "AWSToolkit.CloudFormation.Interface", "..\plugins\AWSToolkit.CloudFormation.Interface\AWSToolkit.CloudFormation.Interface.csproj", "{5A78BF40-7D5B-467E-8CE4-9659F22669D0}"
EndProject
Project("{FAE04EC0-301F-11D3-BF4B-00C04F79EFBC}") = "AWSDeploymentLib", "..\awsdeploy\client\AWSDeploymentLib\AWSDeploymentLib.csproj", "{DFFE75F2-61CC-4CEA-87A5-1C573436DE9E}"
EndProject
Project("{FAE04EC0-301F-11D3-BF4B-00C04F79EFBC}") = "AWSDeploymentTool", "..\awsdeploy\client\AWSDeploymentTool\AWSDeploymentTool.csproj", "{926552F5-A4D1-4EE2-8368-285A81F11721}"
EndProject
Project("{FAE04EC0-301F-11D3-BF4B-00C04F79EFBC}") = "AWSToolkit.DynamoDB", "..\plugins\AWSToolkit.DynamoDB\AWSToolkit.DynamoDB.csproj", "{6748E175-B799-427E-A7FD-625EEF5AFB91}"
EndProject
Project("{FAE04EC0-301F-11D3-BF4B-00C04F79EFBC}") = "AWSToolkit.DynamoDB.Interface", "..\plugins\AWSToolkit.DynamoDB.Interface\AWSToolkit.DynamoDB.Interface.csproj", "{59D6F9BE-5344-496A-9E03-A2A0020DAAC4}"
EndProject
Project("{FAE04EC0-301F-11D3-BF4B-00C04F79EFBC}") = "AWSToolkitPackage.VS2013", "..\shells\AWSToolkitPackage\AWSToolkitPackage.VS2013.csproj", "{F79D62B3-1B27-45D5-B28B-9505E92A93A3}"
	ProjectSection(ProjectDependencies) = postProject
		{9DD9F407-F2C6-495A-9204-C9825C67E9B9} = {9DD9F407-F2C6-495A-9204-C9825C67E9B9}
		{C4042C0E-20B3-40C3-9CD1-D4FB2CA84FD9} = {C4042C0E-20B3-40C3-9CD1-D4FB2CA84FD9}
		{8FB3CC1B-D3F6-49A0-A700-3A212C4772DC} = {8FB3CC1B-D3F6-49A0-A700-3A212C4772DC}
		{20C1F223-EEF5-4EAB-9E2D-8DF31BB3FF45} = {20C1F223-EEF5-4EAB-9E2D-8DF31BB3FF45}
		{AA98EC2E-AC7C-4080-993B-F80592D31037} = {AA98EC2E-AC7C-4080-993B-F80592D31037}
		{49C00D37-5980-495F-80C6-43C5192C4A87} = {49C00D37-5980-495F-80C6-43C5192C4A87}
		{A01EDD42-F7F5-4E20-8DEB-9F66F2980662} = {A01EDD42-F7F5-4E20-8DEB-9F66F2980662}
		{FE4C0E46-0427-46E1-8CC9-4B26FB15F728} = {FE4C0E46-0427-46E1-8CC9-4B26FB15F728}
		{CA419760-C27E-418D-AE0F-869F40AB26E2} = {CA419760-C27E-418D-AE0F-869F40AB26E2}
		{6DF6E969-44FD-462D-92B3-B97531C01216} = {6DF6E969-44FD-462D-92B3-B97531C01216}
		{B8C28B72-63C0-406B-B5C6-405667DB1D6D} = {B8C28B72-63C0-406B-B5C6-405667DB1D6D}
		{91DF5775-5635-4DF3-A26F-5CFE1136763E} = {91DF5775-5635-4DF3-A26F-5CFE1136763E}
		{6748E175-B799-427E-A7FD-625EEF5AFB91} = {6748E175-B799-427E-A7FD-625EEF5AFB91}
		{BD907681-AFE8-4008-97CD-11B138FDDCA7} = {BD907681-AFE8-4008-97CD-11B138FDDCA7}
		{35745A87-699D-481A-8142-C2BD9F238983} = {35745A87-699D-481A-8142-C2BD9F238983}
		{12910BAF-29C4-48CA-B50D-4CCABDFB879A} = {12910BAF-29C4-48CA-B50D-4CCABDFB879A}
		{C2D616BD-C2AB-4130-93E5-2ADA2172A08A} = {C2D616BD-C2AB-4130-93E5-2ADA2172A08A}
		{59D6F9BE-5344-496A-9E03-A2A0020DAAC4} = {59D6F9BE-5344-496A-9E03-A2A0020DAAC4}
		{4D9293CF-0D56-4BB9-B50D-BC829E53C16F} = {4D9293CF-0D56-4BB9-B50D-BC829E53C16F}
		{6AE302DB-2304-47C8-8E3C-96C85AC1D469} = {6AE302DB-2304-47C8-8E3C-96C85AC1D469}
		{7EEF2DDF-BEC6-4A1E-81E4-174D3BDF5CC3} = {7EEF2DDF-BEC6-4A1E-81E4-174D3BDF5CC3}
		{CFBD26F3-E44E-41EB-89B1-2E84391A0686} = {CFBD26F3-E44E-41EB-89B1-2E84391A0686}
	EndProjectSection
EndProject
Project("{FAE04EC0-301F-11D3-BF4B-00C04F79EFBC}") = "AWSToolkit.Util", "..\core\AWSToolkit.Util\AWSToolkit.Util.csproj", "{7E899D6E-07D6-4695-B5D5-F9E62E31D5F6}"
EndProject
Project("{FAE04EC0-301F-11D3-BF4B-00C04F79EFBC}") = "AWSToolkit.CloudFormation.Parser", "..\plugins\AWSToolkit.CloudFormation.Parser\AWSToolkit.CloudFormation.Parser.csproj", "{4CEE1A45-E01E-4BCC-8145-5C593ADF28BC}"
EndProject
Project("{FAE04EC0-301F-11D3-BF4B-00C04F79EFBC}") = "AWSToolkit.CloudFormation.MSBuildTasks", "..\plugins\AWSToolkit.CloudFormation.MSBuildTasks\AWSToolkit.CloudFormation.MSBuildTasks.csproj", "{FE98588C-7FEE-414E-9EAB-F36BF64C88C0}"
EndProject
Project("{FAE04EC0-301F-11D3-BF4B-00C04F79EFBC}") = "AWSToolkit.CloudFormation.EditorExtensions", "..\plugins\AWSToolkit.CloudFormation.EditorExtensions\AWSToolkit.CloudFormation.EditorExtensions.csproj", "{18023934-17CF-421E-87C2-61838B7498C6}"
EndProject
Project("{FAE04EC0-301F-11D3-BF4B-00C04F79EFBC}") = "AWSToolkit.CloudFormation.TemplateWizards", "..\plugins\AWSToolkit.CloudFormation.TemplateWizards\AWSToolkit.CloudFormation.TemplateWizards.csproj", "{0588D27B-7D87-4B33-9120-4C0A9E7D6665}"
EndProject
Project("{FAE04EC0-301F-11D3-BF4B-00C04F79EFBC}") = "AWSToolkitPackage.Shared", "..\shells\AWSToolkit.VisualStudio.Shared\AWSToolkitPackage.Shared.csproj", "{097A6937-AABA-4D8C-9CDE-3566564E9A18}"
EndProject
Project("{FAE04EC0-301F-11D3-BF4B-00C04F79EFBC}") = "AWSToolkit.Lambda", "..\plugins\AWSToolkit.Lambda\AWSToolkit.Lambda.csproj", "{7102B4CF-9B9D-4827-ADCA-D23971CD84C3}"
EndProject
Project("{FAE04EC0-301F-11D3-BF4B-00C04F79EFBC}") = "AWSToolkit.Lambda.Interface", "..\plugins\AWSToolkit.Lambda.Interface\AWSToolkit.Lambda.Interface.csproj", "{7E4C1857-240E-4BD2-B4CE-D37BF0E41DF6}"
EndProject
Project("{2150E333-8FDC-42A3-9474-1A3956D46DE8}") = "LambdaEditor", "LambdaEditor", "{0B63FBF2-7DDF-4003-9969-913A056ABD29}"
EndProject
Project("{FAE04EC0-301F-11D3-BF4B-00C04F79EFBC}") = "AWSToolkit.Lambda.TemplateWizards", "..\plugins\AWSToolkit.Lambda.TemplateWizards\AWSToolkit.Lambda.TemplateWizards.csproj", "{783E4198-A8F1-4E74-AF3E-0001B0AD516B}"
EndProject
Project("{FAE04EC0-301F-11D3-BF4B-00C04F79EFBC}") = "AWSToolkitPackage.NetCoreSupport", "..\shells\AWSToolkitPackage.NetCoreSupport\AWSToolkitPackage.NetCoreSupport.csproj", "{D493DE2E-2DC8-4331-94F8-4E81E41DD6AB}"
EndProject
Global
	GlobalSection(SolutionConfigurationPlatforms) = preSolution
		Debug VS2010 Build|Any CPU = Debug VS2010 Build|Any CPU
		Debug VS2010 Build|Mixed Platforms = Debug VS2010 Build|Mixed Platforms
		Debug VS2010 Build|Win32 = Debug VS2010 Build|Win32
		Debug VS2010 Build|x86 = Debug VS2010 Build|x86
		Debug|Any CPU = Debug|Any CPU
		Debug|Mixed Platforms = Debug|Mixed Platforms
		Debug|Win32 = Debug|Win32
		Debug|x86 = Debug|x86
		Release|Any CPU = Release|Any CPU
		Release|Mixed Platforms = Release|Mixed Platforms
		Release|Win32 = Release|Win32
		Release|x86 = Release|x86
	EndGlobalSection
	GlobalSection(ProjectConfigurationPlatforms) = postSolution
		{EC3E1437-DD67-4CBE-B7A7-4A8485690E79}.Debug VS2010 Build|Any CPU.ActiveCfg = Debug VS2010 Build|Any CPU
		{EC3E1437-DD67-4CBE-B7A7-4A8485690E79}.Debug VS2010 Build|Any CPU.Build.0 = Debug VS2010 Build|Any CPU
		{EC3E1437-DD67-4CBE-B7A7-4A8485690E79}.Debug VS2010 Build|Mixed Platforms.ActiveCfg = Debug|Any CPU
		{EC3E1437-DD67-4CBE-B7A7-4A8485690E79}.Debug VS2010 Build|Mixed Platforms.Build.0 = Debug|Any CPU
		{EC3E1437-DD67-4CBE-B7A7-4A8485690E79}.Debug VS2010 Build|Win32.ActiveCfg = Debug VS2010 Build|Any CPU
		{EC3E1437-DD67-4CBE-B7A7-4A8485690E79}.Debug VS2010 Build|x86.ActiveCfg = Debug VS2010 Build|Any CPU
		{EC3E1437-DD67-4CBE-B7A7-4A8485690E79}.Debug|Any CPU.ActiveCfg = Debug|Any CPU
		{EC3E1437-DD67-4CBE-B7A7-4A8485690E79}.Debug|Any CPU.Build.0 = Debug|Any CPU
		{EC3E1437-DD67-4CBE-B7A7-4A8485690E79}.Debug|Mixed Platforms.ActiveCfg = Debug|Any CPU
		{EC3E1437-DD67-4CBE-B7A7-4A8485690E79}.Debug|Mixed Platforms.Build.0 = Debug|Any CPU
		{EC3E1437-DD67-4CBE-B7A7-4A8485690E79}.Debug|Win32.ActiveCfg = Debug|Any CPU
		{EC3E1437-DD67-4CBE-B7A7-4A8485690E79}.Debug|x86.ActiveCfg = Debug|Any CPU
		{EC3E1437-DD67-4CBE-B7A7-4A8485690E79}.Release|Any CPU.ActiveCfg = Release|Any CPU
		{EC3E1437-DD67-4CBE-B7A7-4A8485690E79}.Release|Any CPU.Build.0 = Release|Any CPU
		{EC3E1437-DD67-4CBE-B7A7-4A8485690E79}.Release|Mixed Platforms.ActiveCfg = Release|Any CPU
		{EC3E1437-DD67-4CBE-B7A7-4A8485690E79}.Release|Mixed Platforms.Build.0 = Release|Any CPU
		{EC3E1437-DD67-4CBE-B7A7-4A8485690E79}.Release|Win32.ActiveCfg = Release|Any CPU
		{EC3E1437-DD67-4CBE-B7A7-4A8485690E79}.Release|x86.ActiveCfg = Release|Any CPU
		{20C1F223-EEF5-4EAB-9E2D-8DF31BB3FF45}.Debug VS2010 Build|Any CPU.ActiveCfg = Debug VS2010 Build|Any CPU
		{20C1F223-EEF5-4EAB-9E2D-8DF31BB3FF45}.Debug VS2010 Build|Any CPU.Build.0 = Debug VS2010 Build|Any CPU
		{20C1F223-EEF5-4EAB-9E2D-8DF31BB3FF45}.Debug VS2010 Build|Mixed Platforms.ActiveCfg = Release|Any CPU
		{20C1F223-EEF5-4EAB-9E2D-8DF31BB3FF45}.Debug VS2010 Build|Mixed Platforms.Build.0 = Release|Any CPU
		{20C1F223-EEF5-4EAB-9E2D-8DF31BB3FF45}.Debug VS2010 Build|Win32.ActiveCfg = Debug VS2010 Build|Any CPU
		{20C1F223-EEF5-4EAB-9E2D-8DF31BB3FF45}.Debug VS2010 Build|x86.ActiveCfg = Debug VS2010 Build|Any CPU
		{20C1F223-EEF5-4EAB-9E2D-8DF31BB3FF45}.Debug|Any CPU.ActiveCfg = Debug|Any CPU
		{20C1F223-EEF5-4EAB-9E2D-8DF31BB3FF45}.Debug|Any CPU.Build.0 = Debug|Any CPU
		{20C1F223-EEF5-4EAB-9E2D-8DF31BB3FF45}.Debug|Mixed Platforms.ActiveCfg = Debug|Any CPU
		{20C1F223-EEF5-4EAB-9E2D-8DF31BB3FF45}.Debug|Mixed Platforms.Build.0 = Debug|Any CPU
		{20C1F223-EEF5-4EAB-9E2D-8DF31BB3FF45}.Debug|Win32.ActiveCfg = Debug|Any CPU
		{20C1F223-EEF5-4EAB-9E2D-8DF31BB3FF45}.Debug|x86.ActiveCfg = Debug|Any CPU
		{20C1F223-EEF5-4EAB-9E2D-8DF31BB3FF45}.Release|Any CPU.ActiveCfg = Release|Any CPU
		{20C1F223-EEF5-4EAB-9E2D-8DF31BB3FF45}.Release|Any CPU.Build.0 = Release|Any CPU
		{20C1F223-EEF5-4EAB-9E2D-8DF31BB3FF45}.Release|Mixed Platforms.ActiveCfg = Release|Any CPU
		{20C1F223-EEF5-4EAB-9E2D-8DF31BB3FF45}.Release|Mixed Platforms.Build.0 = Release|Any CPU
		{20C1F223-EEF5-4EAB-9E2D-8DF31BB3FF45}.Release|Win32.ActiveCfg = Release|Any CPU
		{20C1F223-EEF5-4EAB-9E2D-8DF31BB3FF45}.Release|x86.ActiveCfg = Release|Any CPU
		{687C1AA1-E4D2-4B17-8A5B-A9D57E311E5F}.Debug VS2010 Build|Any CPU.ActiveCfg = Debug VS2010 Build|Any CPU
		{687C1AA1-E4D2-4B17-8A5B-A9D57E311E5F}.Debug VS2010 Build|Any CPU.Build.0 = Debug VS2010 Build|Any CPU
		{687C1AA1-E4D2-4B17-8A5B-A9D57E311E5F}.Debug VS2010 Build|Mixed Platforms.ActiveCfg = Release|Any CPU
		{687C1AA1-E4D2-4B17-8A5B-A9D57E311E5F}.Debug VS2010 Build|Mixed Platforms.Build.0 = Release|Any CPU
		{687C1AA1-E4D2-4B17-8A5B-A9D57E311E5F}.Debug VS2010 Build|Win32.ActiveCfg = Debug VS2010 Build|Any CPU
		{687C1AA1-E4D2-4B17-8A5B-A9D57E311E5F}.Debug VS2010 Build|x86.ActiveCfg = Debug VS2010 Build|Any CPU
		{687C1AA1-E4D2-4B17-8A5B-A9D57E311E5F}.Debug|Any CPU.ActiveCfg = Debug|Any CPU
		{687C1AA1-E4D2-4B17-8A5B-A9D57E311E5F}.Debug|Any CPU.Build.0 = Debug|Any CPU
		{687C1AA1-E4D2-4B17-8A5B-A9D57E311E5F}.Debug|Mixed Platforms.ActiveCfg = Debug|Any CPU
		{687C1AA1-E4D2-4B17-8A5B-A9D57E311E5F}.Debug|Mixed Platforms.Build.0 = Debug|Any CPU
		{687C1AA1-E4D2-4B17-8A5B-A9D57E311E5F}.Debug|Win32.ActiveCfg = Debug|Any CPU
		{687C1AA1-E4D2-4B17-8A5B-A9D57E311E5F}.Debug|x86.ActiveCfg = Debug|Any CPU
		{687C1AA1-E4D2-4B17-8A5B-A9D57E311E5F}.Release|Any CPU.ActiveCfg = Release|Any CPU
		{687C1AA1-E4D2-4B17-8A5B-A9D57E311E5F}.Release|Any CPU.Build.0 = Release|Any CPU
		{687C1AA1-E4D2-4B17-8A5B-A9D57E311E5F}.Release|Mixed Platforms.ActiveCfg = Release|Any CPU
		{687C1AA1-E4D2-4B17-8A5B-A9D57E311E5F}.Release|Mixed Platforms.Build.0 = Release|Any CPU
		{687C1AA1-E4D2-4B17-8A5B-A9D57E311E5F}.Release|Win32.ActiveCfg = Release|Any CPU
		{687C1AA1-E4D2-4B17-8A5B-A9D57E311E5F}.Release|x86.ActiveCfg = Release|Any CPU
		{9DD9F407-F2C6-495A-9204-C9825C67E9B9}.Debug VS2010 Build|Any CPU.ActiveCfg = Debug VS2010 Build|Any CPU
		{9DD9F407-F2C6-495A-9204-C9825C67E9B9}.Debug VS2010 Build|Any CPU.Build.0 = Debug VS2010 Build|Any CPU
		{9DD9F407-F2C6-495A-9204-C9825C67E9B9}.Debug VS2010 Build|Mixed Platforms.ActiveCfg = Debug|Any CPU
		{9DD9F407-F2C6-495A-9204-C9825C67E9B9}.Debug VS2010 Build|Mixed Platforms.Build.0 = Debug|Any CPU
		{9DD9F407-F2C6-495A-9204-C9825C67E9B9}.Debug VS2010 Build|Win32.ActiveCfg = Debug VS2010 Build|Any CPU
		{9DD9F407-F2C6-495A-9204-C9825C67E9B9}.Debug VS2010 Build|x86.ActiveCfg = Debug VS2010 Build|Any CPU
		{9DD9F407-F2C6-495A-9204-C9825C67E9B9}.Debug|Any CPU.ActiveCfg = Debug|Any CPU
		{9DD9F407-F2C6-495A-9204-C9825C67E9B9}.Debug|Any CPU.Build.0 = Debug|Any CPU
		{9DD9F407-F2C6-495A-9204-C9825C67E9B9}.Debug|Mixed Platforms.ActiveCfg = Debug|Any CPU
		{9DD9F407-F2C6-495A-9204-C9825C67E9B9}.Debug|Mixed Platforms.Build.0 = Debug|Any CPU
		{9DD9F407-F2C6-495A-9204-C9825C67E9B9}.Debug|Win32.ActiveCfg = Debug|Any CPU
		{9DD9F407-F2C6-495A-9204-C9825C67E9B9}.Debug|x86.ActiveCfg = Debug|Any CPU
		{9DD9F407-F2C6-495A-9204-C9825C67E9B9}.Release|Any CPU.ActiveCfg = Release|Any CPU
		{9DD9F407-F2C6-495A-9204-C9825C67E9B9}.Release|Any CPU.Build.0 = Release|Any CPU
		{9DD9F407-F2C6-495A-9204-C9825C67E9B9}.Release|Mixed Platforms.ActiveCfg = Release|Any CPU
		{9DD9F407-F2C6-495A-9204-C9825C67E9B9}.Release|Mixed Platforms.Build.0 = Release|Any CPU
		{9DD9F407-F2C6-495A-9204-C9825C67E9B9}.Release|Win32.ActiveCfg = Release|Any CPU
		{9DD9F407-F2C6-495A-9204-C9825C67E9B9}.Release|x86.ActiveCfg = Release|Any CPU
		{CA419760-C27E-418D-AE0F-869F40AB26E2}.Debug VS2010 Build|Any CPU.ActiveCfg = Debug VS2010 Build|Any CPU
		{CA419760-C27E-418D-AE0F-869F40AB26E2}.Debug VS2010 Build|Any CPU.Build.0 = Debug VS2010 Build|Any CPU
		{CA419760-C27E-418D-AE0F-869F40AB26E2}.Debug VS2010 Build|Mixed Platforms.ActiveCfg = Debug|Any CPU
		{CA419760-C27E-418D-AE0F-869F40AB26E2}.Debug VS2010 Build|Mixed Platforms.Build.0 = Debug|Any CPU
		{CA419760-C27E-418D-AE0F-869F40AB26E2}.Debug VS2010 Build|Win32.ActiveCfg = Debug VS2010 Build|Any CPU
		{CA419760-C27E-418D-AE0F-869F40AB26E2}.Debug VS2010 Build|x86.ActiveCfg = Debug VS2010 Build|Any CPU
		{CA419760-C27E-418D-AE0F-869F40AB26E2}.Debug|Any CPU.ActiveCfg = Debug|Any CPU
		{CA419760-C27E-418D-AE0F-869F40AB26E2}.Debug|Any CPU.Build.0 = Debug|Any CPU
		{CA419760-C27E-418D-AE0F-869F40AB26E2}.Debug|Mixed Platforms.ActiveCfg = Debug|Any CPU
		{CA419760-C27E-418D-AE0F-869F40AB26E2}.Debug|Mixed Platforms.Build.0 = Debug|Any CPU
		{CA419760-C27E-418D-AE0F-869F40AB26E2}.Debug|Win32.ActiveCfg = Debug|Any CPU
		{CA419760-C27E-418D-AE0F-869F40AB26E2}.Debug|x86.ActiveCfg = Debug|Any CPU
		{CA419760-C27E-418D-AE0F-869F40AB26E2}.Release|Any CPU.ActiveCfg = Release|Any CPU
		{CA419760-C27E-418D-AE0F-869F40AB26E2}.Release|Any CPU.Build.0 = Release|Any CPU
		{CA419760-C27E-418D-AE0F-869F40AB26E2}.Release|Mixed Platforms.ActiveCfg = Release|Any CPU
		{CA419760-C27E-418D-AE0F-869F40AB26E2}.Release|Mixed Platforms.Build.0 = Release|Any CPU
		{CA419760-C27E-418D-AE0F-869F40AB26E2}.Release|Win32.ActiveCfg = Release|Any CPU
		{CA419760-C27E-418D-AE0F-869F40AB26E2}.Release|x86.ActiveCfg = Release|Any CPU
		{CFBD26F3-E44E-41EB-89B1-2E84391A0686}.Debug VS2010 Build|Any CPU.ActiveCfg = Debug VS2010 Build|Any CPU
		{CFBD26F3-E44E-41EB-89B1-2E84391A0686}.Debug VS2010 Build|Any CPU.Build.0 = Debug VS2010 Build|Any CPU
		{CFBD26F3-E44E-41EB-89B1-2E84391A0686}.Debug VS2010 Build|Mixed Platforms.ActiveCfg = Debug|Any CPU
		{CFBD26F3-E44E-41EB-89B1-2E84391A0686}.Debug VS2010 Build|Mixed Platforms.Build.0 = Debug|Any CPU
		{CFBD26F3-E44E-41EB-89B1-2E84391A0686}.Debug VS2010 Build|Win32.ActiveCfg = Debug VS2010 Build|Any CPU
		{CFBD26F3-E44E-41EB-89B1-2E84391A0686}.Debug VS2010 Build|x86.ActiveCfg = Debug VS2010 Build|Any CPU
		{CFBD26F3-E44E-41EB-89B1-2E84391A0686}.Debug|Any CPU.ActiveCfg = Debug|Any CPU
		{CFBD26F3-E44E-41EB-89B1-2E84391A0686}.Debug|Any CPU.Build.0 = Debug|Any CPU
		{CFBD26F3-E44E-41EB-89B1-2E84391A0686}.Debug|Mixed Platforms.ActiveCfg = Debug|Any CPU
		{CFBD26F3-E44E-41EB-89B1-2E84391A0686}.Debug|Mixed Platforms.Build.0 = Debug|Any CPU
		{CFBD26F3-E44E-41EB-89B1-2E84391A0686}.Debug|Win32.ActiveCfg = Debug|Any CPU
		{CFBD26F3-E44E-41EB-89B1-2E84391A0686}.Debug|x86.ActiveCfg = Debug|Any CPU
		{CFBD26F3-E44E-41EB-89B1-2E84391A0686}.Release|Any CPU.ActiveCfg = Release|Any CPU
		{CFBD26F3-E44E-41EB-89B1-2E84391A0686}.Release|Any CPU.Build.0 = Release|Any CPU
		{CFBD26F3-E44E-41EB-89B1-2E84391A0686}.Release|Mixed Platforms.ActiveCfg = Release|Any CPU
		{CFBD26F3-E44E-41EB-89B1-2E84391A0686}.Release|Mixed Platforms.Build.0 = Release|Any CPU
		{CFBD26F3-E44E-41EB-89B1-2E84391A0686}.Release|Win32.ActiveCfg = Release|Any CPU
		{CFBD26F3-E44E-41EB-89B1-2E84391A0686}.Release|x86.ActiveCfg = Release|Any CPU
		{49C00D37-5980-495F-80C6-43C5192C4A87}.Debug VS2010 Build|Any CPU.ActiveCfg = Debug VS2010 Build|Any CPU
		{49C00D37-5980-495F-80C6-43C5192C4A87}.Debug VS2010 Build|Any CPU.Build.0 = Debug VS2010 Build|Any CPU
		{49C00D37-5980-495F-80C6-43C5192C4A87}.Debug VS2010 Build|Mixed Platforms.ActiveCfg = Debug|Any CPU
		{49C00D37-5980-495F-80C6-43C5192C4A87}.Debug VS2010 Build|Mixed Platforms.Build.0 = Debug|Any CPU
		{49C00D37-5980-495F-80C6-43C5192C4A87}.Debug VS2010 Build|Win32.ActiveCfg = Debug VS2010 Build|Any CPU
		{49C00D37-5980-495F-80C6-43C5192C4A87}.Debug VS2010 Build|x86.ActiveCfg = Debug VS2010 Build|Any CPU
		{49C00D37-5980-495F-80C6-43C5192C4A87}.Debug|Any CPU.ActiveCfg = Debug|Any CPU
		{49C00D37-5980-495F-80C6-43C5192C4A87}.Debug|Any CPU.Build.0 = Debug|Any CPU
		{49C00D37-5980-495F-80C6-43C5192C4A87}.Debug|Mixed Platforms.ActiveCfg = Debug|Any CPU
		{49C00D37-5980-495F-80C6-43C5192C4A87}.Debug|Mixed Platforms.Build.0 = Debug|Any CPU
		{49C00D37-5980-495F-80C6-43C5192C4A87}.Debug|Win32.ActiveCfg = Debug|Any CPU
		{49C00D37-5980-495F-80C6-43C5192C4A87}.Debug|x86.ActiveCfg = Debug|Any CPU
		{49C00D37-5980-495F-80C6-43C5192C4A87}.Release|Any CPU.ActiveCfg = Release|Any CPU
		{49C00D37-5980-495F-80C6-43C5192C4A87}.Release|Any CPU.Build.0 = Release|Any CPU
		{49C00D37-5980-495F-80C6-43C5192C4A87}.Release|Mixed Platforms.ActiveCfg = Release|Any CPU
		{49C00D37-5980-495F-80C6-43C5192C4A87}.Release|Mixed Platforms.Build.0 = Release|Any CPU
		{49C00D37-5980-495F-80C6-43C5192C4A87}.Release|Win32.ActiveCfg = Release|Any CPU
		{49C00D37-5980-495F-80C6-43C5192C4A87}.Release|x86.ActiveCfg = Release|Any CPU
		{12910BAF-29C4-48CA-B50D-4CCABDFB879A}.Debug VS2010 Build|Any CPU.ActiveCfg = Debug VS2010 Build|Any CPU
		{12910BAF-29C4-48CA-B50D-4CCABDFB879A}.Debug VS2010 Build|Any CPU.Build.0 = Debug VS2010 Build|Any CPU
		{12910BAF-29C4-48CA-B50D-4CCABDFB879A}.Debug VS2010 Build|Mixed Platforms.ActiveCfg = Debug|Any CPU
		{12910BAF-29C4-48CA-B50D-4CCABDFB879A}.Debug VS2010 Build|Mixed Platforms.Build.0 = Debug|Any CPU
		{12910BAF-29C4-48CA-B50D-4CCABDFB879A}.Debug VS2010 Build|Win32.ActiveCfg = Debug VS2010 Build|Any CPU
		{12910BAF-29C4-48CA-B50D-4CCABDFB879A}.Debug VS2010 Build|x86.ActiveCfg = Debug VS2010 Build|Any CPU
		{12910BAF-29C4-48CA-B50D-4CCABDFB879A}.Debug|Any CPU.ActiveCfg = Debug|Any CPU
		{12910BAF-29C4-48CA-B50D-4CCABDFB879A}.Debug|Any CPU.Build.0 = Debug|Any CPU
		{12910BAF-29C4-48CA-B50D-4CCABDFB879A}.Debug|Mixed Platforms.ActiveCfg = Debug|Any CPU
		{12910BAF-29C4-48CA-B50D-4CCABDFB879A}.Debug|Mixed Platforms.Build.0 = Debug|Any CPU
		{12910BAF-29C4-48CA-B50D-4CCABDFB879A}.Debug|Win32.ActiveCfg = Debug|Any CPU
		{12910BAF-29C4-48CA-B50D-4CCABDFB879A}.Debug|x86.ActiveCfg = Debug|Any CPU
		{12910BAF-29C4-48CA-B50D-4CCABDFB879A}.Release|Any CPU.ActiveCfg = Release|Any CPU
		{12910BAF-29C4-48CA-B50D-4CCABDFB879A}.Release|Any CPU.Build.0 = Release|Any CPU
		{12910BAF-29C4-48CA-B50D-4CCABDFB879A}.Release|Mixed Platforms.ActiveCfg = Release|Any CPU
		{12910BAF-29C4-48CA-B50D-4CCABDFB879A}.Release|Mixed Platforms.Build.0 = Release|Any CPU
		{12910BAF-29C4-48CA-B50D-4CCABDFB879A}.Release|Win32.ActiveCfg = Release|Any CPU
		{12910BAF-29C4-48CA-B50D-4CCABDFB879A}.Release|x86.ActiveCfg = Release|Any CPU
		{91DF5775-5635-4DF3-A26F-5CFE1136763E}.Debug VS2010 Build|Any CPU.ActiveCfg = Debug VS2010 Build|Any CPU
		{91DF5775-5635-4DF3-A26F-5CFE1136763E}.Debug VS2010 Build|Any CPU.Build.0 = Debug VS2010 Build|Any CPU
		{91DF5775-5635-4DF3-A26F-5CFE1136763E}.Debug VS2010 Build|Mixed Platforms.ActiveCfg = Debug|Any CPU
		{91DF5775-5635-4DF3-A26F-5CFE1136763E}.Debug VS2010 Build|Mixed Platforms.Build.0 = Debug|Any CPU
		{91DF5775-5635-4DF3-A26F-5CFE1136763E}.Debug VS2010 Build|Win32.ActiveCfg = Debug VS2010 Build|Any CPU
		{91DF5775-5635-4DF3-A26F-5CFE1136763E}.Debug VS2010 Build|x86.ActiveCfg = Debug VS2010 Build|Any CPU
		{91DF5775-5635-4DF3-A26F-5CFE1136763E}.Debug|Any CPU.ActiveCfg = Debug|Any CPU
		{91DF5775-5635-4DF3-A26F-5CFE1136763E}.Debug|Any CPU.Build.0 = Debug|Any CPU
		{91DF5775-5635-4DF3-A26F-5CFE1136763E}.Debug|Mixed Platforms.ActiveCfg = Debug|Any CPU
		{91DF5775-5635-4DF3-A26F-5CFE1136763E}.Debug|Mixed Platforms.Build.0 = Debug|Any CPU
		{91DF5775-5635-4DF3-A26F-5CFE1136763E}.Debug|Win32.ActiveCfg = Debug|Any CPU
		{91DF5775-5635-4DF3-A26F-5CFE1136763E}.Debug|x86.ActiveCfg = Debug|Any CPU
		{91DF5775-5635-4DF3-A26F-5CFE1136763E}.Release|Any CPU.ActiveCfg = Release|Any CPU
		{91DF5775-5635-4DF3-A26F-5CFE1136763E}.Release|Any CPU.Build.0 = Release|Any CPU
		{91DF5775-5635-4DF3-A26F-5CFE1136763E}.Release|Mixed Platforms.ActiveCfg = Release|Any CPU
		{91DF5775-5635-4DF3-A26F-5CFE1136763E}.Release|Mixed Platforms.Build.0 = Release|Any CPU
		{91DF5775-5635-4DF3-A26F-5CFE1136763E}.Release|Win32.ActiveCfg = Release|Any CPU
		{91DF5775-5635-4DF3-A26F-5CFE1136763E}.Release|x86.ActiveCfg = Release|Any CPU
		{8FB3CC1B-D3F6-49A0-A700-3A212C4772DC}.Debug VS2010 Build|Any CPU.ActiveCfg = Debug VS2010 Build|Any CPU
		{8FB3CC1B-D3F6-49A0-A700-3A212C4772DC}.Debug VS2010 Build|Any CPU.Build.0 = Debug VS2010 Build|Any CPU
		{8FB3CC1B-D3F6-49A0-A700-3A212C4772DC}.Debug VS2010 Build|Mixed Platforms.ActiveCfg = Debug|Any CPU
		{8FB3CC1B-D3F6-49A0-A700-3A212C4772DC}.Debug VS2010 Build|Mixed Platforms.Build.0 = Debug|Any CPU
		{8FB3CC1B-D3F6-49A0-A700-3A212C4772DC}.Debug VS2010 Build|Win32.ActiveCfg = Debug VS2010 Build|Any CPU
		{8FB3CC1B-D3F6-49A0-A700-3A212C4772DC}.Debug VS2010 Build|x86.ActiveCfg = Debug VS2010 Build|Any CPU
		{8FB3CC1B-D3F6-49A0-A700-3A212C4772DC}.Debug|Any CPU.ActiveCfg = Debug|Any CPU
		{8FB3CC1B-D3F6-49A0-A700-3A212C4772DC}.Debug|Any CPU.Build.0 = Debug|Any CPU
		{8FB3CC1B-D3F6-49A0-A700-3A212C4772DC}.Debug|Mixed Platforms.ActiveCfg = Debug|Any CPU
		{8FB3CC1B-D3F6-49A0-A700-3A212C4772DC}.Debug|Mixed Platforms.Build.0 = Debug|Any CPU
		{8FB3CC1B-D3F6-49A0-A700-3A212C4772DC}.Debug|Win32.ActiveCfg = Debug|Any CPU
		{8FB3CC1B-D3F6-49A0-A700-3A212C4772DC}.Debug|x86.ActiveCfg = Debug|Any CPU
		{8FB3CC1B-D3F6-49A0-A700-3A212C4772DC}.Release|Any CPU.ActiveCfg = Release|Any CPU
		{8FB3CC1B-D3F6-49A0-A700-3A212C4772DC}.Release|Any CPU.Build.0 = Release|Any CPU
		{8FB3CC1B-D3F6-49A0-A700-3A212C4772DC}.Release|Mixed Platforms.ActiveCfg = Release|Any CPU
		{8FB3CC1B-D3F6-49A0-A700-3A212C4772DC}.Release|Mixed Platforms.Build.0 = Release|Any CPU
		{8FB3CC1B-D3F6-49A0-A700-3A212C4772DC}.Release|Win32.ActiveCfg = Release|Any CPU
		{8FB3CC1B-D3F6-49A0-A700-3A212C4772DC}.Release|x86.ActiveCfg = Release|Any CPU
		{FE4C0E46-0427-46E1-8CC9-4B26FB15F728}.Debug VS2010 Build|Any CPU.ActiveCfg = Debug VS2010 Build|Any CPU
		{FE4C0E46-0427-46E1-8CC9-4B26FB15F728}.Debug VS2010 Build|Any CPU.Build.0 = Debug VS2010 Build|Any CPU
		{FE4C0E46-0427-46E1-8CC9-4B26FB15F728}.Debug VS2010 Build|Mixed Platforms.ActiveCfg = Debug|Any CPU
		{FE4C0E46-0427-46E1-8CC9-4B26FB15F728}.Debug VS2010 Build|Mixed Platforms.Build.0 = Debug|Any CPU
		{FE4C0E46-0427-46E1-8CC9-4B26FB15F728}.Debug VS2010 Build|Win32.ActiveCfg = Debug VS2010 Build|Any CPU
		{FE4C0E46-0427-46E1-8CC9-4B26FB15F728}.Debug VS2010 Build|x86.ActiveCfg = Debug VS2010 Build|Any CPU
		{FE4C0E46-0427-46E1-8CC9-4B26FB15F728}.Debug|Any CPU.ActiveCfg = Debug|Any CPU
		{FE4C0E46-0427-46E1-8CC9-4B26FB15F728}.Debug|Any CPU.Build.0 = Debug|Any CPU
		{FE4C0E46-0427-46E1-8CC9-4B26FB15F728}.Debug|Mixed Platforms.ActiveCfg = Debug|Any CPU
		{FE4C0E46-0427-46E1-8CC9-4B26FB15F728}.Debug|Mixed Platforms.Build.0 = Debug|Any CPU
		{FE4C0E46-0427-46E1-8CC9-4B26FB15F728}.Debug|Win32.ActiveCfg = Debug|Any CPU
		{FE4C0E46-0427-46E1-8CC9-4B26FB15F728}.Debug|x86.ActiveCfg = Debug|Any CPU
		{FE4C0E46-0427-46E1-8CC9-4B26FB15F728}.Release|Any CPU.ActiveCfg = Release|Any CPU
		{FE4C0E46-0427-46E1-8CC9-4B26FB15F728}.Release|Any CPU.Build.0 = Release|Any CPU
		{FE4C0E46-0427-46E1-8CC9-4B26FB15F728}.Release|Mixed Platforms.ActiveCfg = Release|Any CPU
		{FE4C0E46-0427-46E1-8CC9-4B26FB15F728}.Release|Mixed Platforms.Build.0 = Release|Any CPU
		{FE4C0E46-0427-46E1-8CC9-4B26FB15F728}.Release|Win32.ActiveCfg = Release|Any CPU
		{FE4C0E46-0427-46E1-8CC9-4B26FB15F728}.Release|x86.ActiveCfg = Release|Any CPU
		{4D9293CF-0D56-4BB9-B50D-BC829E53C16F}.Debug VS2010 Build|Any CPU.ActiveCfg = Debug VS2010 Build|Any CPU
		{4D9293CF-0D56-4BB9-B50D-BC829E53C16F}.Debug VS2010 Build|Any CPU.Build.0 = Debug VS2010 Build|Any CPU
		{4D9293CF-0D56-4BB9-B50D-BC829E53C16F}.Debug VS2010 Build|Mixed Platforms.ActiveCfg = Debug|Any CPU
		{4D9293CF-0D56-4BB9-B50D-BC829E53C16F}.Debug VS2010 Build|Mixed Platforms.Build.0 = Debug|Any CPU
		{4D9293CF-0D56-4BB9-B50D-BC829E53C16F}.Debug VS2010 Build|Win32.ActiveCfg = Debug VS2010 Build|Any CPU
		{4D9293CF-0D56-4BB9-B50D-BC829E53C16F}.Debug VS2010 Build|x86.ActiveCfg = Debug VS2010 Build|Any CPU
		{4D9293CF-0D56-4BB9-B50D-BC829E53C16F}.Debug|Any CPU.ActiveCfg = Debug|Any CPU
		{4D9293CF-0D56-4BB9-B50D-BC829E53C16F}.Debug|Any CPU.Build.0 = Debug|Any CPU
		{4D9293CF-0D56-4BB9-B50D-BC829E53C16F}.Debug|Mixed Platforms.ActiveCfg = Debug|Any CPU
		{4D9293CF-0D56-4BB9-B50D-BC829E53C16F}.Debug|Mixed Platforms.Build.0 = Debug|Any CPU
		{4D9293CF-0D56-4BB9-B50D-BC829E53C16F}.Debug|Win32.ActiveCfg = Debug|Any CPU
		{4D9293CF-0D56-4BB9-B50D-BC829E53C16F}.Debug|x86.ActiveCfg = Debug|Any CPU
		{4D9293CF-0D56-4BB9-B50D-BC829E53C16F}.Release|Any CPU.ActiveCfg = Release|Any CPU
		{4D9293CF-0D56-4BB9-B50D-BC829E53C16F}.Release|Any CPU.Build.0 = Release|Any CPU
		{4D9293CF-0D56-4BB9-B50D-BC829E53C16F}.Release|Mixed Platforms.ActiveCfg = Release|Any CPU
		{4D9293CF-0D56-4BB9-B50D-BC829E53C16F}.Release|Mixed Platforms.Build.0 = Release|Any CPU
		{4D9293CF-0D56-4BB9-B50D-BC829E53C16F}.Release|Win32.ActiveCfg = Release|Any CPU
		{4D9293CF-0D56-4BB9-B50D-BC829E53C16F}.Release|x86.ActiveCfg = Release|Any CPU
		{BD907681-AFE8-4008-97CD-11B138FDDCA7}.Debug VS2010 Build|Any CPU.ActiveCfg = Debug VS2010 Build|Any CPU
		{BD907681-AFE8-4008-97CD-11B138FDDCA7}.Debug VS2010 Build|Any CPU.Build.0 = Debug VS2010 Build|Any CPU
		{BD907681-AFE8-4008-97CD-11B138FDDCA7}.Debug VS2010 Build|Mixed Platforms.ActiveCfg = Debug|Any CPU
		{BD907681-AFE8-4008-97CD-11B138FDDCA7}.Debug VS2010 Build|Mixed Platforms.Build.0 = Debug|Any CPU
		{BD907681-AFE8-4008-97CD-11B138FDDCA7}.Debug VS2010 Build|Win32.ActiveCfg = Debug VS2010 Build|Any CPU
		{BD907681-AFE8-4008-97CD-11B138FDDCA7}.Debug VS2010 Build|x86.ActiveCfg = Debug VS2010 Build|Any CPU
		{BD907681-AFE8-4008-97CD-11B138FDDCA7}.Debug|Any CPU.ActiveCfg = Debug|Any CPU
		{BD907681-AFE8-4008-97CD-11B138FDDCA7}.Debug|Any CPU.Build.0 = Debug|Any CPU
		{BD907681-AFE8-4008-97CD-11B138FDDCA7}.Debug|Mixed Platforms.ActiveCfg = Debug|Any CPU
		{BD907681-AFE8-4008-97CD-11B138FDDCA7}.Debug|Mixed Platforms.Build.0 = Debug|Any CPU
		{BD907681-AFE8-4008-97CD-11B138FDDCA7}.Debug|Win32.ActiveCfg = Debug|Any CPU
		{BD907681-AFE8-4008-97CD-11B138FDDCA7}.Debug|x86.ActiveCfg = Debug|Any CPU
		{BD907681-AFE8-4008-97CD-11B138FDDCA7}.Release|Any CPU.ActiveCfg = Release|Any CPU
		{BD907681-AFE8-4008-97CD-11B138FDDCA7}.Release|Any CPU.Build.0 = Release|Any CPU
		{BD907681-AFE8-4008-97CD-11B138FDDCA7}.Release|Mixed Platforms.ActiveCfg = Release|Any CPU
		{BD907681-AFE8-4008-97CD-11B138FDDCA7}.Release|Mixed Platforms.Build.0 = Release|Any CPU
		{BD907681-AFE8-4008-97CD-11B138FDDCA7}.Release|Win32.ActiveCfg = Release|Any CPU
		{BD907681-AFE8-4008-97CD-11B138FDDCA7}.Release|x86.ActiveCfg = Release|Any CPU
		{B8C28B72-63C0-406B-B5C6-405667DB1D6D}.Debug VS2010 Build|Any CPU.ActiveCfg = Debug VS2010 Build|Any CPU
		{B8C28B72-63C0-406B-B5C6-405667DB1D6D}.Debug VS2010 Build|Any CPU.Build.0 = Debug VS2010 Build|Any CPU
		{B8C28B72-63C0-406B-B5C6-405667DB1D6D}.Debug VS2010 Build|Mixed Platforms.ActiveCfg = Debug|Any CPU
		{B8C28B72-63C0-406B-B5C6-405667DB1D6D}.Debug VS2010 Build|Mixed Platforms.Build.0 = Debug|Any CPU
		{B8C28B72-63C0-406B-B5C6-405667DB1D6D}.Debug VS2010 Build|Win32.ActiveCfg = Debug VS2010 Build|Any CPU
		{B8C28B72-63C0-406B-B5C6-405667DB1D6D}.Debug VS2010 Build|x86.ActiveCfg = Debug VS2010 Build|Any CPU
		{B8C28B72-63C0-406B-B5C6-405667DB1D6D}.Debug|Any CPU.ActiveCfg = Debug|Any CPU
		{B8C28B72-63C0-406B-B5C6-405667DB1D6D}.Debug|Any CPU.Build.0 = Debug|Any CPU
		{B8C28B72-63C0-406B-B5C6-405667DB1D6D}.Debug|Mixed Platforms.ActiveCfg = Debug|Any CPU
		{B8C28B72-63C0-406B-B5C6-405667DB1D6D}.Debug|Mixed Platforms.Build.0 = Debug|Any CPU
		{B8C28B72-63C0-406B-B5C6-405667DB1D6D}.Debug|Win32.ActiveCfg = Debug|Any CPU
		{B8C28B72-63C0-406B-B5C6-405667DB1D6D}.Debug|x86.ActiveCfg = Debug|Any CPU
		{B8C28B72-63C0-406B-B5C6-405667DB1D6D}.Release|Any CPU.ActiveCfg = Release|Any CPU
		{B8C28B72-63C0-406B-B5C6-405667DB1D6D}.Release|Any CPU.Build.0 = Release|Any CPU
		{B8C28B72-63C0-406B-B5C6-405667DB1D6D}.Release|Mixed Platforms.ActiveCfg = Release|Any CPU
		{B8C28B72-63C0-406B-B5C6-405667DB1D6D}.Release|Mixed Platforms.Build.0 = Release|Any CPU
		{B8C28B72-63C0-406B-B5C6-405667DB1D6D}.Release|Win32.ActiveCfg = Release|Any CPU
		{B8C28B72-63C0-406B-B5C6-405667DB1D6D}.Release|x86.ActiveCfg = Release|Any CPU
		{A01EDD42-F7F5-4E20-8DEB-9F66F2980662}.Debug VS2010 Build|Any CPU.ActiveCfg = Debug VS2010 Build|Any CPU
		{A01EDD42-F7F5-4E20-8DEB-9F66F2980662}.Debug VS2010 Build|Any CPU.Build.0 = Debug VS2010 Build|Any CPU
		{A01EDD42-F7F5-4E20-8DEB-9F66F2980662}.Debug VS2010 Build|Mixed Platforms.ActiveCfg = Debug|Any CPU
		{A01EDD42-F7F5-4E20-8DEB-9F66F2980662}.Debug VS2010 Build|Mixed Platforms.Build.0 = Debug|Any CPU
		{A01EDD42-F7F5-4E20-8DEB-9F66F2980662}.Debug VS2010 Build|Win32.ActiveCfg = Debug VS2010 Build|Any CPU
		{A01EDD42-F7F5-4E20-8DEB-9F66F2980662}.Debug VS2010 Build|x86.ActiveCfg = Debug VS2010 Build|Any CPU
		{A01EDD42-F7F5-4E20-8DEB-9F66F2980662}.Debug|Any CPU.ActiveCfg = Debug|Any CPU
		{A01EDD42-F7F5-4E20-8DEB-9F66F2980662}.Debug|Any CPU.Build.0 = Debug|Any CPU
		{A01EDD42-F7F5-4E20-8DEB-9F66F2980662}.Debug|Mixed Platforms.ActiveCfg = Debug|Any CPU
		{A01EDD42-F7F5-4E20-8DEB-9F66F2980662}.Debug|Mixed Platforms.Build.0 = Debug|Any CPU
		{A01EDD42-F7F5-4E20-8DEB-9F66F2980662}.Debug|Win32.ActiveCfg = Debug|Any CPU
		{A01EDD42-F7F5-4E20-8DEB-9F66F2980662}.Debug|x86.ActiveCfg = Debug|Any CPU
		{A01EDD42-F7F5-4E20-8DEB-9F66F2980662}.Release|Any CPU.ActiveCfg = Release|Any CPU
		{A01EDD42-F7F5-4E20-8DEB-9F66F2980662}.Release|Any CPU.Build.0 = Release|Any CPU
		{A01EDD42-F7F5-4E20-8DEB-9F66F2980662}.Release|Mixed Platforms.ActiveCfg = Release|Any CPU
		{A01EDD42-F7F5-4E20-8DEB-9F66F2980662}.Release|Mixed Platforms.Build.0 = Release|Any CPU
		{A01EDD42-F7F5-4E20-8DEB-9F66F2980662}.Release|Win32.ActiveCfg = Release|Any CPU
		{A01EDD42-F7F5-4E20-8DEB-9F66F2980662}.Release|x86.ActiveCfg = Release|Any CPU
		{7EEF2DDF-BEC6-4A1E-81E4-174D3BDF5CC3}.Debug VS2010 Build|Any CPU.ActiveCfg = Debug VS2010 Build|Any CPU
		{7EEF2DDF-BEC6-4A1E-81E4-174D3BDF5CC3}.Debug VS2010 Build|Any CPU.Build.0 = Debug VS2010 Build|Any CPU
		{7EEF2DDF-BEC6-4A1E-81E4-174D3BDF5CC3}.Debug VS2010 Build|Mixed Platforms.ActiveCfg = Debug|Any CPU
		{7EEF2DDF-BEC6-4A1E-81E4-174D3BDF5CC3}.Debug VS2010 Build|Mixed Platforms.Build.0 = Debug|Any CPU
		{7EEF2DDF-BEC6-4A1E-81E4-174D3BDF5CC3}.Debug VS2010 Build|Win32.ActiveCfg = Debug VS2010 Build|Any CPU
		{7EEF2DDF-BEC6-4A1E-81E4-174D3BDF5CC3}.Debug VS2010 Build|x86.ActiveCfg = Debug VS2010 Build|Any CPU
		{7EEF2DDF-BEC6-4A1E-81E4-174D3BDF5CC3}.Debug|Any CPU.ActiveCfg = Debug|Any CPU
		{7EEF2DDF-BEC6-4A1E-81E4-174D3BDF5CC3}.Debug|Any CPU.Build.0 = Debug|Any CPU
		{7EEF2DDF-BEC6-4A1E-81E4-174D3BDF5CC3}.Debug|Mixed Platforms.ActiveCfg = Debug|Any CPU
		{7EEF2DDF-BEC6-4A1E-81E4-174D3BDF5CC3}.Debug|Mixed Platforms.Build.0 = Debug|Any CPU
		{7EEF2DDF-BEC6-4A1E-81E4-174D3BDF5CC3}.Debug|Win32.ActiveCfg = Debug|Any CPU
		{7EEF2DDF-BEC6-4A1E-81E4-174D3BDF5CC3}.Debug|x86.ActiveCfg = Debug|Any CPU
		{7EEF2DDF-BEC6-4A1E-81E4-174D3BDF5CC3}.Release|Any CPU.ActiveCfg = Release|Any CPU
		{7EEF2DDF-BEC6-4A1E-81E4-174D3BDF5CC3}.Release|Any CPU.Build.0 = Release|Any CPU
		{7EEF2DDF-BEC6-4A1E-81E4-174D3BDF5CC3}.Release|Mixed Platforms.ActiveCfg = Release|Any CPU
		{7EEF2DDF-BEC6-4A1E-81E4-174D3BDF5CC3}.Release|Mixed Platforms.Build.0 = Release|Any CPU
		{7EEF2DDF-BEC6-4A1E-81E4-174D3BDF5CC3}.Release|Win32.ActiveCfg = Release|Any CPU
		{7EEF2DDF-BEC6-4A1E-81E4-174D3BDF5CC3}.Release|x86.ActiveCfg = Release|Any CPU
		{C4042C0E-20B3-40C3-9CD1-D4FB2CA84FD9}.Debug VS2010 Build|Any CPU.ActiveCfg = Debug VS2010 Build|Any CPU
		{C4042C0E-20B3-40C3-9CD1-D4FB2CA84FD9}.Debug VS2010 Build|Any CPU.Build.0 = Debug VS2010 Build|Any CPU
		{C4042C0E-20B3-40C3-9CD1-D4FB2CA84FD9}.Debug VS2010 Build|Mixed Platforms.ActiveCfg = Debug|Any CPU
		{C4042C0E-20B3-40C3-9CD1-D4FB2CA84FD9}.Debug VS2010 Build|Mixed Platforms.Build.0 = Debug|Any CPU
		{C4042C0E-20B3-40C3-9CD1-D4FB2CA84FD9}.Debug VS2010 Build|Win32.ActiveCfg = Debug VS2010 Build|Any CPU
		{C4042C0E-20B3-40C3-9CD1-D4FB2CA84FD9}.Debug VS2010 Build|x86.ActiveCfg = Debug VS2010 Build|Any CPU
		{C4042C0E-20B3-40C3-9CD1-D4FB2CA84FD9}.Debug|Any CPU.ActiveCfg = Debug|Any CPU
		{C4042C0E-20B3-40C3-9CD1-D4FB2CA84FD9}.Debug|Any CPU.Build.0 = Debug|Any CPU
		{C4042C0E-20B3-40C3-9CD1-D4FB2CA84FD9}.Debug|Mixed Platforms.ActiveCfg = Debug|Any CPU
		{C4042C0E-20B3-40C3-9CD1-D4FB2CA84FD9}.Debug|Mixed Platforms.Build.0 = Debug|Any CPU
		{C4042C0E-20B3-40C3-9CD1-D4FB2CA84FD9}.Debug|Win32.ActiveCfg = Debug|Any CPU
		{C4042C0E-20B3-40C3-9CD1-D4FB2CA84FD9}.Debug|x86.ActiveCfg = Debug|Any CPU
		{C4042C0E-20B3-40C3-9CD1-D4FB2CA84FD9}.Release|Any CPU.ActiveCfg = Release|Any CPU
		{C4042C0E-20B3-40C3-9CD1-D4FB2CA84FD9}.Release|Any CPU.Build.0 = Release|Any CPU
		{C4042C0E-20B3-40C3-9CD1-D4FB2CA84FD9}.Release|Mixed Platforms.ActiveCfg = Release|Any CPU
		{C4042C0E-20B3-40C3-9CD1-D4FB2CA84FD9}.Release|Mixed Platforms.Build.0 = Release|Any CPU
		{C4042C0E-20B3-40C3-9CD1-D4FB2CA84FD9}.Release|Win32.ActiveCfg = Release|Any CPU
		{C4042C0E-20B3-40C3-9CD1-D4FB2CA84FD9}.Release|x86.ActiveCfg = Release|Any CPU
		{C2D616BD-C2AB-4130-93E5-2ADA2172A08A}.Debug VS2010 Build|Any CPU.ActiveCfg = Debug VS2010 Build|Any CPU
		{C2D616BD-C2AB-4130-93E5-2ADA2172A08A}.Debug VS2010 Build|Any CPU.Build.0 = Debug VS2010 Build|Any CPU
		{C2D616BD-C2AB-4130-93E5-2ADA2172A08A}.Debug VS2010 Build|Mixed Platforms.ActiveCfg = Debug|Any CPU
		{C2D616BD-C2AB-4130-93E5-2ADA2172A08A}.Debug VS2010 Build|Mixed Platforms.Build.0 = Debug|Any CPU
		{C2D616BD-C2AB-4130-93E5-2ADA2172A08A}.Debug VS2010 Build|Win32.ActiveCfg = Debug VS2010 Build|Any CPU
		{C2D616BD-C2AB-4130-93E5-2ADA2172A08A}.Debug VS2010 Build|x86.ActiveCfg = Debug VS2010 Build|Any CPU
		{C2D616BD-C2AB-4130-93E5-2ADA2172A08A}.Debug|Any CPU.ActiveCfg = Debug|Any CPU
		{C2D616BD-C2AB-4130-93E5-2ADA2172A08A}.Debug|Any CPU.Build.0 = Debug|Any CPU
		{C2D616BD-C2AB-4130-93E5-2ADA2172A08A}.Debug|Mixed Platforms.ActiveCfg = Debug|Any CPU
		{C2D616BD-C2AB-4130-93E5-2ADA2172A08A}.Debug|Mixed Platforms.Build.0 = Debug|Any CPU
		{C2D616BD-C2AB-4130-93E5-2ADA2172A08A}.Debug|Win32.ActiveCfg = Debug|Any CPU
		{C2D616BD-C2AB-4130-93E5-2ADA2172A08A}.Debug|x86.ActiveCfg = Debug|Any CPU
		{C2D616BD-C2AB-4130-93E5-2ADA2172A08A}.Release|Any CPU.ActiveCfg = Release|Any CPU
		{C2D616BD-C2AB-4130-93E5-2ADA2172A08A}.Release|Any CPU.Build.0 = Release|Any CPU
		{C2D616BD-C2AB-4130-93E5-2ADA2172A08A}.Release|Mixed Platforms.ActiveCfg = Release|Any CPU
		{C2D616BD-C2AB-4130-93E5-2ADA2172A08A}.Release|Mixed Platforms.Build.0 = Release|Any CPU
		{C2D616BD-C2AB-4130-93E5-2ADA2172A08A}.Release|Win32.ActiveCfg = Release|Any CPU
		{C2D616BD-C2AB-4130-93E5-2ADA2172A08A}.Release|x86.ActiveCfg = Release|Any CPU
		{AA98EC2E-AC7C-4080-993B-F80592D31037}.Debug VS2010 Build|Any CPU.ActiveCfg = Debug VS2010 Build|Any CPU
		{AA98EC2E-AC7C-4080-993B-F80592D31037}.Debug VS2010 Build|Any CPU.Build.0 = Debug VS2010 Build|Any CPU
		{AA98EC2E-AC7C-4080-993B-F80592D31037}.Debug VS2010 Build|Mixed Platforms.ActiveCfg = Debug|Any CPU
		{AA98EC2E-AC7C-4080-993B-F80592D31037}.Debug VS2010 Build|Mixed Platforms.Build.0 = Debug|Any CPU
		{AA98EC2E-AC7C-4080-993B-F80592D31037}.Debug VS2010 Build|Win32.ActiveCfg = Debug VS2010 Build|Any CPU
		{AA98EC2E-AC7C-4080-993B-F80592D31037}.Debug VS2010 Build|x86.ActiveCfg = Debug VS2010 Build|Any CPU
		{AA98EC2E-AC7C-4080-993B-F80592D31037}.Debug|Any CPU.ActiveCfg = Debug|Any CPU
		{AA98EC2E-AC7C-4080-993B-F80592D31037}.Debug|Any CPU.Build.0 = Debug|Any CPU
		{AA98EC2E-AC7C-4080-993B-F80592D31037}.Debug|Mixed Platforms.ActiveCfg = Debug|Any CPU
		{AA98EC2E-AC7C-4080-993B-F80592D31037}.Debug|Mixed Platforms.Build.0 = Debug|Any CPU
		{AA98EC2E-AC7C-4080-993B-F80592D31037}.Debug|Win32.ActiveCfg = Debug|Any CPU
		{AA98EC2E-AC7C-4080-993B-F80592D31037}.Debug|x86.ActiveCfg = Debug|Any CPU
		{AA98EC2E-AC7C-4080-993B-F80592D31037}.Release|Any CPU.ActiveCfg = Release|Any CPU
		{AA98EC2E-AC7C-4080-993B-F80592D31037}.Release|Any CPU.Build.0 = Release|Any CPU
		{AA98EC2E-AC7C-4080-993B-F80592D31037}.Release|Mixed Platforms.ActiveCfg = Release|Any CPU
		{AA98EC2E-AC7C-4080-993B-F80592D31037}.Release|Mixed Platforms.Build.0 = Release|Any CPU
		{AA98EC2E-AC7C-4080-993B-F80592D31037}.Release|Win32.ActiveCfg = Release|Any CPU
		{AA98EC2E-AC7C-4080-993B-F80592D31037}.Release|x86.ActiveCfg = Release|Any CPU
		{D4D5C421-6265-4674-A1F9-DC11A56FC030}.Debug VS2010 Build|Any CPU.ActiveCfg = Debug VS2010 Build|Any CPU
		{D4D5C421-6265-4674-A1F9-DC11A56FC030}.Debug VS2010 Build|Any CPU.Build.0 = Debug VS2010 Build|Any CPU
		{D4D5C421-6265-4674-A1F9-DC11A56FC030}.Debug VS2010 Build|Mixed Platforms.ActiveCfg = Debug|Any CPU
		{D4D5C421-6265-4674-A1F9-DC11A56FC030}.Debug VS2010 Build|Mixed Platforms.Build.0 = Debug|Any CPU
		{D4D5C421-6265-4674-A1F9-DC11A56FC030}.Debug VS2010 Build|Win32.ActiveCfg = Debug VS2010 Build|Any CPU
		{D4D5C421-6265-4674-A1F9-DC11A56FC030}.Debug VS2010 Build|x86.ActiveCfg = Debug VS2010 Build|Any CPU
		{D4D5C421-6265-4674-A1F9-DC11A56FC030}.Debug|Any CPU.ActiveCfg = Debug|Any CPU
		{D4D5C421-6265-4674-A1F9-DC11A56FC030}.Debug|Any CPU.Build.0 = Debug|Any CPU
		{D4D5C421-6265-4674-A1F9-DC11A56FC030}.Debug|Mixed Platforms.ActiveCfg = Debug|Any CPU
		{D4D5C421-6265-4674-A1F9-DC11A56FC030}.Debug|Mixed Platforms.Build.0 = Debug|Any CPU
		{D4D5C421-6265-4674-A1F9-DC11A56FC030}.Debug|Win32.ActiveCfg = Debug|Any CPU
		{D4D5C421-6265-4674-A1F9-DC11A56FC030}.Debug|x86.ActiveCfg = Debug|Any CPU
		{D4D5C421-6265-4674-A1F9-DC11A56FC030}.Release|Any CPU.ActiveCfg = Release|Any CPU
		{D4D5C421-6265-4674-A1F9-DC11A56FC030}.Release|Any CPU.Build.0 = Release|Any CPU
		{D4D5C421-6265-4674-A1F9-DC11A56FC030}.Release|Mixed Platforms.ActiveCfg = Release|Any CPU
		{D4D5C421-6265-4674-A1F9-DC11A56FC030}.Release|Mixed Platforms.Build.0 = Release|Any CPU
		{D4D5C421-6265-4674-A1F9-DC11A56FC030}.Release|Win32.ActiveCfg = Release|Any CPU
		{D4D5C421-6265-4674-A1F9-DC11A56FC030}.Release|x86.ActiveCfg = Release|Any CPU
		{6DF6E969-44FD-462D-92B3-B97531C01216}.Debug VS2010 Build|Any CPU.ActiveCfg = Debug|Any CPU
		{6DF6E969-44FD-462D-92B3-B97531C01216}.Debug VS2010 Build|Any CPU.Build.0 = Debug|Any CPU
		{6DF6E969-44FD-462D-92B3-B97531C01216}.Debug VS2010 Build|Mixed Platforms.ActiveCfg = Debug|Any CPU
		{6DF6E969-44FD-462D-92B3-B97531C01216}.Debug VS2010 Build|Mixed Platforms.Build.0 = Debug|Any CPU
		{6DF6E969-44FD-462D-92B3-B97531C01216}.Debug VS2010 Build|Win32.ActiveCfg = Debug|Any CPU
		{6DF6E969-44FD-462D-92B3-B97531C01216}.Debug VS2010 Build|x86.ActiveCfg = Debug|Any CPU
		{6DF6E969-44FD-462D-92B3-B97531C01216}.Debug|Any CPU.ActiveCfg = Debug|Any CPU
		{6DF6E969-44FD-462D-92B3-B97531C01216}.Debug|Any CPU.Build.0 = Debug|Any CPU
		{6DF6E969-44FD-462D-92B3-B97531C01216}.Debug|Mixed Platforms.ActiveCfg = Debug|Any CPU
		{6DF6E969-44FD-462D-92B3-B97531C01216}.Debug|Mixed Platforms.Build.0 = Debug|Any CPU
		{6DF6E969-44FD-462D-92B3-B97531C01216}.Debug|Win32.ActiveCfg = Debug|Any CPU
		{6DF6E969-44FD-462D-92B3-B97531C01216}.Debug|x86.ActiveCfg = Debug|Any CPU
		{6DF6E969-44FD-462D-92B3-B97531C01216}.Release|Any CPU.ActiveCfg = Release|Any CPU
		{6DF6E969-44FD-462D-92B3-B97531C01216}.Release|Any CPU.Build.0 = Release|Any CPU
		{6DF6E969-44FD-462D-92B3-B97531C01216}.Release|Mixed Platforms.ActiveCfg = Release|Any CPU
		{6DF6E969-44FD-462D-92B3-B97531C01216}.Release|Mixed Platforms.Build.0 = Release|Any CPU
		{6DF6E969-44FD-462D-92B3-B97531C01216}.Release|Win32.ActiveCfg = Release|Any CPU
		{6DF6E969-44FD-462D-92B3-B97531C01216}.Release|x86.ActiveCfg = Release|Any CPU
		{35745A87-699D-481A-8142-C2BD9F238983}.Debug VS2010 Build|Any CPU.ActiveCfg = Debug|Any CPU
		{35745A87-699D-481A-8142-C2BD9F238983}.Debug VS2010 Build|Any CPU.Build.0 = Debug|Any CPU
		{35745A87-699D-481A-8142-C2BD9F238983}.Debug VS2010 Build|Mixed Platforms.ActiveCfg = Debug|Any CPU
		{35745A87-699D-481A-8142-C2BD9F238983}.Debug VS2010 Build|Mixed Platforms.Build.0 = Debug|Any CPU
		{35745A87-699D-481A-8142-C2BD9F238983}.Debug VS2010 Build|Win32.ActiveCfg = Debug|Any CPU
		{35745A87-699D-481A-8142-C2BD9F238983}.Debug VS2010 Build|x86.ActiveCfg = Debug|Any CPU
		{35745A87-699D-481A-8142-C2BD9F238983}.Debug|Any CPU.ActiveCfg = Debug|Any CPU
		{35745A87-699D-481A-8142-C2BD9F238983}.Debug|Any CPU.Build.0 = Debug|Any CPU
		{35745A87-699D-481A-8142-C2BD9F238983}.Debug|Mixed Platforms.ActiveCfg = Debug|Any CPU
		{35745A87-699D-481A-8142-C2BD9F238983}.Debug|Mixed Platforms.Build.0 = Debug|Any CPU
		{35745A87-699D-481A-8142-C2BD9F238983}.Debug|Win32.ActiveCfg = Debug|Any CPU
		{35745A87-699D-481A-8142-C2BD9F238983}.Debug|x86.ActiveCfg = Debug|Any CPU
		{35745A87-699D-481A-8142-C2BD9F238983}.Release|Any CPU.ActiveCfg = Release|Any CPU
		{35745A87-699D-481A-8142-C2BD9F238983}.Release|Any CPU.Build.0 = Release|Any CPU
		{35745A87-699D-481A-8142-C2BD9F238983}.Release|Mixed Platforms.ActiveCfg = Release|Any CPU
		{35745A87-699D-481A-8142-C2BD9F238983}.Release|Mixed Platforms.Build.0 = Release|Any CPU
		{35745A87-699D-481A-8142-C2BD9F238983}.Release|Win32.ActiveCfg = Release|Any CPU
		{35745A87-699D-481A-8142-C2BD9F238983}.Release|x86.ActiveCfg = Release|Any CPU
		{6AE302DB-2304-47C8-8E3C-96C85AC1D469}.Debug VS2010 Build|Any CPU.ActiveCfg = Debug|Any CPU
		{6AE302DB-2304-47C8-8E3C-96C85AC1D469}.Debug VS2010 Build|Any CPU.Build.0 = Debug|Any CPU
		{6AE302DB-2304-47C8-8E3C-96C85AC1D469}.Debug VS2010 Build|Mixed Platforms.ActiveCfg = Debug|Any CPU
		{6AE302DB-2304-47C8-8E3C-96C85AC1D469}.Debug VS2010 Build|Mixed Platforms.Build.0 = Debug|Any CPU
		{6AE302DB-2304-47C8-8E3C-96C85AC1D469}.Debug VS2010 Build|Win32.ActiveCfg = Debug|Any CPU
		{6AE302DB-2304-47C8-8E3C-96C85AC1D469}.Debug VS2010 Build|x86.ActiveCfg = Debug|Any CPU
		{6AE302DB-2304-47C8-8E3C-96C85AC1D469}.Debug|Any CPU.ActiveCfg = Debug|Any CPU
		{6AE302DB-2304-47C8-8E3C-96C85AC1D469}.Debug|Any CPU.Build.0 = Debug|Any CPU
		{6AE302DB-2304-47C8-8E3C-96C85AC1D469}.Debug|Mixed Platforms.ActiveCfg = Debug|Any CPU
		{6AE302DB-2304-47C8-8E3C-96C85AC1D469}.Debug|Mixed Platforms.Build.0 = Debug|Any CPU
		{6AE302DB-2304-47C8-8E3C-96C85AC1D469}.Debug|Win32.ActiveCfg = Debug|Any CPU
		{6AE302DB-2304-47C8-8E3C-96C85AC1D469}.Debug|x86.ActiveCfg = Debug|Any CPU
		{6AE302DB-2304-47C8-8E3C-96C85AC1D469}.Release|Any CPU.ActiveCfg = Release|Any CPU
		{6AE302DB-2304-47C8-8E3C-96C85AC1D469}.Release|Any CPU.Build.0 = Release|Any CPU
		{6AE302DB-2304-47C8-8E3C-96C85AC1D469}.Release|Mixed Platforms.ActiveCfg = Release|Any CPU
		{6AE302DB-2304-47C8-8E3C-96C85AC1D469}.Release|Mixed Platforms.Build.0 = Release|Any CPU
		{6AE302DB-2304-47C8-8E3C-96C85AC1D469}.Release|Win32.ActiveCfg = Release|Any CPU
		{6AE302DB-2304-47C8-8E3C-96C85AC1D469}.Release|x86.ActiveCfg = Release|Any CPU
		{5A78BF40-7D5B-467E-8CE4-9659F22669D0}.Debug VS2010 Build|Any CPU.ActiveCfg = Debug|Any CPU
		{5A78BF40-7D5B-467E-8CE4-9659F22669D0}.Debug VS2010 Build|Any CPU.Build.0 = Debug|Any CPU
		{5A78BF40-7D5B-467E-8CE4-9659F22669D0}.Debug VS2010 Build|Mixed Platforms.ActiveCfg = Debug|Any CPU
		{5A78BF40-7D5B-467E-8CE4-9659F22669D0}.Debug VS2010 Build|Mixed Platforms.Build.0 = Debug|Any CPU
		{5A78BF40-7D5B-467E-8CE4-9659F22669D0}.Debug VS2010 Build|Win32.ActiveCfg = Debug|Any CPU
		{5A78BF40-7D5B-467E-8CE4-9659F22669D0}.Debug VS2010 Build|x86.ActiveCfg = Debug|Any CPU
		{5A78BF40-7D5B-467E-8CE4-9659F22669D0}.Debug|Any CPU.ActiveCfg = Debug|Any CPU
		{5A78BF40-7D5B-467E-8CE4-9659F22669D0}.Debug|Any CPU.Build.0 = Debug|Any CPU
		{5A78BF40-7D5B-467E-8CE4-9659F22669D0}.Debug|Mixed Platforms.ActiveCfg = Debug|Any CPU
		{5A78BF40-7D5B-467E-8CE4-9659F22669D0}.Debug|Mixed Platforms.Build.0 = Debug|Any CPU
		{5A78BF40-7D5B-467E-8CE4-9659F22669D0}.Debug|Win32.ActiveCfg = Debug|Any CPU
		{5A78BF40-7D5B-467E-8CE4-9659F22669D0}.Debug|x86.ActiveCfg = Debug|Any CPU
		{5A78BF40-7D5B-467E-8CE4-9659F22669D0}.Release|Any CPU.ActiveCfg = Release|Any CPU
		{5A78BF40-7D5B-467E-8CE4-9659F22669D0}.Release|Any CPU.Build.0 = Release|Any CPU
		{5A78BF40-7D5B-467E-8CE4-9659F22669D0}.Release|Mixed Platforms.ActiveCfg = Release|Any CPU
		{5A78BF40-7D5B-467E-8CE4-9659F22669D0}.Release|Mixed Platforms.Build.0 = Release|Any CPU
		{5A78BF40-7D5B-467E-8CE4-9659F22669D0}.Release|Win32.ActiveCfg = Release|Any CPU
		{5A78BF40-7D5B-467E-8CE4-9659F22669D0}.Release|x86.ActiveCfg = Release|Any CPU
		{DFFE75F2-61CC-4CEA-87A5-1C573436DE9E}.Debug VS2010 Build|Any CPU.ActiveCfg = Debug|Any CPU
		{DFFE75F2-61CC-4CEA-87A5-1C573436DE9E}.Debug VS2010 Build|Any CPU.Build.0 = Debug|Any CPU
		{DFFE75F2-61CC-4CEA-87A5-1C573436DE9E}.Debug VS2010 Build|Mixed Platforms.ActiveCfg = Debug|Any CPU
		{DFFE75F2-61CC-4CEA-87A5-1C573436DE9E}.Debug VS2010 Build|Mixed Platforms.Build.0 = Debug|Any CPU
		{DFFE75F2-61CC-4CEA-87A5-1C573436DE9E}.Debug VS2010 Build|Win32.ActiveCfg = Debug|Any CPU
		{DFFE75F2-61CC-4CEA-87A5-1C573436DE9E}.Debug VS2010 Build|x86.ActiveCfg = Debug|Any CPU
		{DFFE75F2-61CC-4CEA-87A5-1C573436DE9E}.Debug|Any CPU.ActiveCfg = Debug|Any CPU
		{DFFE75F2-61CC-4CEA-87A5-1C573436DE9E}.Debug|Any CPU.Build.0 = Debug|Any CPU
		{DFFE75F2-61CC-4CEA-87A5-1C573436DE9E}.Debug|Mixed Platforms.ActiveCfg = Debug|Any CPU
		{DFFE75F2-61CC-4CEA-87A5-1C573436DE9E}.Debug|Mixed Platforms.Build.0 = Debug|Any CPU
		{DFFE75F2-61CC-4CEA-87A5-1C573436DE9E}.Debug|Win32.ActiveCfg = Debug|Any CPU
		{DFFE75F2-61CC-4CEA-87A5-1C573436DE9E}.Debug|x86.ActiveCfg = Debug|Any CPU
		{DFFE75F2-61CC-4CEA-87A5-1C573436DE9E}.Release|Any CPU.ActiveCfg = Release|Any CPU
		{DFFE75F2-61CC-4CEA-87A5-1C573436DE9E}.Release|Any CPU.Build.0 = Release|Any CPU
		{DFFE75F2-61CC-4CEA-87A5-1C573436DE9E}.Release|Mixed Platforms.ActiveCfg = Release|Any CPU
		{DFFE75F2-61CC-4CEA-87A5-1C573436DE9E}.Release|Mixed Platforms.Build.0 = Release|Any CPU
		{DFFE75F2-61CC-4CEA-87A5-1C573436DE9E}.Release|Win32.ActiveCfg = Release|Any CPU
		{DFFE75F2-61CC-4CEA-87A5-1C573436DE9E}.Release|x86.ActiveCfg = Release|Any CPU
		{926552F5-A4D1-4EE2-8368-285A81F11721}.Debug VS2010 Build|Any CPU.ActiveCfg = Debug|Any CPU
		{926552F5-A4D1-4EE2-8368-285A81F11721}.Debug VS2010 Build|Any CPU.Build.0 = Debug|Any CPU
		{926552F5-A4D1-4EE2-8368-285A81F11721}.Debug VS2010 Build|Mixed Platforms.ActiveCfg = Debug|Any CPU
		{926552F5-A4D1-4EE2-8368-285A81F11721}.Debug VS2010 Build|Mixed Platforms.Build.0 = Debug|Any CPU
		{926552F5-A4D1-4EE2-8368-285A81F11721}.Debug VS2010 Build|Win32.ActiveCfg = Debug|Any CPU
		{926552F5-A4D1-4EE2-8368-285A81F11721}.Debug VS2010 Build|x86.ActiveCfg = Debug|Any CPU
		{926552F5-A4D1-4EE2-8368-285A81F11721}.Debug|Any CPU.ActiveCfg = Debug|Any CPU
		{926552F5-A4D1-4EE2-8368-285A81F11721}.Debug|Any CPU.Build.0 = Debug|Any CPU
		{926552F5-A4D1-4EE2-8368-285A81F11721}.Debug|Mixed Platforms.ActiveCfg = Debug|Any CPU
		{926552F5-A4D1-4EE2-8368-285A81F11721}.Debug|Mixed Platforms.Build.0 = Debug|Any CPU
		{926552F5-A4D1-4EE2-8368-285A81F11721}.Debug|Win32.ActiveCfg = Debug|Any CPU
		{926552F5-A4D1-4EE2-8368-285A81F11721}.Debug|x86.ActiveCfg = Debug|Any CPU
		{926552F5-A4D1-4EE2-8368-285A81F11721}.Release|Any CPU.ActiveCfg = Release|Any CPU
		{926552F5-A4D1-4EE2-8368-285A81F11721}.Release|Any CPU.Build.0 = Release|Any CPU
		{926552F5-A4D1-4EE2-8368-285A81F11721}.Release|Mixed Platforms.ActiveCfg = Release|Any CPU
		{926552F5-A4D1-4EE2-8368-285A81F11721}.Release|Mixed Platforms.Build.0 = Release|Any CPU
		{926552F5-A4D1-4EE2-8368-285A81F11721}.Release|Win32.ActiveCfg = Release|Any CPU
		{926552F5-A4D1-4EE2-8368-285A81F11721}.Release|x86.ActiveCfg = Release|Any CPU
		{6748E175-B799-427E-A7FD-625EEF5AFB91}.Debug VS2010 Build|Any CPU.ActiveCfg = Debug|Any CPU
		{6748E175-B799-427E-A7FD-625EEF5AFB91}.Debug VS2010 Build|Any CPU.Build.0 = Debug|Any CPU
		{6748E175-B799-427E-A7FD-625EEF5AFB91}.Debug VS2010 Build|Mixed Platforms.ActiveCfg = Debug|Any CPU
		{6748E175-B799-427E-A7FD-625EEF5AFB91}.Debug VS2010 Build|Mixed Platforms.Build.0 = Debug|Any CPU
		{6748E175-B799-427E-A7FD-625EEF5AFB91}.Debug VS2010 Build|Win32.ActiveCfg = Debug|Any CPU
		{6748E175-B799-427E-A7FD-625EEF5AFB91}.Debug VS2010 Build|x86.ActiveCfg = Debug|Any CPU
		{6748E175-B799-427E-A7FD-625EEF5AFB91}.Debug|Any CPU.ActiveCfg = Debug|Any CPU
		{6748E175-B799-427E-A7FD-625EEF5AFB91}.Debug|Any CPU.Build.0 = Debug|Any CPU
		{6748E175-B799-427E-A7FD-625EEF5AFB91}.Debug|Mixed Platforms.ActiveCfg = Debug|Any CPU
		{6748E175-B799-427E-A7FD-625EEF5AFB91}.Debug|Mixed Platforms.Build.0 = Debug|Any CPU
		{6748E175-B799-427E-A7FD-625EEF5AFB91}.Debug|Win32.ActiveCfg = Debug|Any CPU
		{6748E175-B799-427E-A7FD-625EEF5AFB91}.Debug|x86.ActiveCfg = Debug|Any CPU
		{6748E175-B799-427E-A7FD-625EEF5AFB91}.Release|Any CPU.ActiveCfg = Release|Any CPU
		{6748E175-B799-427E-A7FD-625EEF5AFB91}.Release|Any CPU.Build.0 = Release|Any CPU
		{6748E175-B799-427E-A7FD-625EEF5AFB91}.Release|Mixed Platforms.ActiveCfg = Release|Any CPU
		{6748E175-B799-427E-A7FD-625EEF5AFB91}.Release|Mixed Platforms.Build.0 = Release|Any CPU
		{6748E175-B799-427E-A7FD-625EEF5AFB91}.Release|Win32.ActiveCfg = Release|Any CPU
		{6748E175-B799-427E-A7FD-625EEF5AFB91}.Release|x86.ActiveCfg = Release|Any CPU
		{59D6F9BE-5344-496A-9E03-A2A0020DAAC4}.Debug VS2010 Build|Any CPU.ActiveCfg = Debug|Any CPU
		{59D6F9BE-5344-496A-9E03-A2A0020DAAC4}.Debug VS2010 Build|Any CPU.Build.0 = Debug|Any CPU
		{59D6F9BE-5344-496A-9E03-A2A0020DAAC4}.Debug VS2010 Build|Mixed Platforms.ActiveCfg = Debug|Any CPU
		{59D6F9BE-5344-496A-9E03-A2A0020DAAC4}.Debug VS2010 Build|Mixed Platforms.Build.0 = Debug|Any CPU
		{59D6F9BE-5344-496A-9E03-A2A0020DAAC4}.Debug VS2010 Build|Win32.ActiveCfg = Debug|Any CPU
		{59D6F9BE-5344-496A-9E03-A2A0020DAAC4}.Debug VS2010 Build|x86.ActiveCfg = Debug|Any CPU
		{59D6F9BE-5344-496A-9E03-A2A0020DAAC4}.Debug|Any CPU.ActiveCfg = Debug|Any CPU
		{59D6F9BE-5344-496A-9E03-A2A0020DAAC4}.Debug|Any CPU.Build.0 = Debug|Any CPU
		{59D6F9BE-5344-496A-9E03-A2A0020DAAC4}.Debug|Mixed Platforms.ActiveCfg = Debug|Any CPU
		{59D6F9BE-5344-496A-9E03-A2A0020DAAC4}.Debug|Mixed Platforms.Build.0 = Debug|Any CPU
		{59D6F9BE-5344-496A-9E03-A2A0020DAAC4}.Debug|Win32.ActiveCfg = Debug|Any CPU
		{59D6F9BE-5344-496A-9E03-A2A0020DAAC4}.Debug|x86.ActiveCfg = Debug|Any CPU
		{59D6F9BE-5344-496A-9E03-A2A0020DAAC4}.Release|Any CPU.ActiveCfg = Release|Any CPU
		{59D6F9BE-5344-496A-9E03-A2A0020DAAC4}.Release|Any CPU.Build.0 = Release|Any CPU
		{59D6F9BE-5344-496A-9E03-A2A0020DAAC4}.Release|Mixed Platforms.ActiveCfg = Release|Any CPU
		{59D6F9BE-5344-496A-9E03-A2A0020DAAC4}.Release|Mixed Platforms.Build.0 = Release|Any CPU
		{59D6F9BE-5344-496A-9E03-A2A0020DAAC4}.Release|Win32.ActiveCfg = Release|Any CPU
		{59D6F9BE-5344-496A-9E03-A2A0020DAAC4}.Release|x86.ActiveCfg = Release|Any CPU
		{F79D62B3-1B27-45D5-B28B-9505E92A93A3}.Debug VS2010 Build|Any CPU.ActiveCfg = Debug|Any CPU
		{F79D62B3-1B27-45D5-B28B-9505E92A93A3}.Debug VS2010 Build|Mixed Platforms.ActiveCfg = Debug|Any CPU
		{F79D62B3-1B27-45D5-B28B-9505E92A93A3}.Debug VS2010 Build|Win32.ActiveCfg = Debug|Any CPU
		{F79D62B3-1B27-45D5-B28B-9505E92A93A3}.Debug VS2010 Build|x86.ActiveCfg = Debug|Any CPU
		{F79D62B3-1B27-45D5-B28B-9505E92A93A3}.Debug|Any CPU.ActiveCfg = Debug|Any CPU
		{F79D62B3-1B27-45D5-B28B-9505E92A93A3}.Debug|Mixed Platforms.ActiveCfg = Debug|Any CPU
		{F79D62B3-1B27-45D5-B28B-9505E92A93A3}.Debug|Mixed Platforms.Build.0 = Debug|Any CPU
		{F79D62B3-1B27-45D5-B28B-9505E92A93A3}.Debug|Win32.ActiveCfg = Debug|Any CPU
		{F79D62B3-1B27-45D5-B28B-9505E92A93A3}.Debug|x86.ActiveCfg = Debug|Any CPU
		{F79D62B3-1B27-45D5-B28B-9505E92A93A3}.Release|Any CPU.ActiveCfg = Release|Any CPU
		{F79D62B3-1B27-45D5-B28B-9505E92A93A3}.Release|Mixed Platforms.ActiveCfg = Release|Any CPU
		{F79D62B3-1B27-45D5-B28B-9505E92A93A3}.Release|Mixed Platforms.Build.0 = Release|Any CPU
		{F79D62B3-1B27-45D5-B28B-9505E92A93A3}.Release|Win32.ActiveCfg = Release|Any CPU
		{F79D62B3-1B27-45D5-B28B-9505E92A93A3}.Release|x86.ActiveCfg = Release|Any CPU
		{7E899D6E-07D6-4695-B5D5-F9E62E31D5F6}.Debug VS2010 Build|Any CPU.ActiveCfg = Debug|Any CPU
		{7E899D6E-07D6-4695-B5D5-F9E62E31D5F6}.Debug VS2010 Build|Any CPU.Build.0 = Debug|Any CPU
		{7E899D6E-07D6-4695-B5D5-F9E62E31D5F6}.Debug VS2010 Build|Mixed Platforms.ActiveCfg = Debug|Any CPU
		{7E899D6E-07D6-4695-B5D5-F9E62E31D5F6}.Debug VS2010 Build|Mixed Platforms.Build.0 = Debug|Any CPU
		{7E899D6E-07D6-4695-B5D5-F9E62E31D5F6}.Debug VS2010 Build|Win32.ActiveCfg = Debug|Any CPU
		{7E899D6E-07D6-4695-B5D5-F9E62E31D5F6}.Debug VS2010 Build|x86.ActiveCfg = Debug|Any CPU
		{7E899D6E-07D6-4695-B5D5-F9E62E31D5F6}.Debug|Any CPU.ActiveCfg = Debug|Any CPU
		{7E899D6E-07D6-4695-B5D5-F9E62E31D5F6}.Debug|Any CPU.Build.0 = Debug|Any CPU
		{7E899D6E-07D6-4695-B5D5-F9E62E31D5F6}.Debug|Mixed Platforms.ActiveCfg = Debug|Any CPU
		{7E899D6E-07D6-4695-B5D5-F9E62E31D5F6}.Debug|Mixed Platforms.Build.0 = Debug|Any CPU
		{7E899D6E-07D6-4695-B5D5-F9E62E31D5F6}.Debug|Win32.ActiveCfg = Debug|Any CPU
		{7E899D6E-07D6-4695-B5D5-F9E62E31D5F6}.Debug|x86.ActiveCfg = Debug|Any CPU
		{7E899D6E-07D6-4695-B5D5-F9E62E31D5F6}.Release|Any CPU.ActiveCfg = Release|Any CPU
		{7E899D6E-07D6-4695-B5D5-F9E62E31D5F6}.Release|Any CPU.Build.0 = Release|Any CPU
		{7E899D6E-07D6-4695-B5D5-F9E62E31D5F6}.Release|Mixed Platforms.ActiveCfg = Release|Any CPU
		{7E899D6E-07D6-4695-B5D5-F9E62E31D5F6}.Release|Mixed Platforms.Build.0 = Release|Any CPU
		{7E899D6E-07D6-4695-B5D5-F9E62E31D5F6}.Release|Win32.ActiveCfg = Release|Any CPU
		{7E899D6E-07D6-4695-B5D5-F9E62E31D5F6}.Release|x86.ActiveCfg = Release|Any CPU
		{4CEE1A45-E01E-4BCC-8145-5C593ADF28BC}.Debug VS2010 Build|Any CPU.ActiveCfg = Debug|Any CPU
		{4CEE1A45-E01E-4BCC-8145-5C593ADF28BC}.Debug VS2010 Build|Any CPU.Build.0 = Debug|Any CPU
		{4CEE1A45-E01E-4BCC-8145-5C593ADF28BC}.Debug VS2010 Build|Mixed Platforms.ActiveCfg = Debug|Any CPU
		{4CEE1A45-E01E-4BCC-8145-5C593ADF28BC}.Debug VS2010 Build|Mixed Platforms.Build.0 = Debug|Any CPU
		{4CEE1A45-E01E-4BCC-8145-5C593ADF28BC}.Debug VS2010 Build|Win32.ActiveCfg = Debug|Any CPU
		{4CEE1A45-E01E-4BCC-8145-5C593ADF28BC}.Debug VS2010 Build|x86.ActiveCfg = Debug|Any CPU
		{4CEE1A45-E01E-4BCC-8145-5C593ADF28BC}.Debug|Any CPU.ActiveCfg = Debug|Any CPU
		{4CEE1A45-E01E-4BCC-8145-5C593ADF28BC}.Debug|Any CPU.Build.0 = Debug|Any CPU
		{4CEE1A45-E01E-4BCC-8145-5C593ADF28BC}.Debug|Mixed Platforms.ActiveCfg = Debug|Any CPU
		{4CEE1A45-E01E-4BCC-8145-5C593ADF28BC}.Debug|Mixed Platforms.Build.0 = Debug|Any CPU
		{4CEE1A45-E01E-4BCC-8145-5C593ADF28BC}.Debug|Win32.ActiveCfg = Debug|Any CPU
		{4CEE1A45-E01E-4BCC-8145-5C593ADF28BC}.Debug|x86.ActiveCfg = Debug|Any CPU
		{4CEE1A45-E01E-4BCC-8145-5C593ADF28BC}.Release|Any CPU.ActiveCfg = Release|Any CPU
		{4CEE1A45-E01E-4BCC-8145-5C593ADF28BC}.Release|Any CPU.Build.0 = Release|Any CPU
		{4CEE1A45-E01E-4BCC-8145-5C593ADF28BC}.Release|Mixed Platforms.ActiveCfg = Release|Any CPU
		{4CEE1A45-E01E-4BCC-8145-5C593ADF28BC}.Release|Mixed Platforms.Build.0 = Release|Any CPU
		{4CEE1A45-E01E-4BCC-8145-5C593ADF28BC}.Release|Win32.ActiveCfg = Release|Any CPU
		{4CEE1A45-E01E-4BCC-8145-5C593ADF28BC}.Release|x86.ActiveCfg = Release|Any CPU
		{FE98588C-7FEE-414E-9EAB-F36BF64C88C0}.Debug VS2010 Build|Any CPU.ActiveCfg = Debug|x86
		{FE98588C-7FEE-414E-9EAB-F36BF64C88C0}.Debug VS2010 Build|Mixed Platforms.ActiveCfg = Debug|x86
		{FE98588C-7FEE-414E-9EAB-F36BF64C88C0}.Debug VS2010 Build|Mixed Platforms.Build.0 = Debug|x86
		{FE98588C-7FEE-414E-9EAB-F36BF64C88C0}.Debug VS2010 Build|Win32.ActiveCfg = Debug|x86
		{FE98588C-7FEE-414E-9EAB-F36BF64C88C0}.Debug VS2010 Build|x86.ActiveCfg = Debug|x86
		{FE98588C-7FEE-414E-9EAB-F36BF64C88C0}.Debug VS2010 Build|x86.Build.0 = Debug|x86
		{FE98588C-7FEE-414E-9EAB-F36BF64C88C0}.Debug|Any CPU.ActiveCfg = Debug|x86
		{FE98588C-7FEE-414E-9EAB-F36BF64C88C0}.Debug|Mixed Platforms.ActiveCfg = Debug|x86
		{FE98588C-7FEE-414E-9EAB-F36BF64C88C0}.Debug|Mixed Platforms.Build.0 = Debug|x86
		{FE98588C-7FEE-414E-9EAB-F36BF64C88C0}.Debug|Win32.ActiveCfg = Debug|x86
		{FE98588C-7FEE-414E-9EAB-F36BF64C88C0}.Debug|x86.ActiveCfg = Debug|x86
		{FE98588C-7FEE-414E-9EAB-F36BF64C88C0}.Debug|x86.Build.0 = Debug|x86
		{FE98588C-7FEE-414E-9EAB-F36BF64C88C0}.Release|Any CPU.ActiveCfg = Release|x86
		{FE98588C-7FEE-414E-9EAB-F36BF64C88C0}.Release|Mixed Platforms.ActiveCfg = Release|x86
		{FE98588C-7FEE-414E-9EAB-F36BF64C88C0}.Release|Mixed Platforms.Build.0 = Release|x86
		{FE98588C-7FEE-414E-9EAB-F36BF64C88C0}.Release|Win32.ActiveCfg = Release|x86
		{FE98588C-7FEE-414E-9EAB-F36BF64C88C0}.Release|x86.ActiveCfg = Release|x86
		{FE98588C-7FEE-414E-9EAB-F36BF64C88C0}.Release|x86.Build.0 = Release|x86
		{18023934-17CF-421E-87C2-61838B7498C6}.Debug VS2010 Build|Any CPU.ActiveCfg = Debug|Any CPU
		{18023934-17CF-421E-87C2-61838B7498C6}.Debug VS2010 Build|Any CPU.Build.0 = Debug|Any CPU
		{18023934-17CF-421E-87C2-61838B7498C6}.Debug VS2010 Build|Mixed Platforms.ActiveCfg = Debug|Any CPU
		{18023934-17CF-421E-87C2-61838B7498C6}.Debug VS2010 Build|Mixed Platforms.Build.0 = Debug|Any CPU
		{18023934-17CF-421E-87C2-61838B7498C6}.Debug VS2010 Build|Win32.ActiveCfg = Debug|Any CPU
		{18023934-17CF-421E-87C2-61838B7498C6}.Debug VS2010 Build|x86.ActiveCfg = Debug|Any CPU
		{18023934-17CF-421E-87C2-61838B7498C6}.Debug|Any CPU.ActiveCfg = Debug|Any CPU
		{18023934-17CF-421E-87C2-61838B7498C6}.Debug|Any CPU.Build.0 = Debug|Any CPU
		{18023934-17CF-421E-87C2-61838B7498C6}.Debug|Mixed Platforms.ActiveCfg = Debug|Any CPU
		{18023934-17CF-421E-87C2-61838B7498C6}.Debug|Mixed Platforms.Build.0 = Debug|Any CPU
		{18023934-17CF-421E-87C2-61838B7498C6}.Debug|Win32.ActiveCfg = Debug|Any CPU
		{18023934-17CF-421E-87C2-61838B7498C6}.Debug|x86.ActiveCfg = Debug|Any CPU
		{18023934-17CF-421E-87C2-61838B7498C6}.Release|Any CPU.ActiveCfg = Release|Any CPU
		{18023934-17CF-421E-87C2-61838B7498C6}.Release|Any CPU.Build.0 = Release|Any CPU
		{18023934-17CF-421E-87C2-61838B7498C6}.Release|Mixed Platforms.ActiveCfg = Release|Any CPU
		{18023934-17CF-421E-87C2-61838B7498C6}.Release|Mixed Platforms.Build.0 = Release|Any CPU
		{18023934-17CF-421E-87C2-61838B7498C6}.Release|Win32.ActiveCfg = Release|Any CPU
		{18023934-17CF-421E-87C2-61838B7498C6}.Release|x86.ActiveCfg = Release|Any CPU
		{0588D27B-7D87-4B33-9120-4C0A9E7D6665}.Debug VS2010 Build|Any CPU.ActiveCfg = Debug|x86
		{0588D27B-7D87-4B33-9120-4C0A9E7D6665}.Debug VS2010 Build|Mixed Platforms.ActiveCfg = Debug|x86
		{0588D27B-7D87-4B33-9120-4C0A9E7D6665}.Debug VS2010 Build|Mixed Platforms.Build.0 = Debug|x86
		{0588D27B-7D87-4B33-9120-4C0A9E7D6665}.Debug VS2010 Build|Win32.ActiveCfg = Debug|x86
		{0588D27B-7D87-4B33-9120-4C0A9E7D6665}.Debug VS2010 Build|x86.ActiveCfg = Debug|x86
		{0588D27B-7D87-4B33-9120-4C0A9E7D6665}.Debug VS2010 Build|x86.Build.0 = Debug|x86
		{0588D27B-7D87-4B33-9120-4C0A9E7D6665}.Debug|Any CPU.ActiveCfg = Debug|x86
		{0588D27B-7D87-4B33-9120-4C0A9E7D6665}.Debug|Mixed Platforms.ActiveCfg = Debug|x86
		{0588D27B-7D87-4B33-9120-4C0A9E7D6665}.Debug|Mixed Platforms.Build.0 = Debug|x86
		{0588D27B-7D87-4B33-9120-4C0A9E7D6665}.Debug|Win32.ActiveCfg = Debug|x86
		{0588D27B-7D87-4B33-9120-4C0A9E7D6665}.Debug|x86.ActiveCfg = Debug|x86
		{0588D27B-7D87-4B33-9120-4C0A9E7D6665}.Debug|x86.Build.0 = Debug|x86
		{0588D27B-7D87-4B33-9120-4C0A9E7D6665}.Release|Any CPU.ActiveCfg = Release|x86
		{0588D27B-7D87-4B33-9120-4C0A9E7D6665}.Release|Mixed Platforms.ActiveCfg = Release|x86
		{0588D27B-7D87-4B33-9120-4C0A9E7D6665}.Release|Mixed Platforms.Build.0 = Release|x86
		{0588D27B-7D87-4B33-9120-4C0A9E7D6665}.Release|Win32.ActiveCfg = Release|x86
		{0588D27B-7D87-4B33-9120-4C0A9E7D6665}.Release|x86.ActiveCfg = Release|x86
		{0588D27B-7D87-4B33-9120-4C0A9E7D6665}.Release|x86.Build.0 = Release|x86
		{097A6937-AABA-4D8C-9CDE-3566564E9A18}.Debug VS2010 Build|Any CPU.ActiveCfg = Debug|Any CPU
		{097A6937-AABA-4D8C-9CDE-3566564E9A18}.Debug VS2010 Build|Any CPU.Build.0 = Debug|Any CPU
		{097A6937-AABA-4D8C-9CDE-3566564E9A18}.Debug VS2010 Build|Mixed Platforms.ActiveCfg = Debug|Any CPU
		{097A6937-AABA-4D8C-9CDE-3566564E9A18}.Debug VS2010 Build|Mixed Platforms.Build.0 = Debug|Any CPU
		{097A6937-AABA-4D8C-9CDE-3566564E9A18}.Debug VS2010 Build|Win32.ActiveCfg = Debug|Any CPU
		{097A6937-AABA-4D8C-9CDE-3566564E9A18}.Debug VS2010 Build|x86.ActiveCfg = Debug|Any CPU
		{097A6937-AABA-4D8C-9CDE-3566564E9A18}.Debug|Any CPU.ActiveCfg = Debug|Any CPU
		{097A6937-AABA-4D8C-9CDE-3566564E9A18}.Debug|Any CPU.Build.0 = Debug|Any CPU
		{097A6937-AABA-4D8C-9CDE-3566564E9A18}.Debug|Mixed Platforms.ActiveCfg = Debug|Any CPU
		{097A6937-AABA-4D8C-9CDE-3566564E9A18}.Debug|Mixed Platforms.Build.0 = Debug|Any CPU
		{097A6937-AABA-4D8C-9CDE-3566564E9A18}.Debug|Win32.ActiveCfg = Debug|Any CPU
		{097A6937-AABA-4D8C-9CDE-3566564E9A18}.Debug|x86.ActiveCfg = Debug|Any CPU
		{097A6937-AABA-4D8C-9CDE-3566564E9A18}.Release|Any CPU.ActiveCfg = Release|Any CPU
		{097A6937-AABA-4D8C-9CDE-3566564E9A18}.Release|Any CPU.Build.0 = Release|Any CPU
		{097A6937-AABA-4D8C-9CDE-3566564E9A18}.Release|Mixed Platforms.ActiveCfg = Release|Any CPU
		{097A6937-AABA-4D8C-9CDE-3566564E9A18}.Release|Mixed Platforms.Build.0 = Release|Any CPU
		{097A6937-AABA-4D8C-9CDE-3566564E9A18}.Release|Win32.ActiveCfg = Release|Any CPU
		{097A6937-AABA-4D8C-9CDE-3566564E9A18}.Release|x86.ActiveCfg = Release|Any CPU
		{7102B4CF-9B9D-4827-ADCA-D23971CD84C3}.Debug VS2010 Build|Any CPU.ActiveCfg = Debug|Any CPU
		{7102B4CF-9B9D-4827-ADCA-D23971CD84C3}.Debug VS2010 Build|Any CPU.Build.0 = Debug|Any CPU
		{7102B4CF-9B9D-4827-ADCA-D23971CD84C3}.Debug VS2010 Build|Mixed Platforms.ActiveCfg = Debug|Any CPU
		{7102B4CF-9B9D-4827-ADCA-D23971CD84C3}.Debug VS2010 Build|Mixed Platforms.Build.0 = Debug|Any CPU
		{7102B4CF-9B9D-4827-ADCA-D23971CD84C3}.Debug VS2010 Build|Win32.ActiveCfg = Debug|Any CPU
		{7102B4CF-9B9D-4827-ADCA-D23971CD84C3}.Debug VS2010 Build|x86.ActiveCfg = Debug|Any CPU
		{7102B4CF-9B9D-4827-ADCA-D23971CD84C3}.Debug|Any CPU.ActiveCfg = Debug|Any CPU
		{7102B4CF-9B9D-4827-ADCA-D23971CD84C3}.Debug|Any CPU.Build.0 = Debug|Any CPU
		{7102B4CF-9B9D-4827-ADCA-D23971CD84C3}.Debug|Mixed Platforms.ActiveCfg = Debug|Any CPU
		{7102B4CF-9B9D-4827-ADCA-D23971CD84C3}.Debug|Mixed Platforms.Build.0 = Debug|Any CPU
		{7102B4CF-9B9D-4827-ADCA-D23971CD84C3}.Debug|Win32.ActiveCfg = Debug|Any CPU
		{7102B4CF-9B9D-4827-ADCA-D23971CD84C3}.Debug|x86.ActiveCfg = Debug|Any CPU
		{7102B4CF-9B9D-4827-ADCA-D23971CD84C3}.Release|Any CPU.ActiveCfg = Release|Any CPU
		{7102B4CF-9B9D-4827-ADCA-D23971CD84C3}.Release|Any CPU.Build.0 = Release|Any CPU
		{7102B4CF-9B9D-4827-ADCA-D23971CD84C3}.Release|Mixed Platforms.ActiveCfg = Release|Any CPU
		{7102B4CF-9B9D-4827-ADCA-D23971CD84C3}.Release|Mixed Platforms.Build.0 = Release|Any CPU
		{7102B4CF-9B9D-4827-ADCA-D23971CD84C3}.Release|Win32.ActiveCfg = Release|Any CPU
		{7102B4CF-9B9D-4827-ADCA-D23971CD84C3}.Release|x86.ActiveCfg = Release|Any CPU
		{7E4C1857-240E-4BD2-B4CE-D37BF0E41DF6}.Debug VS2010 Build|Any CPU.ActiveCfg = Debug|Any CPU
		{7E4C1857-240E-4BD2-B4CE-D37BF0E41DF6}.Debug VS2010 Build|Any CPU.Build.0 = Debug|Any CPU
		{7E4C1857-240E-4BD2-B4CE-D37BF0E41DF6}.Debug VS2010 Build|Mixed Platforms.ActiveCfg = Debug|Any CPU
		{7E4C1857-240E-4BD2-B4CE-D37BF0E41DF6}.Debug VS2010 Build|Mixed Platforms.Build.0 = Debug|Any CPU
		{7E4C1857-240E-4BD2-B4CE-D37BF0E41DF6}.Debug VS2010 Build|Win32.ActiveCfg = Debug|Any CPU
		{7E4C1857-240E-4BD2-B4CE-D37BF0E41DF6}.Debug VS2010 Build|x86.ActiveCfg = Debug|Any CPU
		{7E4C1857-240E-4BD2-B4CE-D37BF0E41DF6}.Debug|Any CPU.ActiveCfg = Debug|Any CPU
		{7E4C1857-240E-4BD2-B4CE-D37BF0E41DF6}.Debug|Any CPU.Build.0 = Debug|Any CPU
		{7E4C1857-240E-4BD2-B4CE-D37BF0E41DF6}.Debug|Mixed Platforms.ActiveCfg = Debug|Any CPU
		{7E4C1857-240E-4BD2-B4CE-D37BF0E41DF6}.Debug|Mixed Platforms.Build.0 = Debug|Any CPU
		{7E4C1857-240E-4BD2-B4CE-D37BF0E41DF6}.Debug|Win32.ActiveCfg = Debug|Any CPU
		{7E4C1857-240E-4BD2-B4CE-D37BF0E41DF6}.Debug|x86.ActiveCfg = Debug|Any CPU
		{7E4C1857-240E-4BD2-B4CE-D37BF0E41DF6}.Release|Any CPU.ActiveCfg = Release|Any CPU
		{7E4C1857-240E-4BD2-B4CE-D37BF0E41DF6}.Release|Any CPU.Build.0 = Release|Any CPU
		{7E4C1857-240E-4BD2-B4CE-D37BF0E41DF6}.Release|Mixed Platforms.ActiveCfg = Release|Any CPU
		{7E4C1857-240E-4BD2-B4CE-D37BF0E41DF6}.Release|Mixed Platforms.Build.0 = Release|Any CPU
		{7E4C1857-240E-4BD2-B4CE-D37BF0E41DF6}.Release|Win32.ActiveCfg = Release|Any CPU
		{7E4C1857-240E-4BD2-B4CE-D37BF0E41DF6}.Release|x86.ActiveCfg = Release|Any CPU
		{783E4198-A8F1-4E74-AF3E-0001B0AD516B}.Debug VS2010 Build|Any CPU.ActiveCfg = Debug|Any CPU
		{783E4198-A8F1-4E74-AF3E-0001B0AD516B}.Debug VS2010 Build|Any CPU.Build.0 = Debug|Any CPU
		{783E4198-A8F1-4E74-AF3E-0001B0AD516B}.Debug VS2010 Build|Mixed Platforms.ActiveCfg = Debug|Any CPU
		{783E4198-A8F1-4E74-AF3E-0001B0AD516B}.Debug VS2010 Build|Mixed Platforms.Build.0 = Debug|Any CPU
		{783E4198-A8F1-4E74-AF3E-0001B0AD516B}.Debug VS2010 Build|Win32.ActiveCfg = Debug|Any CPU
		{783E4198-A8F1-4E74-AF3E-0001B0AD516B}.Debug VS2010 Build|x86.ActiveCfg = Debug|Any CPU
		{783E4198-A8F1-4E74-AF3E-0001B0AD516B}.Debug|Any CPU.ActiveCfg = Debug|Any CPU
		{783E4198-A8F1-4E74-AF3E-0001B0AD516B}.Debug|Any CPU.Build.0 = Debug|Any CPU
		{783E4198-A8F1-4E74-AF3E-0001B0AD516B}.Debug|Mixed Platforms.ActiveCfg = Debug|Any CPU
		{783E4198-A8F1-4E74-AF3E-0001B0AD516B}.Debug|Mixed Platforms.Build.0 = Debug|Any CPU
		{783E4198-A8F1-4E74-AF3E-0001B0AD516B}.Debug|Win32.ActiveCfg = Debug|Any CPU
		{783E4198-A8F1-4E74-AF3E-0001B0AD516B}.Debug|x86.ActiveCfg = Debug|Any CPU
		{783E4198-A8F1-4E74-AF3E-0001B0AD516B}.Release|Any CPU.ActiveCfg = Release|Any CPU
		{783E4198-A8F1-4E74-AF3E-0001B0AD516B}.Release|Any CPU.Build.0 = Release|Any CPU
		{783E4198-A8F1-4E74-AF3E-0001B0AD516B}.Release|Mixed Platforms.ActiveCfg = Release|Any CPU
		{783E4198-A8F1-4E74-AF3E-0001B0AD516B}.Release|Mixed Platforms.Build.0 = Release|Any CPU
		{783E4198-A8F1-4E74-AF3E-0001B0AD516B}.Release|Win32.ActiveCfg = Release|Any CPU
		{783E4198-A8F1-4E74-AF3E-0001B0AD516B}.Release|x86.ActiveCfg = Release|Any CPU
		{D493DE2E-2DC8-4331-94F8-4E81E41DD6AB}.Debug VS2010 Build|Any CPU.ActiveCfg = Debug|Any CPU
		{D493DE2E-2DC8-4331-94F8-4E81E41DD6AB}.Debug VS2010 Build|Any CPU.Build.0 = Debug|Any CPU
		{D493DE2E-2DC8-4331-94F8-4E81E41DD6AB}.Debug VS2010 Build|Mixed Platforms.ActiveCfg = Debug|Any CPU
		{D493DE2E-2DC8-4331-94F8-4E81E41DD6AB}.Debug VS2010 Build|Mixed Platforms.Build.0 = Debug|Any CPU
		{D493DE2E-2DC8-4331-94F8-4E81E41DD6AB}.Debug VS2010 Build|Win32.ActiveCfg = Debug|Any CPU
		{D493DE2E-2DC8-4331-94F8-4E81E41DD6AB}.Debug VS2010 Build|x86.ActiveCfg = Debug|Any CPU
		{D493DE2E-2DC8-4331-94F8-4E81E41DD6AB}.Debug|Any CPU.ActiveCfg = Debug|Any CPU
		{D493DE2E-2DC8-4331-94F8-4E81E41DD6AB}.Debug|Any CPU.Build.0 = Debug|Any CPU
		{D493DE2E-2DC8-4331-94F8-4E81E41DD6AB}.Debug|Mixed Platforms.ActiveCfg = Debug|Any CPU
		{D493DE2E-2DC8-4331-94F8-4E81E41DD6AB}.Debug|Mixed Platforms.Build.0 = Debug|Any CPU
		{D493DE2E-2DC8-4331-94F8-4E81E41DD6AB}.Debug|Win32.ActiveCfg = Debug|Any CPU
		{D493DE2E-2DC8-4331-94F8-4E81E41DD6AB}.Debug|x86.ActiveCfg = Debug|Any CPU
		{D493DE2E-2DC8-4331-94F8-4E81E41DD6AB}.Release|Any CPU.ActiveCfg = Release|Any CPU
		{D493DE2E-2DC8-4331-94F8-4E81E41DD6AB}.Release|Any CPU.Build.0 = Release|Any CPU
		{D493DE2E-2DC8-4331-94F8-4E81E41DD6AB}.Release|Mixed Platforms.ActiveCfg = Release|Any CPU
		{D493DE2E-2DC8-4331-94F8-4E81E41DD6AB}.Release|Mixed Platforms.Build.0 = Release|Any CPU
		{D493DE2E-2DC8-4331-94F8-4E81E41DD6AB}.Release|Win32.ActiveCfg = Release|Any CPU
		{D493DE2E-2DC8-4331-94F8-4E81E41DD6AB}.Release|x86.ActiveCfg = Release|Any CPU
	EndGlobalSection
	GlobalSection(SolutionProperties) = preSolution
		HideSolutionNode = FALSE
	EndGlobalSection
	GlobalSection(NestedProjects) = preSolution
		{9DD9F407-F2C6-495A-9204-C9825C67E9B9} = {23C603E3-FE05-483F-A554-24260CA83EC3}
		{CA419760-C27E-418D-AE0F-869F40AB26E2} = {0815D61F-5C1B-45C0-A80B-3976BB540DA8}
		{CFBD26F3-E44E-41EB-89B1-2E84391A0686} = {23C603E3-FE05-483F-A554-24260CA83EC3}
		{49C00D37-5980-495F-80C6-43C5192C4A87} = {0815D61F-5C1B-45C0-A80B-3976BB540DA8}
		{12910BAF-29C4-48CA-B50D-4CCABDFB879A} = {23C603E3-FE05-483F-A554-24260CA83EC3}
		{91DF5775-5635-4DF3-A26F-5CFE1136763E} = {23C603E3-FE05-483F-A554-24260CA83EC3}
		{8FB3CC1B-D3F6-49A0-A700-3A212C4772DC} = {0815D61F-5C1B-45C0-A80B-3976BB540DA8}
		{FE4C0E46-0427-46E1-8CC9-4B26FB15F728} = {23C603E3-FE05-483F-A554-24260CA83EC3}
		{4D9293CF-0D56-4BB9-B50D-BC829E53C16F} = {0815D61F-5C1B-45C0-A80B-3976BB540DA8}
		{BD907681-AFE8-4008-97CD-11B138FDDCA7} = {23C603E3-FE05-483F-A554-24260CA83EC3}
		{B8C28B72-63C0-406B-B5C6-405667DB1D6D} = {0815D61F-5C1B-45C0-A80B-3976BB540DA8}
		{A01EDD42-F7F5-4E20-8DEB-9F66F2980662} = {23C603E3-FE05-483F-A554-24260CA83EC3}
		{7EEF2DDF-BEC6-4A1E-81E4-174D3BDF5CC3} = {23C603E3-FE05-483F-A554-24260CA83EC3}
		{C4042C0E-20B3-40C3-9CD1-D4FB2CA84FD9} = {0815D61F-5C1B-45C0-A80B-3976BB540DA8}
		{C2D616BD-C2AB-4130-93E5-2ADA2172A08A} = {0815D61F-5C1B-45C0-A80B-3976BB540DA8}
		{AA98EC2E-AC7C-4080-993B-F80592D31037} = {23C603E3-FE05-483F-A554-24260CA83EC3}
		{D4D5C421-6265-4674-A1F9-DC11A56FC030} = {0815D61F-5C1B-45C0-A80B-3976BB540DA8}
		{6DF6E969-44FD-462D-92B3-B97531C01216} = {23C603E3-FE05-483F-A554-24260CA83EC3}
		{35745A87-699D-481A-8142-C2BD9F238983} = {0815D61F-5C1B-45C0-A80B-3976BB540DA8}
		{6AE302DB-2304-47C8-8E3C-96C85AC1D469} = {23C603E3-FE05-483F-A554-24260CA83EC3}
		{5A78BF40-7D5B-467E-8CE4-9659F22669D0} = {0815D61F-5C1B-45C0-A80B-3976BB540DA8}
		{6748E175-B799-427E-A7FD-625EEF5AFB91} = {23C603E3-FE05-483F-A554-24260CA83EC3}
		{59D6F9BE-5344-496A-9E03-A2A0020DAAC4} = {0815D61F-5C1B-45C0-A80B-3976BB540DA8}
		{4CEE1A45-E01E-4BCC-8145-5C593ADF28BC} = {D9AF7182-5F6D-4AA6-AADD-CCF0C6CC4290}
		{FE98588C-7FEE-414E-9EAB-F36BF64C88C0} = {D9AF7182-5F6D-4AA6-AADD-CCF0C6CC4290}
		{18023934-17CF-421E-87C2-61838B7498C6} = {D9AF7182-5F6D-4AA6-AADD-CCF0C6CC4290}
		{0588D27B-7D87-4B33-9120-4C0A9E7D6665} = {D9AF7182-5F6D-4AA6-AADD-CCF0C6CC4290}
		{7102B4CF-9B9D-4827-ADCA-D23971CD84C3} = {23C603E3-FE05-483F-A554-24260CA83EC3}
		{7E4C1857-240E-4BD2-B4CE-D37BF0E41DF6} = {0815D61F-5C1B-45C0-A80B-3976BB540DA8}
		{783E4198-A8F1-4E74-AF3E-0001B0AD516B} = {0B63FBF2-7DDF-4003-9969-913A056ABD29}
	EndGlobalSection
EndGlobal
