
Microsoft Visual Studio Solution File, Format Version 12.00
# Visual Studio Version 16
VisualStudioVersion = 16.0.31515.178
MinimumVisualStudioVersion = 10.0.40219.1
Project("{2150E333-8FDC-42A3-9474-1A3956D46DE8}") = "buildtools", "buildtools", "{77A27C21-7B4C-4137-8959-88861F5EAE73}"
	ProjectSection(SolutionItems) = preProject
		..\buildtools\Common.Build.CSharp.settings = ..\buildtools\Common.Build.CSharp.settings
		..\buildtools\Common.Build.settings = ..\buildtools\Common.Build.settings
		..\buildtools\Common.Build.targets = ..\buildtools\Common.Build.targets
		..\buildtools\Package.AfterBuild.targets = ..\buildtools\Package.AfterBuild.targets
		..\buildtools\Package.Build.targets = ..\buildtools\Package.Build.targets
	EndProjectSection
EndProject
Project("{FAE04EC0-301F-11D3-BF4B-00C04F79EFBC}") = "AWSToolkit", "..\toolkitcore\AWSToolkit\AWSToolkit.csproj", "{687C1AA1-E4D2-4B17-8A5B-A9D57E311E5F}"
EndProject
Project("{FAE04EC0-301F-11D3-BF4B-00C04F79EFBC}") = "AWSToolkit.Util", "..\toolkitcore\AWSToolkit.Util\AWSToolkit.Util.csproj", "{7E899D6E-07D6-4695-B5D5-F9E62E31D5F6}"
EndProject
Project("{FAE04EC0-301F-11D3-BF4B-00C04F79EFBC}") = "AWSSDK.Extensions", "..\toolkitcore\AWSSDK.Extensions\AWSSDK.Extensions.csproj", "{20C1F223-EEF5-4EAB-9E2D-8DF31BB3FF45}"
EndProject
Project("{2150E333-8FDC-42A3-9474-1A3956D46DE8}") = "AWSDeploymentClient", "AWSDeploymentClient", "{C74FEDAE-A2DD-4033-9CDD-9005681D6059}"
EndProject
Project("{FAE04EC0-301F-11D3-BF4B-00C04F79EFBC}") = "AWSDeploymentLib", "..\awsdeploy\client\AWSDeploymentLib\AWSDeploymentLib.csproj", "{DFFE75F2-61CC-4CEA-87A5-1C573436DE9E}"
EndProject
Project("{FAE04EC0-301F-11D3-BF4B-00C04F79EFBC}") = "AWSToolkit.CloudFormation", "..\toolkitcore\plugins\AWSToolkit.CloudFormation\AWSToolkit.CloudFormation.csproj", "{6AE302DB-2304-47C8-8E3C-96C85AC1D469}"
EndProject
Project("{FAE04EC0-301F-11D3-BF4B-00C04F79EFBC}") = "AWSToolkit.CloudFormation.Interface", "..\toolkitcore\plugins\AWSToolkit.CloudFormation.Interface\AWSToolkit.CloudFormation.Interface.csproj", "{5A78BF40-7D5B-467E-8CE4-9659F22669D0}"
EndProject
Project("{FAE04EC0-301F-11D3-BF4B-00C04F79EFBC}") = "AWSToolkit.CloudFront.Interface", "..\toolkitcore\plugins\AWSToolkit.CloudFront.Interface\AWSToolkit.CloudFront.Interface.csproj", "{C4042C0E-20B3-40C3-9CD1-D4FB2CA84FD9}"
EndProject
Project("{FAE04EC0-301F-11D3-BF4B-00C04F79EFBC}") = "AWSToolkit.DynamoDB.Interface", "..\toolkitcore\plugins\AWSToolkit.DynamoDB.Interface\AWSToolkit.DynamoDB.Interface.csproj", "{59D6F9BE-5344-496A-9E03-A2A0020DAAC4}"
EndProject
Project("{FAE04EC0-301F-11D3-BF4B-00C04F79EFBC}") = "AWSToolkit.EC2.Interface", "..\toolkitcore\plugins\AWSToolkit.EC2.Interface\AWSToolkit.EC2.Interface.csproj", "{B8C28B72-63C0-406B-B5C6-405667DB1D6D}"
EndProject
Project("{FAE04EC0-301F-11D3-BF4B-00C04F79EFBC}") = "AWSToolkit.ElasticBeanstalk.Interface", "..\toolkitcore\plugins\AWSToolkit.ElasticBeanstalk.Interface\AWSToolkit.ElasticBeanstalk.Interface.csproj", "{D4D5C421-6265-4674-A1F9-DC11A56FC030}"
EndProject
Project("{FAE04EC0-301F-11D3-BF4B-00C04F79EFBC}") = "AWSToolkit.IdentityManagement.Interface", "..\toolkitcore\plugins\AWSToolkit.IdentityManagement.Interface\AWSToolkit.IdentityManagement.Interface.csproj", "{49C00D37-5980-495F-80C6-43C5192C4A87}"
EndProject
Project("{FAE04EC0-301F-11D3-BF4B-00C04F79EFBC}") = "AWSToolkit.Lambda.Interface", "..\toolkitcore\plugins\AWSToolkit.Lambda.Interface\AWSToolkit.Lambda.Interface.csproj", "{7E4C1857-240E-4BD2-B4CE-D37BF0E41DF6}"
EndProject
Project("{FAE04EC0-301F-11D3-BF4B-00C04F79EFBC}") = "AWSToolkit.RDS.Interface", "..\toolkitcore\plugins\AWSToolkit.RDS.Interface\AWSToolkit.RDS.Interface.csproj", "{35745A87-699D-481A-8142-C2BD9F238983}"
EndProject
Project("{FAE04EC0-301F-11D3-BF4B-00C04F79EFBC}") = "AWSToolkit.S3.Interface", "..\toolkitcore\plugins\AWSToolkit.S3.Interface\AWSToolkit.S3.Interface.csproj", "{C2D616BD-C2AB-4130-93E5-2ADA2172A08A}"
EndProject
Project("{FAE04EC0-301F-11D3-BF4B-00C04F79EFBC}") = "AWSToolkit.SimpleDB.Interface", "..\toolkitcore\plugins\AWSToolkit.SimpleDB.Interface\AWSToolkit.SimpleDB.Interface.csproj", "{CA419760-C27E-418D-AE0F-869F40AB26E2}"
EndProject
Project("{FAE04EC0-301F-11D3-BF4B-00C04F79EFBC}") = "AWSToolkit.SNS.Interface", "..\toolkitcore\plugins\AWSToolkit.SNS.Interface\AWSToolkit.SNS.Interface.csproj", "{4D9293CF-0D56-4BB9-B50D-BC829E53C16F}"
EndProject
Project("{FAE04EC0-301F-11D3-BF4B-00C04F79EFBC}") = "AWSToolkit.SQS.Interface", "..\toolkitcore\plugins\AWSToolkit.SQS.Interface\AWSToolkit.SQS.Interface.csproj", "{8FB3CC1B-D3F6-49A0-A700-3A212C4772DC}"
EndProject
Project("{FAE04EC0-301F-11D3-BF4B-00C04F79EFBC}") = "AWSToolkit.CloudFront", "..\toolkitcore\plugins\AWSToolkit.CloudFront\AWSToolkit.CloudFront.csproj", "{7EEF2DDF-BEC6-4A1E-81E4-174D3BDF5CC3}"
EndProject
Project("{FAE04EC0-301F-11D3-BF4B-00C04F79EFBC}") = "AWSToolkit.CloudWatch", "..\toolkitcore\plugins\AWSToolkit.CloudWatch\AWSToolkit.CloudWatch.csproj", "{71CE999A-BF87-4EAA-81B6-BF78FBD05CEB}"
EndProject
Project("{FAE04EC0-301F-11D3-BF4B-00C04F79EFBC}") = "AWSToolkit.DynamoDB", "..\toolkitcore\plugins\AWSToolkit.DynamoDB\AWSToolkit.DynamoDB.csproj", "{6748E175-B799-427E-A7FD-625EEF5AFB91}"
EndProject
Project("{FAE04EC0-301F-11D3-BF4B-00C04F79EFBC}") = "AWSToolkit.EC2", "..\toolkitcore\plugins\AWSToolkit.EC2\AWSToolkit.EC2.csproj", "{BD907681-AFE8-4008-97CD-11B138FDDCA7}"
EndProject
Project("{FAE04EC0-301F-11D3-BF4B-00C04F79EFBC}") = "AWSToolkit.ElasticBeanstalk", "..\toolkitcore\plugins\AWSToolkit.ElasticBeanstalk\AWSToolkit.ElasticBeanstalk.csproj", "{AA98EC2E-AC7C-4080-993B-F80592D31037}"
EndProject
Project("{FAE04EC0-301F-11D3-BF4B-00C04F79EFBC}") = "AWSToolkit.IdentityManagement", "..\toolkitcore\plugins\AWSToolkit.IdentityManagement\AWSToolkit.IdentityManagement.csproj", "{CFBD26F3-E44E-41EB-89B1-2E84391A0686}"
EndProject
Project("{FAE04EC0-301F-11D3-BF4B-00C04F79EFBC}") = "AWSToolkit.Lambda", "..\toolkitcore\plugins\AWSToolkit.Lambda\AWSToolkit.Lambda.csproj", "{7102B4CF-9B9D-4827-ADCA-D23971CD84C3}"
EndProject
Project("{FAE04EC0-301F-11D3-BF4B-00C04F79EFBC}") = "AWSToolkit.PolicyEditor", "..\toolkitcore\plugins\AWSToolkit.PolicyEditor\AWSToolkit.PolicyEditor.csproj", "{12910BAF-29C4-48CA-B50D-4CCABDFB879A}"
EndProject
Project("{FAE04EC0-301F-11D3-BF4B-00C04F79EFBC}") = "AWSToolkit.RDS", "..\toolkitcore\plugins\AWSToolkit.RDS\AWSToolkit.RDS.csproj", "{6DF6E969-44FD-462D-92B3-B97531C01216}"
EndProject
Project("{FAE04EC0-301F-11D3-BF4B-00C04F79EFBC}") = "AWSToolkit.S3", "..\toolkitcore\plugins\AWSToolkit.S3\AWSToolkit.S3.csproj", "{A01EDD42-F7F5-4E20-8DEB-9F66F2980662}"
EndProject
Project("{FAE04EC0-301F-11D3-BF4B-00C04F79EFBC}") = "AWSToolkit.SimpleDB", "..\toolkitcore\plugins\AWSToolkit.SimpleDB\AWSToolkit.SimpleDB.csproj", "{9DD9F407-F2C6-495A-9204-C9825C67E9B9}"
EndProject
Project("{FAE04EC0-301F-11D3-BF4B-00C04F79EFBC}") = "AWSToolkit.SNS", "..\toolkitcore\plugins\AWSToolkit.SNS\AWSToolkit.SNS.csproj", "{FE4C0E46-0427-46E1-8CC9-4B26FB15F728}"
EndProject
Project("{FAE04EC0-301F-11D3-BF4B-00C04F79EFBC}") = "AWSToolkit.SQS", "..\toolkitcore\plugins\AWSToolkit.SQS\AWSToolkit.SQS.csproj", "{91DF5775-5635-4DF3-A26F-5CFE1136763E}"
EndProject
Project("{2150E333-8FDC-42A3-9474-1A3956D46DE8}") = "PluginInterfaces", "PluginInterfaces", "{62237430-5212-4823-924E-344007109D14}"
EndProject
Project("{2150E333-8FDC-42A3-9474-1A3956D46DE8}") = "Plugins", "Plugins", "{C261BDE7-0557-4579-A31E-EB2D5C5503B4}"
EndProject
Project("{2150E333-8FDC-42A3-9474-1A3956D46DE8}") = "Lambda", "Lambda", "{9B2AC37E-7281-4E07-848C-AB32327476A1}"
EndProject
Project("{2150E333-8FDC-42A3-9474-1A3956D46DE8}") = "ToolkitCore", "ToolkitCore", "{DBFC3933-83C8-4F77-8937-EDA0AA0FE7BE}"
EndProject
Project("{2150E333-8FDC-42A3-9474-1A3956D46DE8}") = "Packages", "Packages", "{7C126B63-12FD-4829-A22A-EB2A93815ACD}"
EndProject
Project("{2150E333-8FDC-42A3-9474-1A3956D46DE8}") = "CloudFormation", "CloudFormation", "{63BEB71C-D666-4F32-B8D0-620763DDA61A}"
EndProject
Project("{2150E333-8FDC-42A3-9474-1A3956D46DE8}") = "Shared", "Shared", "{BDF238D0-23E9-4131-861C-47C94F5D6018}"
EndProject
Project("{FAE04EC0-301F-11D3-BF4B-00C04F79EFBC}") = "AWSToolkit.CloudFormation.EditorExtensions", "..\vspackages\cloudformation\AWSToolkit.CloudFormation.EditorExtensions\AWSToolkit.CloudFormation.EditorExtensions.csproj", "{18023934-17CF-421E-87C2-61838B7498C6}"
EndProject
Project("{FAE04EC0-301F-11D3-BF4B-00C04F79EFBC}") = "AWSToolkit.CloudFormation.MSBuildTasks", "..\vspackages\cloudformation\AWSToolkit.CloudFormation.MSBuildTasks\AWSToolkit.CloudFormation.MSBuildTasks.csproj", "{FE98588C-7FEE-414E-9EAB-F36BF64C88C0}"
EndProject
Project("{FAE04EC0-301F-11D3-BF4B-00C04F79EFBC}") = "AWSToolkit.CloudFormation.Parser", "..\vspackages\cloudformation\AWSToolkit.CloudFormation.Parser\AWSToolkit.CloudFormation.Parser.csproj", "{4CEE1A45-E01E-4BCC-8145-5C593ADF28BC}"
EndProject
Project("{FAE04EC0-301F-11D3-BF4B-00C04F79EFBC}") = "AWSToolkit.CloudFormation.TemplateWizards", "..\vspackages\cloudformation\AWSToolkit.CloudFormation.TemplateWizards\AWSToolkit.CloudFormation.TemplateWizards.csproj", "{0588D27B-7D87-4B33-9120-4C0A9E7D6665}"
EndProject
Project("{FAE04EC0-301F-11D3-BF4B-00C04F79EFBC}") = "AWSToolkit.Lambda.TemplateWizards", "..\vspackages\lambda\AWSToolkit.Lambda.TemplateWizards\AWSToolkit.Lambda.TemplateWizards.csproj", "{783E4198-A8F1-4E74-AF3E-0001B0AD516B}"
EndProject
Project("{FAE04EC0-301F-11D3-BF4B-00C04F79EFBC}") = "AwsToolkit.VsSdk.Common", "..\vspackages\shared\AwsToolkit.VsSdk.Common\AwsToolkit.VsSdk.Common.csproj", "{81552EFA-46B0-4EBE-BC29-5BA6A7628207}"
EndProject
Project("{FAE04EC0-301F-11D3-BF4B-00C04F79EFBC}") = "AWSToolkitPackage", "..\vspackages\AWSToolkitPackage\AWSToolkitPackage.csproj", "{038B2CF8-0089-4ED1-BEBA-A7D64390190E}"
EndProject
Project("{FAE04EC0-301F-11D3-BF4B-00C04F79EFBC}") = "LambdaFunctionProjectTemplate", "..\vspackages\lambda\LambdaFunctionProjectTemplate\LambdaFunctionProjectTemplate.csproj", "{AF0AE340-7C91-40F9-A074-0F1A4F03F8E9}"
EndProject
Project("{FAE04EC0-301F-11D3-BF4B-00C04F79EFBC}") = "CloudFormationProjectTemplate", "..\vspackages\cloudformation\CloudFormationProjectTemplate\CloudFormationProjectTemplate.csproj", "{EB2C31E6-3ED8-4F0E-A726-194DA87C8F95}"
EndProject
Project("{FAE04EC0-301F-11D3-BF4B-00C04F79EFBC}") = "CloudFormationTemplate", "..\vspackages\cloudformation\CloudFormationTemplate\CloudFormationTemplate.csproj", "{877BECE0-1933-4BA8-8D68-78140A541B67}"
EndProject
Project("{2150E333-8FDC-42A3-9474-1A3956D46DE8}") = "Templates", "Templates", "{6B2DE77C-378F-4371-B315-046839223DE8}"
EndProject
Project("{2150E333-8FDC-42A3-9474-1A3956D46DE8}") = "MsbuildProjectTemplates", "MsbuildProjectTemplates", "{60D866A4-6F20-4C7D-876B-3014884AE2FF}"
EndProject
Project("{FAE04EC0-301F-11D3-BF4B-00C04F79EFBC}") = "MsbuildFunctionTemplate", "..\vspackages\lambda\MsbuildFunctionTemplate\MsbuildFunctionTemplate.csproj", "{CBDE5BE9-4047-445A-82A2-ADE0D06708BE}"
EndProject
Project("{FAE04EC0-301F-11D3-BF4B-00C04F79EFBC}") = "MsbuildFunctionWithTestsTemplate", "..\vspackages\lambda\MsbuildFunctionWithTestsTemplate\MsbuildFunctionWithTestsTemplate.csproj", "{418C57E1-B2B9-441F-8B88-1C7776011724}"
EndProject
Project("{FAE04EC0-301F-11D3-BF4B-00C04F79EFBC}") = "MsbuildServerlessTemplate", "..\vspackages\lambda\MsbuildServerlessTemplate\MsbuildServerlessTemplate.csproj", "{12205D6A-E262-4F8B-8344-2B5A93BBB775}"
EndProject
Project("{FAE04EC0-301F-11D3-BF4B-00C04F79EFBC}") = "MsbuildServerlessWithTestsTemplate", "..\vspackages\lambda\MsbuildServerlessWithTestsTemplate\MsbuildServerlessWithTestsTemplate.csproj", "{22C00710-A6E5-4F49-92CE-A5A2DD71C24A}"
EndProject
Project("{FAE04EC0-301F-11D3-BF4B-00C04F79EFBC}") = "AWSToolkit.CodeCommit.Interface", "..\toolkitcore\plugins\AWSToolkit.CodeCommit.Interface\AWSToolkit.CodeCommit.Interface.csproj", "{B8CFCE12-D441-46A5-A415-C763E1E2BEB0}"
EndProject
Project("{FAE04EC0-301F-11D3-BF4B-00C04F79EFBC}") = "AWSToolkit.CodeCommit", "..\toolkitcore\plugins\AWSToolkit.CodeCommit\AWSToolkit.CodeCommit.csproj", "{9AA7DD53-7BC4-4971-BC0C-0540A391DC22}"
EndProject
Project("{FAE04EC0-301F-11D3-BF4B-00C04F79EFBC}") = "AWSToolkit.ECS", "..\toolkitcore\plugins\AWSToolkit.ECS\AWSToolkit.ECS.csproj", "{A09C427C-DBF7-49C8-9590-E99AD60DECE2}"
EndProject
Project("{FAE04EC0-301F-11D3-BF4B-00C04F79EFBC}") = "AWSToolkit.ECS.Interface", "..\toolkitcore\plugins\AWSToolkit.ECS.Interface\AWSToolkit.ECS.Interface.csproj", "{E3D3DFFD-6668-44BE-9D8E-823F53B58F29}"
EndProject
Project("{FAE04EC0-301F-11D3-BF4B-00C04F79EFBC}") = "MsbuildFunctionTemplateFSharp", "..\vspackages\lambda\MsbuildFunctionTemplateFSharp\MsbuildFunctionTemplateFSharp.csproj", "{ED237B5F-FD05-4994-86E0-CE4DD09B5BAC}"
EndProject
Project("{FAE04EC0-301F-11D3-BF4B-00C04F79EFBC}") = "MsbuildFunctionWithTestsTemplateFSharp", "..\vspackages\lambda\MsbuildFunctionWithTestsTemplateFSharp\MsbuildFunctionWithTestsTemplateFSharp.csproj", "{ED2385B8-E0E7-479F-BFCC-50B646E2AC35}"
EndProject
Project("{FAE04EC0-301F-11D3-BF4B-00C04F79EFBC}") = "MsbuildServerlessTemplateFSharp", "..\vspackages\lambda\MsbuildServerlessTemplateFSharp\MsbuildServerlessTemplateFSharp.csproj", "{D1833CEF-ABAB-472C-A9A0-5CF39C45A36B}"
EndProject
Project("{FAE04EC0-301F-11D3-BF4B-00C04F79EFBC}") = "MsbuildServerlessWithTestsTemplateFSharp", "..\vspackages\lambda\MsbuildServerlessWithTestsTemplateFSharp\MsbuildServerlessWithTestsTemplateFSharp.csproj", "{D14A5D26-391E-4327-A1DC-29572D4521FF}"
EndProject
Project("{2150E333-8FDC-42A3-9474-1A3956D46DE8}") = "Tests", "Tests", "{73718FA9-C78C-4459-A1C0-E5964EE5F420}"
EndProject
Project("{FAE04EC0-301F-11D3-BF4B-00C04F79EFBC}") = "AWSToolkit.Util.Tests", "..\tests\AWSToolkit.Util.Tests\AWSToolkit.Util.Tests.csproj", "{B38E2797-FE83-4EB5-8D70-FEBDEDCA32BF}"
EndProject
Project("{FAE04EC0-301F-11D3-BF4B-00C04F79EFBC}") = "AmazonCLIExtensions", "..\toolkitcore\AmazonCLIExtensions\AmazonCLIExtensions.csproj", "{B4771F7A-A835-4B86-8B52-0E2FD560A48C}"
EndProject
Project("{FAE04EC0-301F-11D3-BF4B-00C04F79EFBC}") = "AmazonCLIExtensions.Tests", "..\tests\AmazonCLIExtensions.Tests\AmazonCLIExtensions.Tests.csproj", "{3AD9F490-7725-41C8-8816-07966B3DE958}"
EndProject
Project("{FAE04EC0-301F-11D3-BF4B-00C04F79EFBC}") = "AWSToolkit.CodeCommitTeamExplorer.v15", "..\vspackages\AWSToolkit.CodeCommitTeamExplorer.v15\AWSToolkit.CodeCommitTeamExplorer.v15.csproj", "{94F578FB-AFEB-4C67-BD0D-C5797E50E9E8}"
EndProject
Project("{FAE04EC0-301F-11D3-BF4B-00C04F79EFBC}") = "AWSToolkit.CodeCommitTeamExplorer.v16", "..\vspackages\AWSToolkit.CodeCommitTeamExplorer.v16\AWSToolkit.CodeCommitTeamExplorer.v16.csproj", "{5739EE0E-1E8C-4AC6-9AAA-F58C7345B9A8}"
EndProject
Project("{FAE04EC0-301F-11D3-BF4B-00C04F79EFBC}") = "AWSToolkit.Tests", "..\tests\AWSToolkit.Tests\AWSToolkit.Tests.csproj", "{B5A5A4DC-8EF3-4C04-85FD-76E85C4EA4CB}"
EndProject
Project("{FAE04EC0-301F-11D3-BF4B-00C04F79EFBC}") = "AWSToolkitPackage.Tests", "..\tests\AWSToolkitPackage.Tests\AWSToolkitPackage.Tests.csproj", "{1D99DF2D-30AA-47F4-98B0-5E2F48258C44}"
EndProject
Project("{FAE04EC0-301F-11D3-BF4B-00C04F79EFBC}") = "AWSToolkit.Tests.Common", "..\tests\AWSToolkit.Tests.Common\AWSToolkit.Tests.Common.csproj", "{AA57CB1D-F511-4BF5-9410-72A49D063365}"
EndProject
Project("{FAE04EC0-301F-11D3-BF4B-00C04F79EFBC}") = "AWSToolkit.CodeArtifact", "..\toolkitcore\plugins\AWSToolkit.CodeArtifact\AWSToolkit.CodeArtifact.csproj", "{A2F72D39-EEF5-4C08-B573-D8C5740CED2C}"
EndProject
Project("{FAE04EC0-301F-11D3-BF4B-00C04F79EFBC}") = "AWSToolkit.CodeArtifact.Interface", "..\toolkitcore\plugins\AWSToolkit.CodeArtifact.Interface\AWSToolkit.CodeArtifact.Interface.csproj", "{F1A54C06-A4A8-4E6B-B7FA-8469105408B3}"
EndProject
Project("{2150E333-8FDC-42A3-9474-1A3956D46DE8}") = "Solution Items", "Solution Items", "{2ED448C2-5300-49BB-8721-A1312569D86F}"
	ProjectSection(SolutionItems) = preProject
		..\.editorconfig = ..\.editorconfig
		..\CONTRIBUTING.md = ..\CONTRIBUTING.md
		..\toolkitcore\AWSToolkit.Util\Telemetry\vs-telemetry-definitions.json = ..\toolkitcore\AWSToolkit.Util\Telemetry\vs-telemetry-definitions.json
	EndProjectSection
EndProject
Project("{FAE04EC0-301F-11D3-BF4B-00C04F79EFBC}") = "PublishToAws", "..\vspackages\Publishing\PublishToAws\PublishToAws.csproj", "{9A9A823B-967E-4BB5-809F-A78C1668C363}"
EndProject
Project("{2150E333-8FDC-42A3-9474-1A3956D46DE8}") = "Publishing", "Publishing", "{02EF9285-F05C-4353-9F85-BA2637CECA82}"
EndProject
Project("{FAE04EC0-301F-11D3-BF4B-00C04F79EFBC}") = "PublishToAws.Tests", "..\tests\PublishToAws.Tests\PublishToAws.Tests.csproj", "{93EB98DA-DC7F-47A9-B636-F738CD80165B}"
EndProject
Project("{2150E333-8FDC-42A3-9474-1A3956D46DE8}") = "Integration", "Integration", "{E0E38AB7-4BF7-4BF8-B2E6-2774F9349B99}"
EndProject
Project("{FAE04EC0-301F-11D3-BF4B-00C04F79EFBC}") = "AwsToolkit.Tests.Integration", "..\tests\Integration\AwsToolkit.Tests.Integration\AwsToolkit.Tests.Integration.csproj", "{9A41545D-CA6E-4591-9B80-64A2EE76B85A}"
EndProject
Project("{D954291E-2A0B-460D-934E-DC6B0785DB48}") = "AwsToolkitPackage.Shared", "..\vspackages\AwsToolkitPackage.Shared\AwsToolkitPackage.Shared.shproj", "{CC1B2316-C330-410C-A3F3-097CA45713D8}"
EndProject
Project("{FAE04EC0-301F-11D3-BF4B-00C04F79EFBC}") = "AWSToolkitPackage.v17", "..\vspackages\AWSToolkitPackage.v17\AWSToolkitPackage.v17.csproj", "{B102B42B-06EC-47F9-8DC1-E5729B62172E}"
EndProject
Project("{D954291E-2A0B-460D-934E-DC6B0785DB48}") = "AwsToolkit.VsSdk.Common.Shared", "..\vspackages\shared\AwsToolkit.VsSdk.Common.Shared\AwsToolkit.VsSdk.Common.Shared.shproj", "{A27787ED-5A7A-455A-9E90-CAEB9030F850}"
EndProject
Project("{FAE04EC0-301F-11D3-BF4B-00C04F79EFBC}") = "AwsToolkit.VsSdk.Common.v17", "..\vspackages\shared\AwsToolkit.VsSdk.Common.v17\AwsToolkit.VsSdk.Common.v17.csproj", "{260EB803-0C5D-4000-B920-4E8AF84820CA}"
EndProject
Project("{D954291E-2A0B-460D-934E-DC6B0785DB48}") = "AWSToolkit.CodeCommitTeamExplorer.Shared", "..\vspackages\AWSToolkit.CodeCommitTeamExplorer.Shared\AWSToolkit.CodeCommitTeamExplorer.Shared.shproj", "{98FC1018-A866-4B34-90D8-C432EFEF5D2A}"
EndProject
Project("{D954291E-2A0B-460D-934E-DC6B0785DB48}") = "AwsToolkit.Lambda.TemplateWizards.Shared", "..\vspackages\lambda\AwsToolkit.Lambda.TemplateWizards.Shared\AwsToolkit.Lambda.TemplateWizards.Shared.shproj", "{0ED4AF1C-27CC-4BA8-8333-F941D45246C9}"
EndProject
Project("{FAE04EC0-301F-11D3-BF4B-00C04F79EFBC}") = "AWSToolkit.Lambda.TemplateWizards.v17", "..\vspackages\lambda\AWSToolkit.Lambda.TemplateWizards.v17\AWSToolkit.Lambda.TemplateWizards.v17.csproj", "{3F04815A-2A4B-4B28-B683-053A46D6A076}"
EndProject
Project("{FAE04EC0-301F-11D3-BF4B-00C04F79EFBC}") = "LambdaFunctionProjectTemplate.v17", "..\vspackages\lambda\LambdaFunctionProjectTemplate\LambdaFunctionProjectTemplate.v17.csproj", "{630D31A1-6D34-4A7E-863C-A09B5F11888A}"
EndProject
Project("{D954291E-2A0B-460D-934E-DC6B0785DB48}") = "CloudFormation.EditorExtensions.Shared", "..\vspackages\cloudformation\CloudFormation.EditorExtensions.Shared\CloudFormation.EditorExtensions.Shared.shproj", "{C64B9BF2-2D41-4358-A7E9-7FFE42A29CBC}"
EndProject
Project("{FAE04EC0-301F-11D3-BF4B-00C04F79EFBC}") = "MsbuildFunctionTemplate.v17", "..\vspackages\lambda\MsbuildFunctionTemplate\MsbuildFunctionTemplate.v17.csproj", "{FE4AE7CE-8775-406E-82A4-A4095803E8BD}"
EndProject
Project("{2150E333-8FDC-42A3-9474-1A3956D46DE8}") = "Lambda", "Lambda", "{DCB4B133-4503-416D-8A72-99170ABCFB55}"
EndProject
Project("{2150E333-8FDC-42A3-9474-1A3956D46DE8}") = "csharp", "csharp", "{5BDFB1EC-171A-4B1E-9C76-8FD671B0A1F3}"
EndProject
Project("{FAE04EC0-301F-11D3-BF4B-00C04F79EFBC}") = "MsbuildFunctionWithTestsTemplate.v17", "..\vspackages\lambda\MsbuildFunctionWithTestsTemplate\MsbuildFunctionWithTestsTemplate.v17.csproj", "{F3641AC2-FAE4-4201-9F99-C7898BE10F00}"
EndProject
Project("{2150E333-8FDC-42A3-9474-1A3956D46DE8}") = "fsharp", "fsharp", "{3E769AFE-B524-4145-A9E7-8DFEEC094D49}"
EndProject
Project("{FAE04EC0-301F-11D3-BF4B-00C04F79EFBC}") = "MsbuildFunctionTemplateFSharp.v17", "..\vspackages\lambda\MsbuildFunctionTemplateFSharp\MsbuildFunctionTemplateFSharp.v17.csproj", "{A9C98031-E563-469B-8ADC-405A7918EDA7}"
EndProject
Project("{FAE04EC0-301F-11D3-BF4B-00C04F79EFBC}") = "MsbuildFunctionWithTestsTemplateFSharp.v17", "..\vspackages\lambda\MsbuildFunctionWithTestsTemplateFSharp\MsbuildFunctionWithTestsTemplateFSharp.v17.csproj", "{3A2E6C72-6704-4566-8A08-B2A1B222C3EB}"
EndProject
Project("{2150E333-8FDC-42A3-9474-1A3956D46DE8}") = "Serverless", "Serverless", "{E92AE8CC-8C6A-45D5-886B-94BD86B53030}"
EndProject
Project("{2150E333-8FDC-42A3-9474-1A3956D46DE8}") = "csharp", "csharp", "{03B7F111-84D9-45F0-9073-ADFAE8AE389B}"
EndProject
Project("{2150E333-8FDC-42A3-9474-1A3956D46DE8}") = "fsharp", "fsharp", "{A4E1E142-C1D6-47F8-8D76-AB0A9CBC9D22}"
EndProject
Project("{FAE04EC0-301F-11D3-BF4B-00C04F79EFBC}") = "MsbuildServerlessTemplate.v17", "..\vspackages\lambda\MsbuildServerlessTemplate\MsbuildServerlessTemplate.v17.csproj", "{C052E98D-5160-48E3-8112-03AEC3F108E3}"
EndProject
Project("{FAE04EC0-301F-11D3-BF4B-00C04F79EFBC}") = "MsbuildServerlessWithTestsTemplate.v17", "..\vspackages\lambda\MsbuildServerlessWithTestsTemplate\MsbuildServerlessWithTestsTemplate.v17.csproj", "{6B6E6BB1-8A45-4EC0-8BAB-F55E8F0B3AE3}"
EndProject
Project("{FAE04EC0-301F-11D3-BF4B-00C04F79EFBC}") = "MsbuildServerlessTemplateFSharp.v17", "..\vspackages\lambda\MsbuildServerlessTemplateFSharp\MsbuildServerlessTemplateFSharp.v17.csproj", "{43CF9104-9389-4ED9-9FDB-F55814DD7DC2}"
EndProject
Project("{FAE04EC0-301F-11D3-BF4B-00C04F79EFBC}") = "MsbuildServerlessWithTestsTemplateFSharp.v17", "..\vspackages\lambda\MsbuildServerlessWithTestsTemplateFSharp\MsbuildServerlessWithTestsTemplateFSharp.v17.csproj", "{7AC9F81A-1C89-468C-A3BC-FE87EF1A11F2}"
EndProject
Project("{FAE04EC0-301F-11D3-BF4B-00C04F79EFBC}") = "CloudFormation.EditorExtensions.v17", "..\vspackages\cloudformation\CloudFormation.EditorExtensions.v17\CloudFormation.EditorExtensions.v17.csproj", "{368A798C-38D1-4DC0-BC08-4102AF381302}"
EndProject
Project("{FAE04EC0-301F-11D3-BF4B-00C04F79EFBC}") = "AWSToolkit.CodeCommitTeamExplorer.v17", "..\vspackages\AWSToolkit.CodeCommitTeamExplorer.v17\AWSToolkit.CodeCommitTeamExplorer.v17.csproj", "{5A075C30-BB90-4095-98D2-508E92B3ED2D}"
EndProject
Project("{D954291E-2A0B-460D-934E-DC6B0785DB48}") = "PublishToAws.Shared", "..\vspackages\Publishing\PublishToAws.Shared\PublishToAws.Shared.shproj", "{820D848A-E3C5-4DAC-9465-9A6B8726D419}"
EndProject
Project("{FAE04EC0-301F-11D3-BF4B-00C04F79EFBC}") = "PublishToAws.v17", "..\vspackages\Publishing\PublishToAws.v17\PublishToAws.v17.csproj", "{463EB6A0-DF14-4E66-A01A-8384AAA51AB0}"
EndProject
Project("{FAE04EC0-301F-11D3-BF4B-00C04F79EFBC}") = "CloudFormationProjectTemplate.v17", "..\vspackages\cloudformation\CloudFormationProjectTemplate\CloudFormationProjectTemplate.v17.csproj", "{006AC827-4FD7-437E-9C48-47DF8EA8A723}"
EndProject
Project("{FAE04EC0-301F-11D3-BF4B-00C04F79EFBC}") = "CloudFormationTemplate.v17", "..\vspackages\cloudformation\CloudFormationTemplate\CloudFormationTemplate.v17.csproj", "{FBF6EF8F-0A23-446D-A2F9-A425A9D715CE}"
EndProject
Project("{D954291E-2A0B-460D-934E-DC6B0785DB48}") = "AwsToolkit.CloudFormation.TemplateWizards.Shared", "..\vspackages\cloudformation\AwsToolkit.CloudFormation.TemplateWizards.Shared\AwsToolkit.CloudFormation.TemplateWizards.Shared.shproj", "{5DCDB793-D7F9-4B59-A543-90E518769310}"
EndProject
Project("{FAE04EC0-301F-11D3-BF4B-00C04F79EFBC}") = "AWSToolkit.CloudFormation.TemplateWizards.v17", "..\vspackages\cloudformation\AWSToolkit.CloudFormation.TemplateWizards.v17\AWSToolkit.CloudFormation.TemplateWizards.v17.csproj", "{EF567336-499A-47C6-989E-B992B01DBDC9}"
EndProject
Project("{FAE04EC0-301F-11D3-BF4B-00C04F79EFBC}") = "AWSToolkit.CloudWatch.Interface", "..\toolkitcore\plugins\AWSToolkit.CloudWatch.Interface\AWSToolkit.CloudWatch.Interface.csproj", "{46A3DF20-879B-4A99-BFD2-3D885ED2C6FB}"
EndProject
Global
	GlobalSection(SharedMSBuildProjectFiles) = preSolution
		..\vspackages\AwsToolkitPackage.Shared\AwsToolkitPackage.Shared.projitems*{038b2cf8-0089-4ed1-beba-a7d64390190e}*SharedItemsImports = 4
		..\vspackages\cloudformation\AwsToolkit.CloudFormation.TemplateWizards.Shared\AwsToolkit.CloudFormation.TemplateWizards.Shared.projitems*{0588d27b-7d87-4b33-9120-4c0a9e7d6665}*SharedItemsImports = 4
		..\vspackages\lambda\AwsToolkit.Lambda.TemplateWizards.Shared\AwsToolkit.Lambda.TemplateWizards.Shared.projitems*{0ed4af1c-27cc-4ba8-8333-f941d45246c9}*SharedItemsImports = 13
		..\vspackages\cloudformation\CloudFormation.EditorExtensions.Shared\CloudFormation.EditorExtensions.Shared.projitems*{18023934-17cf-421e-87c2-61838b7498c6}*SharedItemsImports = 4
		..\vspackages\shared\AwsToolkit.VsSdk.Common.Shared\AwsToolkit.VsSdk.Common.Shared.projitems*{260eb803-0c5d-4000-b920-4e8af84820ca}*SharedItemsImports = 4
		..\vspackages\cloudformation\CloudFormation.EditorExtensions.Shared\CloudFormation.EditorExtensions.Shared.projitems*{368a798c-38d1-4dc0-bc08-4102af381302}*SharedItemsImports = 4
		..\vspackages\lambda\AwsToolkit.Lambda.TemplateWizards.Shared\AwsToolkit.Lambda.TemplateWizards.Shared.projitems*{3f04815a-2a4b-4b28-b683-053a46d6a076}*SharedItemsImports = 4
		..\vspackages\Publishing\PublishToAws.Shared\PublishToAws.Shared.projitems*{463eb6a0-df14-4e66-a01a-8384aaa51ab0}*SharedItemsImports = 4
		..\vspackages\AWSToolkit.CodeCommitTeamExplorer.Shared\AWSToolkit.CodeCommitTeamExplorer.Shared.projitems*{5739ee0e-1e8c-4ac6-9aaa-f58c7345b9a8}*SharedItemsImports = 4
		..\vspackages\AWSToolkit.CodeCommitTeamExplorer.Shared\AWSToolkit.CodeCommitTeamExplorer.Shared.projitems*{5a075c30-bb90-4095-98d2-508e92b3ed2d}*SharedItemsImports = 4
		..\vspackages\cloudformation\AwsToolkit.CloudFormation.TemplateWizards.Shared\AwsToolkit.CloudFormation.TemplateWizards.Shared.projitems*{5dcdb793-d7f9-4b59-a543-90e518769310}*SharedItemsImports = 13
		..\vspackages\lambda\AwsToolkit.Lambda.TemplateWizards.Shared\AwsToolkit.Lambda.TemplateWizards.Shared.projitems*{783e4198-a8f1-4e74-af3e-0001b0ad516b}*SharedItemsImports = 4
		..\vspackages\shared\AwsToolkit.VsSdk.Common.Shared\AwsToolkit.VsSdk.Common.Shared.projitems*{81552efa-46b0-4ebe-bc29-5ba6a7628207}*SharedItemsImports = 4
		..\vspackages\Publishing\PublishToAws.Shared\PublishToAws.Shared.projitems*{820d848a-e3c5-4dac-9465-9a6b8726d419}*SharedItemsImports = 13
		..\vspackages\AWSToolkit.CodeCommitTeamExplorer.Shared\AWSToolkit.CodeCommitTeamExplorer.Shared.projitems*{94f578fb-afeb-4c67-bd0d-c5797e50e9e8}*SharedItemsImports = 4
		..\vspackages\AWSToolkit.CodeCommitTeamExplorer.Shared\AWSToolkit.CodeCommitTeamExplorer.Shared.projitems*{98fc1018-a866-4b34-90d8-c432efef5d2a}*SharedItemsImports = 13
		..\vspackages\Publishing\PublishToAws.Shared\PublishToAws.Shared.projitems*{9a9a823b-967e-4bb5-809f-a78c1668c363}*SharedItemsImports = 4
		..\vspackages\shared\AwsToolkit.VsSdk.Common.Shared\AwsToolkit.VsSdk.Common.Shared.projitems*{a27787ed-5a7a-455a-9e90-caeb9030f850}*SharedItemsImports = 13
		..\vspackages\AwsToolkitPackage.Shared\AwsToolkitPackage.Shared.projitems*{b102b42b-06ec-47f9-8dc1-e5729b62172e}*SharedItemsImports = 4
		..\vspackages\cloudformation\CloudFormation.EditorExtensions.Shared\CloudFormation.EditorExtensions.Shared.projitems*{c64b9bf2-2d41-4358-a7e9-7ffe42a29cbc}*SharedItemsImports = 13
		..\vspackages\AwsToolkitPackage.Shared\AwsToolkitPackage.Shared.projitems*{cc1b2316-c330-410c-a3f3-097ca45713d8}*SharedItemsImports = 13
		..\vspackages\cloudformation\AwsToolkit.CloudFormation.TemplateWizards.Shared\AwsToolkit.CloudFormation.TemplateWizards.Shared.projitems*{ef567336-499a-47c6-989e-b992b01dbdc9}*SharedItemsImports = 4
	EndGlobalSection
	GlobalSection(SolutionConfigurationPlatforms) = preSolution
		Debug|Any CPU = Debug|Any CPU
		Debug|x86 = Debug|x86
		Release|Any CPU = Release|Any CPU
		Release|x86 = Release|x86
	EndGlobalSection
	GlobalSection(ProjectConfigurationPlatforms) = postSolution
		{687C1AA1-E4D2-4B17-8A5B-A9D57E311E5F}.Debug|Any CPU.ActiveCfg = Debug|Any CPU
		{687C1AA1-E4D2-4B17-8A5B-A9D57E311E5F}.Debug|Any CPU.Build.0 = Debug|Any CPU
		{687C1AA1-E4D2-4B17-8A5B-A9D57E311E5F}.Debug|x86.ActiveCfg = Debug|Any CPU
		{687C1AA1-E4D2-4B17-8A5B-A9D57E311E5F}.Debug|x86.Build.0 = Debug|Any CPU
		{687C1AA1-E4D2-4B17-8A5B-A9D57E311E5F}.Release|Any CPU.ActiveCfg = Release|Any CPU
		{687C1AA1-E4D2-4B17-8A5B-A9D57E311E5F}.Release|Any CPU.Build.0 = Release|Any CPU
		{687C1AA1-E4D2-4B17-8A5B-A9D57E311E5F}.Release|x86.ActiveCfg = Release|Any CPU
		{687C1AA1-E4D2-4B17-8A5B-A9D57E311E5F}.Release|x86.Build.0 = Release|Any CPU
		{7E899D6E-07D6-4695-B5D5-F9E62E31D5F6}.Debug|Any CPU.ActiveCfg = Debug|Any CPU
		{7E899D6E-07D6-4695-B5D5-F9E62E31D5F6}.Debug|Any CPU.Build.0 = Debug|Any CPU
		{7E899D6E-07D6-4695-B5D5-F9E62E31D5F6}.Debug|x86.ActiveCfg = Debug|Any CPU
		{7E899D6E-07D6-4695-B5D5-F9E62E31D5F6}.Debug|x86.Build.0 = Debug|Any CPU
		{7E899D6E-07D6-4695-B5D5-F9E62E31D5F6}.Release|Any CPU.ActiveCfg = Release|Any CPU
		{7E899D6E-07D6-4695-B5D5-F9E62E31D5F6}.Release|Any CPU.Build.0 = Release|Any CPU
		{7E899D6E-07D6-4695-B5D5-F9E62E31D5F6}.Release|x86.ActiveCfg = Release|Any CPU
		{7E899D6E-07D6-4695-B5D5-F9E62E31D5F6}.Release|x86.Build.0 = Release|Any CPU
		{20C1F223-EEF5-4EAB-9E2D-8DF31BB3FF45}.Debug|Any CPU.ActiveCfg = Debug|Any CPU
		{20C1F223-EEF5-4EAB-9E2D-8DF31BB3FF45}.Debug|Any CPU.Build.0 = Debug|Any CPU
		{20C1F223-EEF5-4EAB-9E2D-8DF31BB3FF45}.Debug|x86.ActiveCfg = Debug|Any CPU
		{20C1F223-EEF5-4EAB-9E2D-8DF31BB3FF45}.Debug|x86.Build.0 = Debug|Any CPU
		{20C1F223-EEF5-4EAB-9E2D-8DF31BB3FF45}.Release|Any CPU.ActiveCfg = Release|Any CPU
		{20C1F223-EEF5-4EAB-9E2D-8DF31BB3FF45}.Release|Any CPU.Build.0 = Release|Any CPU
		{20C1F223-EEF5-4EAB-9E2D-8DF31BB3FF45}.Release|x86.ActiveCfg = Release|Any CPU
		{20C1F223-EEF5-4EAB-9E2D-8DF31BB3FF45}.Release|x86.Build.0 = Release|Any CPU
		{DFFE75F2-61CC-4CEA-87A5-1C573436DE9E}.Debug|Any CPU.ActiveCfg = Debug|Any CPU
		{DFFE75F2-61CC-4CEA-87A5-1C573436DE9E}.Debug|Any CPU.Build.0 = Debug|Any CPU
		{DFFE75F2-61CC-4CEA-87A5-1C573436DE9E}.Debug|x86.ActiveCfg = Debug|Any CPU
		{DFFE75F2-61CC-4CEA-87A5-1C573436DE9E}.Debug|x86.Build.0 = Debug|Any CPU
		{DFFE75F2-61CC-4CEA-87A5-1C573436DE9E}.Release|Any CPU.ActiveCfg = Release|Any CPU
		{DFFE75F2-61CC-4CEA-87A5-1C573436DE9E}.Release|Any CPU.Build.0 = Release|Any CPU
		{DFFE75F2-61CC-4CEA-87A5-1C573436DE9E}.Release|x86.ActiveCfg = Release|Any CPU
		{DFFE75F2-61CC-4CEA-87A5-1C573436DE9E}.Release|x86.Build.0 = Release|Any CPU
		{6AE302DB-2304-47C8-8E3C-96C85AC1D469}.Debug|Any CPU.ActiveCfg = Debug|Any CPU
		{6AE302DB-2304-47C8-8E3C-96C85AC1D469}.Debug|Any CPU.Build.0 = Debug|Any CPU
		{6AE302DB-2304-47C8-8E3C-96C85AC1D469}.Debug|x86.ActiveCfg = Debug|Any CPU
		{6AE302DB-2304-47C8-8E3C-96C85AC1D469}.Debug|x86.Build.0 = Debug|Any CPU
		{6AE302DB-2304-47C8-8E3C-96C85AC1D469}.Release|Any CPU.ActiveCfg = Release|Any CPU
		{6AE302DB-2304-47C8-8E3C-96C85AC1D469}.Release|Any CPU.Build.0 = Release|Any CPU
		{6AE302DB-2304-47C8-8E3C-96C85AC1D469}.Release|x86.ActiveCfg = Release|Any CPU
		{6AE302DB-2304-47C8-8E3C-96C85AC1D469}.Release|x86.Build.0 = Release|Any CPU
		{5A78BF40-7D5B-467E-8CE4-9659F22669D0}.Debug|Any CPU.ActiveCfg = Debug|Any CPU
		{5A78BF40-7D5B-467E-8CE4-9659F22669D0}.Debug|Any CPU.Build.0 = Debug|Any CPU
		{5A78BF40-7D5B-467E-8CE4-9659F22669D0}.Debug|x86.ActiveCfg = Debug|Any CPU
		{5A78BF40-7D5B-467E-8CE4-9659F22669D0}.Debug|x86.Build.0 = Debug|Any CPU
		{5A78BF40-7D5B-467E-8CE4-9659F22669D0}.Release|Any CPU.ActiveCfg = Release|Any CPU
		{5A78BF40-7D5B-467E-8CE4-9659F22669D0}.Release|Any CPU.Build.0 = Release|Any CPU
		{5A78BF40-7D5B-467E-8CE4-9659F22669D0}.Release|x86.ActiveCfg = Release|Any CPU
		{5A78BF40-7D5B-467E-8CE4-9659F22669D0}.Release|x86.Build.0 = Release|Any CPU
		{C4042C0E-20B3-40C3-9CD1-D4FB2CA84FD9}.Debug|Any CPU.ActiveCfg = Debug|Any CPU
		{C4042C0E-20B3-40C3-9CD1-D4FB2CA84FD9}.Debug|Any CPU.Build.0 = Debug|Any CPU
		{C4042C0E-20B3-40C3-9CD1-D4FB2CA84FD9}.Debug|x86.ActiveCfg = Debug|Any CPU
		{C4042C0E-20B3-40C3-9CD1-D4FB2CA84FD9}.Debug|x86.Build.0 = Debug|Any CPU
		{C4042C0E-20B3-40C3-9CD1-D4FB2CA84FD9}.Release|Any CPU.ActiveCfg = Release|Any CPU
		{C4042C0E-20B3-40C3-9CD1-D4FB2CA84FD9}.Release|Any CPU.Build.0 = Release|Any CPU
		{C4042C0E-20B3-40C3-9CD1-D4FB2CA84FD9}.Release|x86.ActiveCfg = Release|Any CPU
		{C4042C0E-20B3-40C3-9CD1-D4FB2CA84FD9}.Release|x86.Build.0 = Release|Any CPU
		{59D6F9BE-5344-496A-9E03-A2A0020DAAC4}.Debug|Any CPU.ActiveCfg = Debug|Any CPU
		{59D6F9BE-5344-496A-9E03-A2A0020DAAC4}.Debug|Any CPU.Build.0 = Debug|Any CPU
		{59D6F9BE-5344-496A-9E03-A2A0020DAAC4}.Debug|x86.ActiveCfg = Debug|Any CPU
		{59D6F9BE-5344-496A-9E03-A2A0020DAAC4}.Debug|x86.Build.0 = Debug|Any CPU
		{59D6F9BE-5344-496A-9E03-A2A0020DAAC4}.Release|Any CPU.ActiveCfg = Release|Any CPU
		{59D6F9BE-5344-496A-9E03-A2A0020DAAC4}.Release|Any CPU.Build.0 = Release|Any CPU
		{59D6F9BE-5344-496A-9E03-A2A0020DAAC4}.Release|x86.ActiveCfg = Release|Any CPU
		{59D6F9BE-5344-496A-9E03-A2A0020DAAC4}.Release|x86.Build.0 = Release|Any CPU
		{B8C28B72-63C0-406B-B5C6-405667DB1D6D}.Debug|Any CPU.ActiveCfg = Debug|Any CPU
		{B8C28B72-63C0-406B-B5C6-405667DB1D6D}.Debug|Any CPU.Build.0 = Debug|Any CPU
		{B8C28B72-63C0-406B-B5C6-405667DB1D6D}.Debug|x86.ActiveCfg = Debug|Any CPU
		{B8C28B72-63C0-406B-B5C6-405667DB1D6D}.Debug|x86.Build.0 = Debug|Any CPU
		{B8C28B72-63C0-406B-B5C6-405667DB1D6D}.Release|Any CPU.ActiveCfg = Release|Any CPU
		{B8C28B72-63C0-406B-B5C6-405667DB1D6D}.Release|Any CPU.Build.0 = Release|Any CPU
		{B8C28B72-63C0-406B-B5C6-405667DB1D6D}.Release|x86.ActiveCfg = Release|Any CPU
		{B8C28B72-63C0-406B-B5C6-405667DB1D6D}.Release|x86.Build.0 = Release|Any CPU
		{D4D5C421-6265-4674-A1F9-DC11A56FC030}.Debug|Any CPU.ActiveCfg = Debug|Any CPU
		{D4D5C421-6265-4674-A1F9-DC11A56FC030}.Debug|Any CPU.Build.0 = Debug|Any CPU
		{D4D5C421-6265-4674-A1F9-DC11A56FC030}.Debug|x86.ActiveCfg = Debug|Any CPU
		{D4D5C421-6265-4674-A1F9-DC11A56FC030}.Debug|x86.Build.0 = Debug|Any CPU
		{D4D5C421-6265-4674-A1F9-DC11A56FC030}.Release|Any CPU.ActiveCfg = Release|Any CPU
		{D4D5C421-6265-4674-A1F9-DC11A56FC030}.Release|Any CPU.Build.0 = Release|Any CPU
		{D4D5C421-6265-4674-A1F9-DC11A56FC030}.Release|x86.ActiveCfg = Release|Any CPU
		{D4D5C421-6265-4674-A1F9-DC11A56FC030}.Release|x86.Build.0 = Release|Any CPU
		{49C00D37-5980-495F-80C6-43C5192C4A87}.Debug|Any CPU.ActiveCfg = Debug|Any CPU
		{49C00D37-5980-495F-80C6-43C5192C4A87}.Debug|Any CPU.Build.0 = Debug|Any CPU
		{49C00D37-5980-495F-80C6-43C5192C4A87}.Debug|x86.ActiveCfg = Debug|Any CPU
		{49C00D37-5980-495F-80C6-43C5192C4A87}.Debug|x86.Build.0 = Debug|Any CPU
		{49C00D37-5980-495F-80C6-43C5192C4A87}.Release|Any CPU.ActiveCfg = Release|Any CPU
		{49C00D37-5980-495F-80C6-43C5192C4A87}.Release|Any CPU.Build.0 = Release|Any CPU
		{49C00D37-5980-495F-80C6-43C5192C4A87}.Release|x86.ActiveCfg = Release|Any CPU
		{49C00D37-5980-495F-80C6-43C5192C4A87}.Release|x86.Build.0 = Release|Any CPU
		{7E4C1857-240E-4BD2-B4CE-D37BF0E41DF6}.Debug|Any CPU.ActiveCfg = Debug|Any CPU
		{7E4C1857-240E-4BD2-B4CE-D37BF0E41DF6}.Debug|Any CPU.Build.0 = Debug|Any CPU
		{7E4C1857-240E-4BD2-B4CE-D37BF0E41DF6}.Debug|x86.ActiveCfg = Debug|Any CPU
		{7E4C1857-240E-4BD2-B4CE-D37BF0E41DF6}.Debug|x86.Build.0 = Debug|Any CPU
		{7E4C1857-240E-4BD2-B4CE-D37BF0E41DF6}.Release|Any CPU.ActiveCfg = Release|Any CPU
		{7E4C1857-240E-4BD2-B4CE-D37BF0E41DF6}.Release|Any CPU.Build.0 = Release|Any CPU
		{7E4C1857-240E-4BD2-B4CE-D37BF0E41DF6}.Release|x86.ActiveCfg = Release|Any CPU
		{7E4C1857-240E-4BD2-B4CE-D37BF0E41DF6}.Release|x86.Build.0 = Release|Any CPU
		{35745A87-699D-481A-8142-C2BD9F238983}.Debug|Any CPU.ActiveCfg = Debug|Any CPU
		{35745A87-699D-481A-8142-C2BD9F238983}.Debug|Any CPU.Build.0 = Debug|Any CPU
		{35745A87-699D-481A-8142-C2BD9F238983}.Debug|x86.ActiveCfg = Debug|Any CPU
		{35745A87-699D-481A-8142-C2BD9F238983}.Debug|x86.Build.0 = Debug|Any CPU
		{35745A87-699D-481A-8142-C2BD9F238983}.Release|Any CPU.ActiveCfg = Release|Any CPU
		{35745A87-699D-481A-8142-C2BD9F238983}.Release|Any CPU.Build.0 = Release|Any CPU
		{35745A87-699D-481A-8142-C2BD9F238983}.Release|x86.ActiveCfg = Release|Any CPU
		{35745A87-699D-481A-8142-C2BD9F238983}.Release|x86.Build.0 = Release|Any CPU
		{C2D616BD-C2AB-4130-93E5-2ADA2172A08A}.Debug|Any CPU.ActiveCfg = Debug|Any CPU
		{C2D616BD-C2AB-4130-93E5-2ADA2172A08A}.Debug|Any CPU.Build.0 = Debug|Any CPU
		{C2D616BD-C2AB-4130-93E5-2ADA2172A08A}.Debug|x86.ActiveCfg = Debug|Any CPU
		{C2D616BD-C2AB-4130-93E5-2ADA2172A08A}.Debug|x86.Build.0 = Debug|Any CPU
		{C2D616BD-C2AB-4130-93E5-2ADA2172A08A}.Release|Any CPU.ActiveCfg = Release|Any CPU
		{C2D616BD-C2AB-4130-93E5-2ADA2172A08A}.Release|Any CPU.Build.0 = Release|Any CPU
		{C2D616BD-C2AB-4130-93E5-2ADA2172A08A}.Release|x86.ActiveCfg = Release|Any CPU
		{C2D616BD-C2AB-4130-93E5-2ADA2172A08A}.Release|x86.Build.0 = Release|Any CPU
		{CA419760-C27E-418D-AE0F-869F40AB26E2}.Debug|Any CPU.ActiveCfg = Debug|Any CPU
		{CA419760-C27E-418D-AE0F-869F40AB26E2}.Debug|Any CPU.Build.0 = Debug|Any CPU
		{CA419760-C27E-418D-AE0F-869F40AB26E2}.Debug|x86.ActiveCfg = Debug|Any CPU
		{CA419760-C27E-418D-AE0F-869F40AB26E2}.Debug|x86.Build.0 = Debug|Any CPU
		{CA419760-C27E-418D-AE0F-869F40AB26E2}.Release|Any CPU.ActiveCfg = Release|Any CPU
		{CA419760-C27E-418D-AE0F-869F40AB26E2}.Release|Any CPU.Build.0 = Release|Any CPU
		{CA419760-C27E-418D-AE0F-869F40AB26E2}.Release|x86.ActiveCfg = Release|Any CPU
		{CA419760-C27E-418D-AE0F-869F40AB26E2}.Release|x86.Build.0 = Release|Any CPU
		{4D9293CF-0D56-4BB9-B50D-BC829E53C16F}.Debug|Any CPU.ActiveCfg = Debug|Any CPU
		{4D9293CF-0D56-4BB9-B50D-BC829E53C16F}.Debug|Any CPU.Build.0 = Debug|Any CPU
		{4D9293CF-0D56-4BB9-B50D-BC829E53C16F}.Debug|x86.ActiveCfg = Debug|Any CPU
		{4D9293CF-0D56-4BB9-B50D-BC829E53C16F}.Debug|x86.Build.0 = Debug|Any CPU
		{4D9293CF-0D56-4BB9-B50D-BC829E53C16F}.Release|Any CPU.ActiveCfg = Release|Any CPU
		{4D9293CF-0D56-4BB9-B50D-BC829E53C16F}.Release|Any CPU.Build.0 = Release|Any CPU
		{4D9293CF-0D56-4BB9-B50D-BC829E53C16F}.Release|x86.ActiveCfg = Release|Any CPU
		{4D9293CF-0D56-4BB9-B50D-BC829E53C16F}.Release|x86.Build.0 = Release|Any CPU
		{8FB3CC1B-D3F6-49A0-A700-3A212C4772DC}.Debug|Any CPU.ActiveCfg = Debug|Any CPU
		{8FB3CC1B-D3F6-49A0-A700-3A212C4772DC}.Debug|Any CPU.Build.0 = Debug|Any CPU
		{8FB3CC1B-D3F6-49A0-A700-3A212C4772DC}.Debug|x86.ActiveCfg = Debug|Any CPU
		{8FB3CC1B-D3F6-49A0-A700-3A212C4772DC}.Debug|x86.Build.0 = Debug|Any CPU
		{8FB3CC1B-D3F6-49A0-A700-3A212C4772DC}.Release|Any CPU.ActiveCfg = Release|Any CPU
		{8FB3CC1B-D3F6-49A0-A700-3A212C4772DC}.Release|Any CPU.Build.0 = Release|Any CPU
		{8FB3CC1B-D3F6-49A0-A700-3A212C4772DC}.Release|x86.ActiveCfg = Release|Any CPU
		{8FB3CC1B-D3F6-49A0-A700-3A212C4772DC}.Release|x86.Build.0 = Release|Any CPU
		{7EEF2DDF-BEC6-4A1E-81E4-174D3BDF5CC3}.Debug|Any CPU.ActiveCfg = Debug|Any CPU
		{7EEF2DDF-BEC6-4A1E-81E4-174D3BDF5CC3}.Debug|Any CPU.Build.0 = Debug|Any CPU
		{7EEF2DDF-BEC6-4A1E-81E4-174D3BDF5CC3}.Debug|x86.ActiveCfg = Debug|Any CPU
		{7EEF2DDF-BEC6-4A1E-81E4-174D3BDF5CC3}.Debug|x86.Build.0 = Debug|Any CPU
		{7EEF2DDF-BEC6-4A1E-81E4-174D3BDF5CC3}.Release|Any CPU.ActiveCfg = Release|Any CPU
		{7EEF2DDF-BEC6-4A1E-81E4-174D3BDF5CC3}.Release|Any CPU.Build.0 = Release|Any CPU
		{7EEF2DDF-BEC6-4A1E-81E4-174D3BDF5CC3}.Release|x86.ActiveCfg = Release|Any CPU
		{7EEF2DDF-BEC6-4A1E-81E4-174D3BDF5CC3}.Release|x86.Build.0 = Release|Any CPU
		{71CE999A-BF87-4EAA-81B6-BF78FBD05CEB}.Debug|Any CPU.ActiveCfg = Debug|Any CPU
		{71CE999A-BF87-4EAA-81B6-BF78FBD05CEB}.Debug|Any CPU.Build.0 = Debug|Any CPU
		{71CE999A-BF87-4EAA-81B6-BF78FBD05CEB}.Debug|x86.ActiveCfg = Debug|Any CPU
		{71CE999A-BF87-4EAA-81B6-BF78FBD05CEB}.Debug|x86.Build.0 = Debug|Any CPU
		{71CE999A-BF87-4EAA-81B6-BF78FBD05CEB}.Release|Any CPU.ActiveCfg = Release|Any CPU
		{71CE999A-BF87-4EAA-81B6-BF78FBD05CEB}.Release|Any CPU.Build.0 = Release|Any CPU
		{71CE999A-BF87-4EAA-81B6-BF78FBD05CEB}.Release|x86.ActiveCfg = Release|Any CPU
		{71CE999A-BF87-4EAA-81B6-BF78FBD05CEB}.Release|x86.Build.0 = Release|Any CPU
		{6748E175-B799-427E-A7FD-625EEF5AFB91}.Debug|Any CPU.ActiveCfg = Debug|Any CPU
		{6748E175-B799-427E-A7FD-625EEF5AFB91}.Debug|Any CPU.Build.0 = Debug|Any CPU
		{6748E175-B799-427E-A7FD-625EEF5AFB91}.Debug|x86.ActiveCfg = Debug|Any CPU
		{6748E175-B799-427E-A7FD-625EEF5AFB91}.Debug|x86.Build.0 = Debug|Any CPU
		{6748E175-B799-427E-A7FD-625EEF5AFB91}.Release|Any CPU.ActiveCfg = Release|Any CPU
		{6748E175-B799-427E-A7FD-625EEF5AFB91}.Release|Any CPU.Build.0 = Release|Any CPU
		{6748E175-B799-427E-A7FD-625EEF5AFB91}.Release|x86.ActiveCfg = Release|Any CPU
		{6748E175-B799-427E-A7FD-625EEF5AFB91}.Release|x86.Build.0 = Release|Any CPU
		{BD907681-AFE8-4008-97CD-11B138FDDCA7}.Debug|Any CPU.ActiveCfg = Debug|Any CPU
		{BD907681-AFE8-4008-97CD-11B138FDDCA7}.Debug|Any CPU.Build.0 = Debug|Any CPU
		{BD907681-AFE8-4008-97CD-11B138FDDCA7}.Debug|x86.ActiveCfg = Debug|Any CPU
		{BD907681-AFE8-4008-97CD-11B138FDDCA7}.Debug|x86.Build.0 = Debug|Any CPU
		{BD907681-AFE8-4008-97CD-11B138FDDCA7}.Release|Any CPU.ActiveCfg = Release|Any CPU
		{BD907681-AFE8-4008-97CD-11B138FDDCA7}.Release|Any CPU.Build.0 = Release|Any CPU
		{BD907681-AFE8-4008-97CD-11B138FDDCA7}.Release|x86.ActiveCfg = Release|Any CPU
		{BD907681-AFE8-4008-97CD-11B138FDDCA7}.Release|x86.Build.0 = Release|Any CPU
		{AA98EC2E-AC7C-4080-993B-F80592D31037}.Debug|Any CPU.ActiveCfg = Debug|Any CPU
		{AA98EC2E-AC7C-4080-993B-F80592D31037}.Debug|Any CPU.Build.0 = Debug|Any CPU
		{AA98EC2E-AC7C-4080-993B-F80592D31037}.Debug|x86.ActiveCfg = Debug|Any CPU
		{AA98EC2E-AC7C-4080-993B-F80592D31037}.Debug|x86.Build.0 = Debug|Any CPU
		{AA98EC2E-AC7C-4080-993B-F80592D31037}.Release|Any CPU.ActiveCfg = Release|Any CPU
		{AA98EC2E-AC7C-4080-993B-F80592D31037}.Release|Any CPU.Build.0 = Release|Any CPU
		{AA98EC2E-AC7C-4080-993B-F80592D31037}.Release|x86.ActiveCfg = Release|Any CPU
		{AA98EC2E-AC7C-4080-993B-F80592D31037}.Release|x86.Build.0 = Release|Any CPU
		{CFBD26F3-E44E-41EB-89B1-2E84391A0686}.Debug|Any CPU.ActiveCfg = Debug|Any CPU
		{CFBD26F3-E44E-41EB-89B1-2E84391A0686}.Debug|Any CPU.Build.0 = Debug|Any CPU
		{CFBD26F3-E44E-41EB-89B1-2E84391A0686}.Debug|x86.ActiveCfg = Debug|Any CPU
		{CFBD26F3-E44E-41EB-89B1-2E84391A0686}.Debug|x86.Build.0 = Debug|Any CPU
		{CFBD26F3-E44E-41EB-89B1-2E84391A0686}.Release|Any CPU.ActiveCfg = Release|Any CPU
		{CFBD26F3-E44E-41EB-89B1-2E84391A0686}.Release|Any CPU.Build.0 = Release|Any CPU
		{CFBD26F3-E44E-41EB-89B1-2E84391A0686}.Release|x86.ActiveCfg = Release|Any CPU
		{CFBD26F3-E44E-41EB-89B1-2E84391A0686}.Release|x86.Build.0 = Release|Any CPU
		{7102B4CF-9B9D-4827-ADCA-D23971CD84C3}.Debug|Any CPU.ActiveCfg = Debug|Any CPU
		{7102B4CF-9B9D-4827-ADCA-D23971CD84C3}.Debug|Any CPU.Build.0 = Debug|Any CPU
		{7102B4CF-9B9D-4827-ADCA-D23971CD84C3}.Debug|x86.ActiveCfg = Debug|Any CPU
		{7102B4CF-9B9D-4827-ADCA-D23971CD84C3}.Debug|x86.Build.0 = Debug|Any CPU
		{7102B4CF-9B9D-4827-ADCA-D23971CD84C3}.Release|Any CPU.ActiveCfg = Release|Any CPU
		{7102B4CF-9B9D-4827-ADCA-D23971CD84C3}.Release|Any CPU.Build.0 = Release|Any CPU
		{7102B4CF-9B9D-4827-ADCA-D23971CD84C3}.Release|x86.ActiveCfg = Release|Any CPU
		{7102B4CF-9B9D-4827-ADCA-D23971CD84C3}.Release|x86.Build.0 = Release|Any CPU
		{12910BAF-29C4-48CA-B50D-4CCABDFB879A}.Debug|Any CPU.ActiveCfg = Debug|Any CPU
		{12910BAF-29C4-48CA-B50D-4CCABDFB879A}.Debug|Any CPU.Build.0 = Debug|Any CPU
		{12910BAF-29C4-48CA-B50D-4CCABDFB879A}.Debug|x86.ActiveCfg = Debug|Any CPU
		{12910BAF-29C4-48CA-B50D-4CCABDFB879A}.Debug|x86.Build.0 = Debug|Any CPU
		{12910BAF-29C4-48CA-B50D-4CCABDFB879A}.Release|Any CPU.ActiveCfg = Release|Any CPU
		{12910BAF-29C4-48CA-B50D-4CCABDFB879A}.Release|Any CPU.Build.0 = Release|Any CPU
		{12910BAF-29C4-48CA-B50D-4CCABDFB879A}.Release|x86.ActiveCfg = Release|Any CPU
		{12910BAF-29C4-48CA-B50D-4CCABDFB879A}.Release|x86.Build.0 = Release|Any CPU
		{6DF6E969-44FD-462D-92B3-B97531C01216}.Debug|Any CPU.ActiveCfg = Debug|Any CPU
		{6DF6E969-44FD-462D-92B3-B97531C01216}.Debug|Any CPU.Build.0 = Debug|Any CPU
		{6DF6E969-44FD-462D-92B3-B97531C01216}.Debug|x86.ActiveCfg = Debug|Any CPU
		{6DF6E969-44FD-462D-92B3-B97531C01216}.Debug|x86.Build.0 = Debug|Any CPU
		{6DF6E969-44FD-462D-92B3-B97531C01216}.Release|Any CPU.ActiveCfg = Release|Any CPU
		{6DF6E969-44FD-462D-92B3-B97531C01216}.Release|Any CPU.Build.0 = Release|Any CPU
		{6DF6E969-44FD-462D-92B3-B97531C01216}.Release|x86.ActiveCfg = Release|Any CPU
		{6DF6E969-44FD-462D-92B3-B97531C01216}.Release|x86.Build.0 = Release|Any CPU
		{A01EDD42-F7F5-4E20-8DEB-9F66F2980662}.Debug|Any CPU.ActiveCfg = Debug|Any CPU
		{A01EDD42-F7F5-4E20-8DEB-9F66F2980662}.Debug|Any CPU.Build.0 = Debug|Any CPU
		{A01EDD42-F7F5-4E20-8DEB-9F66F2980662}.Debug|x86.ActiveCfg = Debug|Any CPU
		{A01EDD42-F7F5-4E20-8DEB-9F66F2980662}.Debug|x86.Build.0 = Debug|Any CPU
		{A01EDD42-F7F5-4E20-8DEB-9F66F2980662}.Release|Any CPU.ActiveCfg = Release|Any CPU
		{A01EDD42-F7F5-4E20-8DEB-9F66F2980662}.Release|Any CPU.Build.0 = Release|Any CPU
		{A01EDD42-F7F5-4E20-8DEB-9F66F2980662}.Release|x86.ActiveCfg = Release|Any CPU
		{A01EDD42-F7F5-4E20-8DEB-9F66F2980662}.Release|x86.Build.0 = Release|Any CPU
		{9DD9F407-F2C6-495A-9204-C9825C67E9B9}.Debug|Any CPU.ActiveCfg = Debug|Any CPU
		{9DD9F407-F2C6-495A-9204-C9825C67E9B9}.Debug|Any CPU.Build.0 = Debug|Any CPU
		{9DD9F407-F2C6-495A-9204-C9825C67E9B9}.Debug|x86.ActiveCfg = Debug|Any CPU
		{9DD9F407-F2C6-495A-9204-C9825C67E9B9}.Debug|x86.Build.0 = Debug|Any CPU
		{9DD9F407-F2C6-495A-9204-C9825C67E9B9}.Release|Any CPU.ActiveCfg = Release|Any CPU
		{9DD9F407-F2C6-495A-9204-C9825C67E9B9}.Release|Any CPU.Build.0 = Release|Any CPU
		{9DD9F407-F2C6-495A-9204-C9825C67E9B9}.Release|x86.ActiveCfg = Release|Any CPU
		{9DD9F407-F2C6-495A-9204-C9825C67E9B9}.Release|x86.Build.0 = Release|Any CPU
		{FE4C0E46-0427-46E1-8CC9-4B26FB15F728}.Debug|Any CPU.ActiveCfg = Debug|Any CPU
		{FE4C0E46-0427-46E1-8CC9-4B26FB15F728}.Debug|Any CPU.Build.0 = Debug|Any CPU
		{FE4C0E46-0427-46E1-8CC9-4B26FB15F728}.Debug|x86.ActiveCfg = Debug|Any CPU
		{FE4C0E46-0427-46E1-8CC9-4B26FB15F728}.Debug|x86.Build.0 = Debug|Any CPU
		{FE4C0E46-0427-46E1-8CC9-4B26FB15F728}.Release|Any CPU.ActiveCfg = Release|Any CPU
		{FE4C0E46-0427-46E1-8CC9-4B26FB15F728}.Release|Any CPU.Build.0 = Release|Any CPU
		{FE4C0E46-0427-46E1-8CC9-4B26FB15F728}.Release|x86.ActiveCfg = Release|Any CPU
		{FE4C0E46-0427-46E1-8CC9-4B26FB15F728}.Release|x86.Build.0 = Release|Any CPU
		{91DF5775-5635-4DF3-A26F-5CFE1136763E}.Debug|Any CPU.ActiveCfg = Debug|Any CPU
		{91DF5775-5635-4DF3-A26F-5CFE1136763E}.Debug|Any CPU.Build.0 = Debug|Any CPU
		{91DF5775-5635-4DF3-A26F-5CFE1136763E}.Debug|x86.ActiveCfg = Debug|Any CPU
		{91DF5775-5635-4DF3-A26F-5CFE1136763E}.Debug|x86.Build.0 = Debug|Any CPU
		{91DF5775-5635-4DF3-A26F-5CFE1136763E}.Release|Any CPU.ActiveCfg = Release|Any CPU
		{91DF5775-5635-4DF3-A26F-5CFE1136763E}.Release|Any CPU.Build.0 = Release|Any CPU
		{91DF5775-5635-4DF3-A26F-5CFE1136763E}.Release|x86.ActiveCfg = Release|Any CPU
		{91DF5775-5635-4DF3-A26F-5CFE1136763E}.Release|x86.Build.0 = Release|Any CPU
		{18023934-17CF-421E-87C2-61838B7498C6}.Debug|Any CPU.ActiveCfg = Debug|Any CPU
		{18023934-17CF-421E-87C2-61838B7498C6}.Debug|Any CPU.Build.0 = Debug|Any CPU
		{18023934-17CF-421E-87C2-61838B7498C6}.Debug|x86.ActiveCfg = Debug|Any CPU
		{18023934-17CF-421E-87C2-61838B7498C6}.Debug|x86.Build.0 = Debug|Any CPU
		{18023934-17CF-421E-87C2-61838B7498C6}.Release|Any CPU.ActiveCfg = Release|Any CPU
		{18023934-17CF-421E-87C2-61838B7498C6}.Release|Any CPU.Build.0 = Release|Any CPU
		{18023934-17CF-421E-87C2-61838B7498C6}.Release|x86.ActiveCfg = Release|Any CPU
		{18023934-17CF-421E-87C2-61838B7498C6}.Release|x86.Build.0 = Release|Any CPU
		{FE98588C-7FEE-414E-9EAB-F36BF64C88C0}.Debug|Any CPU.ActiveCfg = Debug|Any CPU
		{FE98588C-7FEE-414E-9EAB-F36BF64C88C0}.Debug|Any CPU.Build.0 = Debug|Any CPU
		{FE98588C-7FEE-414E-9EAB-F36BF64C88C0}.Debug|x86.ActiveCfg = Debug|Any CPU
		{FE98588C-7FEE-414E-9EAB-F36BF64C88C0}.Debug|x86.Build.0 = Debug|Any CPU
		{FE98588C-7FEE-414E-9EAB-F36BF64C88C0}.Release|Any CPU.ActiveCfg = Release|Any CPU
		{FE98588C-7FEE-414E-9EAB-F36BF64C88C0}.Release|Any CPU.Build.0 = Release|Any CPU
		{FE98588C-7FEE-414E-9EAB-F36BF64C88C0}.Release|x86.ActiveCfg = Release|Any CPU
		{FE98588C-7FEE-414E-9EAB-F36BF64C88C0}.Release|x86.Build.0 = Release|Any CPU
		{4CEE1A45-E01E-4BCC-8145-5C593ADF28BC}.Debug|Any CPU.ActiveCfg = Debug|Any CPU
		{4CEE1A45-E01E-4BCC-8145-5C593ADF28BC}.Debug|Any CPU.Build.0 = Debug|Any CPU
		{4CEE1A45-E01E-4BCC-8145-5C593ADF28BC}.Debug|x86.ActiveCfg = Debug|Any CPU
		{4CEE1A45-E01E-4BCC-8145-5C593ADF28BC}.Debug|x86.Build.0 = Debug|Any CPU
		{4CEE1A45-E01E-4BCC-8145-5C593ADF28BC}.Release|Any CPU.ActiveCfg = Release|Any CPU
		{4CEE1A45-E01E-4BCC-8145-5C593ADF28BC}.Release|Any CPU.Build.0 = Release|Any CPU
		{4CEE1A45-E01E-4BCC-8145-5C593ADF28BC}.Release|x86.ActiveCfg = Release|Any CPU
		{4CEE1A45-E01E-4BCC-8145-5C593ADF28BC}.Release|x86.Build.0 = Release|Any CPU
		{0588D27B-7D87-4B33-9120-4C0A9E7D6665}.Debug|Any CPU.ActiveCfg = Debug|Any CPU
		{0588D27B-7D87-4B33-9120-4C0A9E7D6665}.Debug|Any CPU.Build.0 = Debug|Any CPU
		{0588D27B-7D87-4B33-9120-4C0A9E7D6665}.Debug|x86.ActiveCfg = Debug|Any CPU
		{0588D27B-7D87-4B33-9120-4C0A9E7D6665}.Debug|x86.Build.0 = Debug|Any CPU
		{0588D27B-7D87-4B33-9120-4C0A9E7D6665}.Release|Any CPU.ActiveCfg = Release|Any CPU
		{0588D27B-7D87-4B33-9120-4C0A9E7D6665}.Release|Any CPU.Build.0 = Release|Any CPU
		{0588D27B-7D87-4B33-9120-4C0A9E7D6665}.Release|x86.ActiveCfg = Release|Any CPU
		{0588D27B-7D87-4B33-9120-4C0A9E7D6665}.Release|x86.Build.0 = Release|Any CPU
		{783E4198-A8F1-4E74-AF3E-0001B0AD516B}.Debug|Any CPU.ActiveCfg = Debug|Any CPU
		{783E4198-A8F1-4E74-AF3E-0001B0AD516B}.Debug|Any CPU.Build.0 = Debug|Any CPU
		{783E4198-A8F1-4E74-AF3E-0001B0AD516B}.Debug|x86.ActiveCfg = Debug|Any CPU
		{783E4198-A8F1-4E74-AF3E-0001B0AD516B}.Debug|x86.Build.0 = Debug|Any CPU
		{783E4198-A8F1-4E74-AF3E-0001B0AD516B}.Release|Any CPU.ActiveCfg = Release|Any CPU
		{783E4198-A8F1-4E74-AF3E-0001B0AD516B}.Release|Any CPU.Build.0 = Release|Any CPU
		{783E4198-A8F1-4E74-AF3E-0001B0AD516B}.Release|x86.ActiveCfg = Release|Any CPU
		{783E4198-A8F1-4E74-AF3E-0001B0AD516B}.Release|x86.Build.0 = Release|Any CPU
		{81552EFA-46B0-4EBE-BC29-5BA6A7628207}.Debug|Any CPU.ActiveCfg = Debug|Any CPU
		{81552EFA-46B0-4EBE-BC29-5BA6A7628207}.Debug|Any CPU.Build.0 = Debug|Any CPU
		{81552EFA-46B0-4EBE-BC29-5BA6A7628207}.Debug|x86.ActiveCfg = Debug|Any CPU
		{81552EFA-46B0-4EBE-BC29-5BA6A7628207}.Debug|x86.Build.0 = Debug|Any CPU
		{81552EFA-46B0-4EBE-BC29-5BA6A7628207}.Release|Any CPU.ActiveCfg = Release|Any CPU
		{81552EFA-46B0-4EBE-BC29-5BA6A7628207}.Release|Any CPU.Build.0 = Release|Any CPU
		{81552EFA-46B0-4EBE-BC29-5BA6A7628207}.Release|x86.ActiveCfg = Release|Any CPU
		{81552EFA-46B0-4EBE-BC29-5BA6A7628207}.Release|x86.Build.0 = Release|Any CPU
		{038B2CF8-0089-4ED1-BEBA-A7D64390190E}.Debug|Any CPU.ActiveCfg = Debug|Any CPU
		{038B2CF8-0089-4ED1-BEBA-A7D64390190E}.Debug|Any CPU.Build.0 = Debug|Any CPU
		{038B2CF8-0089-4ED1-BEBA-A7D64390190E}.Debug|x86.ActiveCfg = Debug|Any CPU
		{038B2CF8-0089-4ED1-BEBA-A7D64390190E}.Debug|x86.Build.0 = Debug|Any CPU
		{038B2CF8-0089-4ED1-BEBA-A7D64390190E}.Release|Any CPU.ActiveCfg = Release|Any CPU
		{038B2CF8-0089-4ED1-BEBA-A7D64390190E}.Release|Any CPU.Build.0 = Release|Any CPU
		{038B2CF8-0089-4ED1-BEBA-A7D64390190E}.Release|x86.ActiveCfg = Release|Any CPU
		{038B2CF8-0089-4ED1-BEBA-A7D64390190E}.Release|x86.Build.0 = Release|Any CPU
		{AF0AE340-7C91-40F9-A074-0F1A4F03F8E9}.Debug|Any CPU.ActiveCfg = Debug|Any CPU
		{AF0AE340-7C91-40F9-A074-0F1A4F03F8E9}.Debug|Any CPU.Build.0 = Debug|Any CPU
		{AF0AE340-7C91-40F9-A074-0F1A4F03F8E9}.Debug|x86.ActiveCfg = Debug|x86
		{AF0AE340-7C91-40F9-A074-0F1A4F03F8E9}.Debug|x86.Build.0 = Debug|x86
		{AF0AE340-7C91-40F9-A074-0F1A4F03F8E9}.Release|Any CPU.ActiveCfg = Release|Any CPU
		{AF0AE340-7C91-40F9-A074-0F1A4F03F8E9}.Release|Any CPU.Build.0 = Release|Any CPU
		{AF0AE340-7C91-40F9-A074-0F1A4F03F8E9}.Release|x86.ActiveCfg = Release|x86
		{AF0AE340-7C91-40F9-A074-0F1A4F03F8E9}.Release|x86.Build.0 = Release|x86
		{EB2C31E6-3ED8-4F0E-A726-194DA87C8F95}.Debug|Any CPU.ActiveCfg = Debug|Any CPU
		{EB2C31E6-3ED8-4F0E-A726-194DA87C8F95}.Debug|Any CPU.Build.0 = Debug|Any CPU
		{EB2C31E6-3ED8-4F0E-A726-194DA87C8F95}.Debug|x86.ActiveCfg = Debug|x86
		{EB2C31E6-3ED8-4F0E-A726-194DA87C8F95}.Debug|x86.Build.0 = Debug|x86
		{EB2C31E6-3ED8-4F0E-A726-194DA87C8F95}.Release|Any CPU.ActiveCfg = Release|Any CPU
		{EB2C31E6-3ED8-4F0E-A726-194DA87C8F95}.Release|Any CPU.Build.0 = Release|Any CPU
		{EB2C31E6-3ED8-4F0E-A726-194DA87C8F95}.Release|x86.ActiveCfg = Release|x86
		{EB2C31E6-3ED8-4F0E-A726-194DA87C8F95}.Release|x86.Build.0 = Release|x86
		{877BECE0-1933-4BA8-8D68-78140A541B67}.Debug|Any CPU.ActiveCfg = Debug|Any CPU
		{877BECE0-1933-4BA8-8D68-78140A541B67}.Debug|Any CPU.Build.0 = Debug|Any CPU
		{877BECE0-1933-4BA8-8D68-78140A541B67}.Debug|x86.ActiveCfg = Debug|x86
		{877BECE0-1933-4BA8-8D68-78140A541B67}.Debug|x86.Build.0 = Debug|x86
		{877BECE0-1933-4BA8-8D68-78140A541B67}.Release|Any CPU.ActiveCfg = Release|Any CPU
		{877BECE0-1933-4BA8-8D68-78140A541B67}.Release|Any CPU.Build.0 = Release|Any CPU
		{877BECE0-1933-4BA8-8D68-78140A541B67}.Release|x86.ActiveCfg = Release|x86
		{877BECE0-1933-4BA8-8D68-78140A541B67}.Release|x86.Build.0 = Release|x86
		{CBDE5BE9-4047-445A-82A2-ADE0D06708BE}.Debug|Any CPU.ActiveCfg = Debug|Any CPU
		{CBDE5BE9-4047-445A-82A2-ADE0D06708BE}.Debug|Any CPU.Build.0 = Debug|Any CPU
		{CBDE5BE9-4047-445A-82A2-ADE0D06708BE}.Debug|x86.ActiveCfg = Debug|x86
		{CBDE5BE9-4047-445A-82A2-ADE0D06708BE}.Debug|x86.Build.0 = Debug|x86
		{CBDE5BE9-4047-445A-82A2-ADE0D06708BE}.Release|Any CPU.ActiveCfg = Release|Any CPU
		{CBDE5BE9-4047-445A-82A2-ADE0D06708BE}.Release|Any CPU.Build.0 = Release|Any CPU
		{CBDE5BE9-4047-445A-82A2-ADE0D06708BE}.Release|x86.ActiveCfg = Release|x86
		{CBDE5BE9-4047-445A-82A2-ADE0D06708BE}.Release|x86.Build.0 = Release|x86
		{418C57E1-B2B9-441F-8B88-1C7776011724}.Debug|Any CPU.ActiveCfg = Debug|Any CPU
		{418C57E1-B2B9-441F-8B88-1C7776011724}.Debug|Any CPU.Build.0 = Debug|Any CPU
		{418C57E1-B2B9-441F-8B88-1C7776011724}.Debug|x86.ActiveCfg = Debug|x86
		{418C57E1-B2B9-441F-8B88-1C7776011724}.Debug|x86.Build.0 = Debug|x86
		{418C57E1-B2B9-441F-8B88-1C7776011724}.Release|Any CPU.ActiveCfg = Release|Any CPU
		{418C57E1-B2B9-441F-8B88-1C7776011724}.Release|Any CPU.Build.0 = Release|Any CPU
		{418C57E1-B2B9-441F-8B88-1C7776011724}.Release|x86.ActiveCfg = Release|x86
		{418C57E1-B2B9-441F-8B88-1C7776011724}.Release|x86.Build.0 = Release|x86
		{12205D6A-E262-4F8B-8344-2B5A93BBB775}.Debug|Any CPU.ActiveCfg = Debug|Any CPU
		{12205D6A-E262-4F8B-8344-2B5A93BBB775}.Debug|Any CPU.Build.0 = Debug|Any CPU
		{12205D6A-E262-4F8B-8344-2B5A93BBB775}.Debug|x86.ActiveCfg = Debug|x86
		{12205D6A-E262-4F8B-8344-2B5A93BBB775}.Debug|x86.Build.0 = Debug|x86
		{12205D6A-E262-4F8B-8344-2B5A93BBB775}.Release|Any CPU.ActiveCfg = Release|Any CPU
		{12205D6A-E262-4F8B-8344-2B5A93BBB775}.Release|Any CPU.Build.0 = Release|Any CPU
		{12205D6A-E262-4F8B-8344-2B5A93BBB775}.Release|x86.ActiveCfg = Release|x86
		{12205D6A-E262-4F8B-8344-2B5A93BBB775}.Release|x86.Build.0 = Release|x86
		{22C00710-A6E5-4F49-92CE-A5A2DD71C24A}.Debug|Any CPU.ActiveCfg = Debug|Any CPU
		{22C00710-A6E5-4F49-92CE-A5A2DD71C24A}.Debug|Any CPU.Build.0 = Debug|Any CPU
		{22C00710-A6E5-4F49-92CE-A5A2DD71C24A}.Debug|x86.ActiveCfg = Debug|x86
		{22C00710-A6E5-4F49-92CE-A5A2DD71C24A}.Debug|x86.Build.0 = Debug|x86
		{22C00710-A6E5-4F49-92CE-A5A2DD71C24A}.Release|Any CPU.ActiveCfg = Release|Any CPU
		{22C00710-A6E5-4F49-92CE-A5A2DD71C24A}.Release|Any CPU.Build.0 = Release|Any CPU
		{22C00710-A6E5-4F49-92CE-A5A2DD71C24A}.Release|x86.ActiveCfg = Release|x86
		{22C00710-A6E5-4F49-92CE-A5A2DD71C24A}.Release|x86.Build.0 = Release|x86
		{B8CFCE12-D441-46A5-A415-C763E1E2BEB0}.Debug|Any CPU.ActiveCfg = Debug|Any CPU
		{B8CFCE12-D441-46A5-A415-C763E1E2BEB0}.Debug|Any CPU.Build.0 = Debug|Any CPU
		{B8CFCE12-D441-46A5-A415-C763E1E2BEB0}.Debug|x86.ActiveCfg = Debug|Any CPU
		{B8CFCE12-D441-46A5-A415-C763E1E2BEB0}.Debug|x86.Build.0 = Debug|Any CPU
		{B8CFCE12-D441-46A5-A415-C763E1E2BEB0}.Release|Any CPU.ActiveCfg = Release|Any CPU
		{B8CFCE12-D441-46A5-A415-C763E1E2BEB0}.Release|Any CPU.Build.0 = Release|Any CPU
		{B8CFCE12-D441-46A5-A415-C763E1E2BEB0}.Release|x86.ActiveCfg = Release|Any CPU
		{B8CFCE12-D441-46A5-A415-C763E1E2BEB0}.Release|x86.Build.0 = Release|Any CPU
		{9AA7DD53-7BC4-4971-BC0C-0540A391DC22}.Debug|Any CPU.ActiveCfg = Debug|Any CPU
		{9AA7DD53-7BC4-4971-BC0C-0540A391DC22}.Debug|Any CPU.Build.0 = Debug|Any CPU
		{9AA7DD53-7BC4-4971-BC0C-0540A391DC22}.Debug|x86.ActiveCfg = Debug|Any CPU
		{9AA7DD53-7BC4-4971-BC0C-0540A391DC22}.Debug|x86.Build.0 = Debug|Any CPU
		{9AA7DD53-7BC4-4971-BC0C-0540A391DC22}.Release|Any CPU.ActiveCfg = Release|Any CPU
		{9AA7DD53-7BC4-4971-BC0C-0540A391DC22}.Release|Any CPU.Build.0 = Release|Any CPU
		{9AA7DD53-7BC4-4971-BC0C-0540A391DC22}.Release|x86.ActiveCfg = Release|Any CPU
		{9AA7DD53-7BC4-4971-BC0C-0540A391DC22}.Release|x86.Build.0 = Release|Any CPU
		{A09C427C-DBF7-49C8-9590-E99AD60DECE2}.Debug|Any CPU.ActiveCfg = Debug|Any CPU
		{A09C427C-DBF7-49C8-9590-E99AD60DECE2}.Debug|Any CPU.Build.0 = Debug|Any CPU
		{A09C427C-DBF7-49C8-9590-E99AD60DECE2}.Debug|x86.ActiveCfg = Debug|Any CPU
		{A09C427C-DBF7-49C8-9590-E99AD60DECE2}.Debug|x86.Build.0 = Debug|Any CPU
		{A09C427C-DBF7-49C8-9590-E99AD60DECE2}.Release|Any CPU.ActiveCfg = Release|Any CPU
		{A09C427C-DBF7-49C8-9590-E99AD60DECE2}.Release|Any CPU.Build.0 = Release|Any CPU
		{A09C427C-DBF7-49C8-9590-E99AD60DECE2}.Release|x86.ActiveCfg = Release|Any CPU
		{A09C427C-DBF7-49C8-9590-E99AD60DECE2}.Release|x86.Build.0 = Release|Any CPU
		{E3D3DFFD-6668-44BE-9D8E-823F53B58F29}.Debug|Any CPU.ActiveCfg = Debug|Any CPU
		{E3D3DFFD-6668-44BE-9D8E-823F53B58F29}.Debug|Any CPU.Build.0 = Debug|Any CPU
		{E3D3DFFD-6668-44BE-9D8E-823F53B58F29}.Debug|x86.ActiveCfg = Debug|Any CPU
		{E3D3DFFD-6668-44BE-9D8E-823F53B58F29}.Debug|x86.Build.0 = Debug|Any CPU
		{E3D3DFFD-6668-44BE-9D8E-823F53B58F29}.Release|Any CPU.ActiveCfg = Release|Any CPU
		{E3D3DFFD-6668-44BE-9D8E-823F53B58F29}.Release|Any CPU.Build.0 = Release|Any CPU
		{E3D3DFFD-6668-44BE-9D8E-823F53B58F29}.Release|x86.ActiveCfg = Release|Any CPU
		{E3D3DFFD-6668-44BE-9D8E-823F53B58F29}.Release|x86.Build.0 = Release|Any CPU
		{ED237B5F-FD05-4994-86E0-CE4DD09B5BAC}.Debug|Any CPU.ActiveCfg = Debug|Any CPU
		{ED237B5F-FD05-4994-86E0-CE4DD09B5BAC}.Debug|Any CPU.Build.0 = Debug|Any CPU
		{ED237B5F-FD05-4994-86E0-CE4DD09B5BAC}.Debug|x86.ActiveCfg = Debug|x86
		{ED237B5F-FD05-4994-86E0-CE4DD09B5BAC}.Debug|x86.Build.0 = Debug|x86
		{ED237B5F-FD05-4994-86E0-CE4DD09B5BAC}.Release|Any CPU.ActiveCfg = Release|Any CPU
		{ED237B5F-FD05-4994-86E0-CE4DD09B5BAC}.Release|Any CPU.Build.0 = Release|Any CPU
		{ED237B5F-FD05-4994-86E0-CE4DD09B5BAC}.Release|x86.ActiveCfg = Release|x86
		{ED237B5F-FD05-4994-86E0-CE4DD09B5BAC}.Release|x86.Build.0 = Release|x86
		{ED2385B8-E0E7-479F-BFCC-50B646E2AC35}.Debug|Any CPU.ActiveCfg = Debug|Any CPU
		{ED2385B8-E0E7-479F-BFCC-50B646E2AC35}.Debug|Any CPU.Build.0 = Debug|Any CPU
		{ED2385B8-E0E7-479F-BFCC-50B646E2AC35}.Debug|x86.ActiveCfg = Debug|x86
		{ED2385B8-E0E7-479F-BFCC-50B646E2AC35}.Debug|x86.Build.0 = Debug|x86
		{ED2385B8-E0E7-479F-BFCC-50B646E2AC35}.Release|Any CPU.ActiveCfg = Release|Any CPU
		{ED2385B8-E0E7-479F-BFCC-50B646E2AC35}.Release|Any CPU.Build.0 = Release|Any CPU
		{ED2385B8-E0E7-479F-BFCC-50B646E2AC35}.Release|x86.ActiveCfg = Release|x86
		{ED2385B8-E0E7-479F-BFCC-50B646E2AC35}.Release|x86.Build.0 = Release|x86
		{D1833CEF-ABAB-472C-A9A0-5CF39C45A36B}.Debug|Any CPU.ActiveCfg = Debug|Any CPU
		{D1833CEF-ABAB-472C-A9A0-5CF39C45A36B}.Debug|Any CPU.Build.0 = Debug|Any CPU
		{D1833CEF-ABAB-472C-A9A0-5CF39C45A36B}.Debug|x86.ActiveCfg = Debug|x86
		{D1833CEF-ABAB-472C-A9A0-5CF39C45A36B}.Debug|x86.Build.0 = Debug|x86
		{D1833CEF-ABAB-472C-A9A0-5CF39C45A36B}.Release|Any CPU.ActiveCfg = Release|Any CPU
		{D1833CEF-ABAB-472C-A9A0-5CF39C45A36B}.Release|Any CPU.Build.0 = Release|Any CPU
		{D1833CEF-ABAB-472C-A9A0-5CF39C45A36B}.Release|x86.ActiveCfg = Release|x86
		{D1833CEF-ABAB-472C-A9A0-5CF39C45A36B}.Release|x86.Build.0 = Release|x86
		{D14A5D26-391E-4327-A1DC-29572D4521FF}.Debug|Any CPU.ActiveCfg = Debug|Any CPU
		{D14A5D26-391E-4327-A1DC-29572D4521FF}.Debug|Any CPU.Build.0 = Debug|Any CPU
		{D14A5D26-391E-4327-A1DC-29572D4521FF}.Debug|x86.ActiveCfg = Debug|x86
		{D14A5D26-391E-4327-A1DC-29572D4521FF}.Debug|x86.Build.0 = Debug|x86
		{D14A5D26-391E-4327-A1DC-29572D4521FF}.Release|Any CPU.ActiveCfg = Release|Any CPU
		{D14A5D26-391E-4327-A1DC-29572D4521FF}.Release|Any CPU.Build.0 = Release|Any CPU
		{D14A5D26-391E-4327-A1DC-29572D4521FF}.Release|x86.ActiveCfg = Release|x86
		{D14A5D26-391E-4327-A1DC-29572D4521FF}.Release|x86.Build.0 = Release|x86
		{B38E2797-FE83-4EB5-8D70-FEBDEDCA32BF}.Debug|Any CPU.ActiveCfg = Debug|Any CPU
		{B38E2797-FE83-4EB5-8D70-FEBDEDCA32BF}.Debug|Any CPU.Build.0 = Debug|Any CPU
		{B38E2797-FE83-4EB5-8D70-FEBDEDCA32BF}.Debug|x86.ActiveCfg = Debug|Any CPU
		{B38E2797-FE83-4EB5-8D70-FEBDEDCA32BF}.Debug|x86.Build.0 = Debug|Any CPU
		{B38E2797-FE83-4EB5-8D70-FEBDEDCA32BF}.Release|Any CPU.ActiveCfg = Release|Any CPU
		{B38E2797-FE83-4EB5-8D70-FEBDEDCA32BF}.Release|Any CPU.Build.0 = Release|Any CPU
		{B38E2797-FE83-4EB5-8D70-FEBDEDCA32BF}.Release|x86.ActiveCfg = Release|Any CPU
		{B38E2797-FE83-4EB5-8D70-FEBDEDCA32BF}.Release|x86.Build.0 = Release|Any CPU
		{B4771F7A-A835-4B86-8B52-0E2FD560A48C}.Debug|Any CPU.ActiveCfg = Debug|Any CPU
		{B4771F7A-A835-4B86-8B52-0E2FD560A48C}.Debug|Any CPU.Build.0 = Debug|Any CPU
		{B4771F7A-A835-4B86-8B52-0E2FD560A48C}.Debug|x86.ActiveCfg = Debug|Any CPU
		{B4771F7A-A835-4B86-8B52-0E2FD560A48C}.Debug|x86.Build.0 = Debug|Any CPU
		{B4771F7A-A835-4B86-8B52-0E2FD560A48C}.Release|Any CPU.ActiveCfg = Release|Any CPU
		{B4771F7A-A835-4B86-8B52-0E2FD560A48C}.Release|Any CPU.Build.0 = Release|Any CPU
		{B4771F7A-A835-4B86-8B52-0E2FD560A48C}.Release|x86.ActiveCfg = Release|Any CPU
		{B4771F7A-A835-4B86-8B52-0E2FD560A48C}.Release|x86.Build.0 = Release|Any CPU
		{3AD9F490-7725-41C8-8816-07966B3DE958}.Debug|Any CPU.ActiveCfg = Debug|Any CPU
		{3AD9F490-7725-41C8-8816-07966B3DE958}.Debug|Any CPU.Build.0 = Debug|Any CPU
		{3AD9F490-7725-41C8-8816-07966B3DE958}.Debug|x86.ActiveCfg = Debug|Any CPU
		{3AD9F490-7725-41C8-8816-07966B3DE958}.Debug|x86.Build.0 = Debug|Any CPU
		{3AD9F490-7725-41C8-8816-07966B3DE958}.Release|Any CPU.ActiveCfg = Release|Any CPU
		{3AD9F490-7725-41C8-8816-07966B3DE958}.Release|Any CPU.Build.0 = Release|Any CPU
		{3AD9F490-7725-41C8-8816-07966B3DE958}.Release|x86.ActiveCfg = Release|Any CPU
		{3AD9F490-7725-41C8-8816-07966B3DE958}.Release|x86.Build.0 = Release|Any CPU
		{94F578FB-AFEB-4C67-BD0D-C5797E50E9E8}.Debug|Any CPU.ActiveCfg = Debug|Any CPU
		{94F578FB-AFEB-4C67-BD0D-C5797E50E9E8}.Debug|Any CPU.Build.0 = Debug|Any CPU
		{94F578FB-AFEB-4C67-BD0D-C5797E50E9E8}.Debug|x86.ActiveCfg = Debug|Any CPU
		{94F578FB-AFEB-4C67-BD0D-C5797E50E9E8}.Debug|x86.Build.0 = Debug|Any CPU
		{94F578FB-AFEB-4C67-BD0D-C5797E50E9E8}.Release|Any CPU.ActiveCfg = Release|Any CPU
		{94F578FB-AFEB-4C67-BD0D-C5797E50E9E8}.Release|Any CPU.Build.0 = Release|Any CPU
		{94F578FB-AFEB-4C67-BD0D-C5797E50E9E8}.Release|x86.ActiveCfg = Release|Any CPU
		{94F578FB-AFEB-4C67-BD0D-C5797E50E9E8}.Release|x86.Build.0 = Release|Any CPU
		{5739EE0E-1E8C-4AC6-9AAA-F58C7345B9A8}.Debug|Any CPU.ActiveCfg = Debug|Any CPU
		{5739EE0E-1E8C-4AC6-9AAA-F58C7345B9A8}.Debug|Any CPU.Build.0 = Debug|Any CPU
		{5739EE0E-1E8C-4AC6-9AAA-F58C7345B9A8}.Debug|x86.ActiveCfg = Debug|Any CPU
		{5739EE0E-1E8C-4AC6-9AAA-F58C7345B9A8}.Debug|x86.Build.0 = Debug|Any CPU
		{5739EE0E-1E8C-4AC6-9AAA-F58C7345B9A8}.Release|Any CPU.ActiveCfg = Release|Any CPU
		{5739EE0E-1E8C-4AC6-9AAA-F58C7345B9A8}.Release|Any CPU.Build.0 = Release|Any CPU
		{5739EE0E-1E8C-4AC6-9AAA-F58C7345B9A8}.Release|x86.ActiveCfg = Release|Any CPU
		{5739EE0E-1E8C-4AC6-9AAA-F58C7345B9A8}.Release|x86.Build.0 = Release|Any CPU
		{B5A5A4DC-8EF3-4C04-85FD-76E85C4EA4CB}.Debug|Any CPU.ActiveCfg = Debug|Any CPU
		{B5A5A4DC-8EF3-4C04-85FD-76E85C4EA4CB}.Debug|Any CPU.Build.0 = Debug|Any CPU
		{B5A5A4DC-8EF3-4C04-85FD-76E85C4EA4CB}.Debug|x86.ActiveCfg = Debug|Any CPU
		{B5A5A4DC-8EF3-4C04-85FD-76E85C4EA4CB}.Debug|x86.Build.0 = Debug|Any CPU
		{B5A5A4DC-8EF3-4C04-85FD-76E85C4EA4CB}.Release|Any CPU.ActiveCfg = Release|Any CPU
		{B5A5A4DC-8EF3-4C04-85FD-76E85C4EA4CB}.Release|Any CPU.Build.0 = Release|Any CPU
		{B5A5A4DC-8EF3-4C04-85FD-76E85C4EA4CB}.Release|x86.ActiveCfg = Release|Any CPU
		{B5A5A4DC-8EF3-4C04-85FD-76E85C4EA4CB}.Release|x86.Build.0 = Release|Any CPU
		{1D99DF2D-30AA-47F4-98B0-5E2F48258C44}.Debug|Any CPU.ActiveCfg = Debug|Any CPU
		{1D99DF2D-30AA-47F4-98B0-5E2F48258C44}.Debug|Any CPU.Build.0 = Debug|Any CPU
		{1D99DF2D-30AA-47F4-98B0-5E2F48258C44}.Debug|x86.ActiveCfg = Debug|Any CPU
		{1D99DF2D-30AA-47F4-98B0-5E2F48258C44}.Debug|x86.Build.0 = Debug|Any CPU
		{1D99DF2D-30AA-47F4-98B0-5E2F48258C44}.Release|Any CPU.ActiveCfg = Release|Any CPU
		{1D99DF2D-30AA-47F4-98B0-5E2F48258C44}.Release|Any CPU.Build.0 = Release|Any CPU
		{1D99DF2D-30AA-47F4-98B0-5E2F48258C44}.Release|x86.ActiveCfg = Release|Any CPU
		{1D99DF2D-30AA-47F4-98B0-5E2F48258C44}.Release|x86.Build.0 = Release|Any CPU
		{AA57CB1D-F511-4BF5-9410-72A49D063365}.Debug|Any CPU.ActiveCfg = Debug|Any CPU
		{AA57CB1D-F511-4BF5-9410-72A49D063365}.Debug|Any CPU.Build.0 = Debug|Any CPU
		{AA57CB1D-F511-4BF5-9410-72A49D063365}.Debug|x86.ActiveCfg = Debug|Any CPU
		{AA57CB1D-F511-4BF5-9410-72A49D063365}.Debug|x86.Build.0 = Debug|Any CPU
		{AA57CB1D-F511-4BF5-9410-72A49D063365}.Release|Any CPU.ActiveCfg = Release|Any CPU
		{AA57CB1D-F511-4BF5-9410-72A49D063365}.Release|Any CPU.Build.0 = Release|Any CPU
		{AA57CB1D-F511-4BF5-9410-72A49D063365}.Release|x86.ActiveCfg = Release|Any CPU
		{AA57CB1D-F511-4BF5-9410-72A49D063365}.Release|x86.Build.0 = Release|Any CPU
		{A2F72D39-EEF5-4C08-B573-D8C5740CED2C}.Debug|Any CPU.ActiveCfg = Debug|Any CPU
		{A2F72D39-EEF5-4C08-B573-D8C5740CED2C}.Debug|Any CPU.Build.0 = Debug|Any CPU
		{A2F72D39-EEF5-4C08-B573-D8C5740CED2C}.Debug|x86.ActiveCfg = Debug|Any CPU
		{A2F72D39-EEF5-4C08-B573-D8C5740CED2C}.Debug|x86.Build.0 = Debug|Any CPU
		{A2F72D39-EEF5-4C08-B573-D8C5740CED2C}.Release|Any CPU.ActiveCfg = Release|Any CPU
		{A2F72D39-EEF5-4C08-B573-D8C5740CED2C}.Release|Any CPU.Build.0 = Release|Any CPU
		{A2F72D39-EEF5-4C08-B573-D8C5740CED2C}.Release|x86.ActiveCfg = Release|Any CPU
		{A2F72D39-EEF5-4C08-B573-D8C5740CED2C}.Release|x86.Build.0 = Release|Any CPU
		{F1A54C06-A4A8-4E6B-B7FA-8469105408B3}.Debug|Any CPU.ActiveCfg = Debug|Any CPU
		{F1A54C06-A4A8-4E6B-B7FA-8469105408B3}.Debug|Any CPU.Build.0 = Debug|Any CPU
		{F1A54C06-A4A8-4E6B-B7FA-8469105408B3}.Debug|x86.ActiveCfg = Debug|Any CPU
		{F1A54C06-A4A8-4E6B-B7FA-8469105408B3}.Debug|x86.Build.0 = Debug|Any CPU
		{F1A54C06-A4A8-4E6B-B7FA-8469105408B3}.Release|Any CPU.ActiveCfg = Release|Any CPU
		{F1A54C06-A4A8-4E6B-B7FA-8469105408B3}.Release|Any CPU.Build.0 = Release|Any CPU
		{F1A54C06-A4A8-4E6B-B7FA-8469105408B3}.Release|x86.ActiveCfg = Release|Any CPU
		{F1A54C06-A4A8-4E6B-B7FA-8469105408B3}.Release|x86.Build.0 = Release|Any CPU
		{9A9A823B-967E-4BB5-809F-A78C1668C363}.Debug|Any CPU.ActiveCfg = Debug|Any CPU
		{9A9A823B-967E-4BB5-809F-A78C1668C363}.Debug|Any CPU.Build.0 = Debug|Any CPU
		{9A9A823B-967E-4BB5-809F-A78C1668C363}.Debug|x86.ActiveCfg = Debug|Any CPU
		{9A9A823B-967E-4BB5-809F-A78C1668C363}.Debug|x86.Build.0 = Debug|Any CPU
		{9A9A823B-967E-4BB5-809F-A78C1668C363}.Release|Any CPU.ActiveCfg = Release|Any CPU
		{9A9A823B-967E-4BB5-809F-A78C1668C363}.Release|Any CPU.Build.0 = Release|Any CPU
		{9A9A823B-967E-4BB5-809F-A78C1668C363}.Release|x86.ActiveCfg = Release|Any CPU
		{9A9A823B-967E-4BB5-809F-A78C1668C363}.Release|x86.Build.0 = Release|Any CPU
		{93EB98DA-DC7F-47A9-B636-F738CD80165B}.Debug|Any CPU.ActiveCfg = Debug|Any CPU
		{93EB98DA-DC7F-47A9-B636-F738CD80165B}.Debug|Any CPU.Build.0 = Debug|Any CPU
		{93EB98DA-DC7F-47A9-B636-F738CD80165B}.Debug|x86.ActiveCfg = Debug|Any CPU
		{93EB98DA-DC7F-47A9-B636-F738CD80165B}.Debug|x86.Build.0 = Debug|Any CPU
		{93EB98DA-DC7F-47A9-B636-F738CD80165B}.Release|Any CPU.ActiveCfg = Release|Any CPU
		{93EB98DA-DC7F-47A9-B636-F738CD80165B}.Release|Any CPU.Build.0 = Release|Any CPU
		{93EB98DA-DC7F-47A9-B636-F738CD80165B}.Release|x86.ActiveCfg = Release|Any CPU
		{93EB98DA-DC7F-47A9-B636-F738CD80165B}.Release|x86.Build.0 = Release|Any CPU
		{9A41545D-CA6E-4591-9B80-64A2EE76B85A}.Debug|Any CPU.ActiveCfg = Debug|Any CPU
		{9A41545D-CA6E-4591-9B80-64A2EE76B85A}.Debug|Any CPU.Build.0 = Debug|Any CPU
		{9A41545D-CA6E-4591-9B80-64A2EE76B85A}.Debug|x86.ActiveCfg = Debug|Any CPU
		{9A41545D-CA6E-4591-9B80-64A2EE76B85A}.Debug|x86.Build.0 = Debug|Any CPU
		{9A41545D-CA6E-4591-9B80-64A2EE76B85A}.Release|Any CPU.ActiveCfg = Release|Any CPU
		{9A41545D-CA6E-4591-9B80-64A2EE76B85A}.Release|Any CPU.Build.0 = Release|Any CPU
		{9A41545D-CA6E-4591-9B80-64A2EE76B85A}.Release|x86.ActiveCfg = Release|Any CPU
		{9A41545D-CA6E-4591-9B80-64A2EE76B85A}.Release|x86.Build.0 = Release|Any CPU
		{B102B42B-06EC-47F9-8DC1-E5729B62172E}.Debug|Any CPU.ActiveCfg = Debug|Any CPU
		{B102B42B-06EC-47F9-8DC1-E5729B62172E}.Debug|Any CPU.Build.0 = Debug|Any CPU
		{B102B42B-06EC-47F9-8DC1-E5729B62172E}.Debug|x86.ActiveCfg = Debug|x86
		{B102B42B-06EC-47F9-8DC1-E5729B62172E}.Debug|x86.Build.0 = Debug|x86
		{B102B42B-06EC-47F9-8DC1-E5729B62172E}.Release|Any CPU.ActiveCfg = Release|Any CPU
		{B102B42B-06EC-47F9-8DC1-E5729B62172E}.Release|Any CPU.Build.0 = Release|Any CPU
		{B102B42B-06EC-47F9-8DC1-E5729B62172E}.Release|x86.ActiveCfg = Release|x86
		{B102B42B-06EC-47F9-8DC1-E5729B62172E}.Release|x86.Build.0 = Release|x86
		{260EB803-0C5D-4000-B920-4E8AF84820CA}.Debug|Any CPU.ActiveCfg = Debug|Any CPU
		{260EB803-0C5D-4000-B920-4E8AF84820CA}.Debug|Any CPU.Build.0 = Debug|Any CPU
		{260EB803-0C5D-4000-B920-4E8AF84820CA}.Debug|x86.ActiveCfg = Debug|Any CPU
		{260EB803-0C5D-4000-B920-4E8AF84820CA}.Debug|x86.Build.0 = Debug|Any CPU
		{260EB803-0C5D-4000-B920-4E8AF84820CA}.Release|Any CPU.ActiveCfg = Release|Any CPU
		{260EB803-0C5D-4000-B920-4E8AF84820CA}.Release|Any CPU.Build.0 = Release|Any CPU
		{260EB803-0C5D-4000-B920-4E8AF84820CA}.Release|x86.ActiveCfg = Release|Any CPU
		{260EB803-0C5D-4000-B920-4E8AF84820CA}.Release|x86.Build.0 = Release|Any CPU
		{3F04815A-2A4B-4B28-B683-053A46D6A076}.Debug|Any CPU.ActiveCfg = Debug|Any CPU
		{3F04815A-2A4B-4B28-B683-053A46D6A076}.Debug|Any CPU.Build.0 = Debug|Any CPU
		{3F04815A-2A4B-4B28-B683-053A46D6A076}.Debug|x86.ActiveCfg = Debug|Any CPU
		{3F04815A-2A4B-4B28-B683-053A46D6A076}.Debug|x86.Build.0 = Debug|Any CPU
		{3F04815A-2A4B-4B28-B683-053A46D6A076}.Release|Any CPU.ActiveCfg = Release|Any CPU
		{3F04815A-2A4B-4B28-B683-053A46D6A076}.Release|Any CPU.Build.0 = Release|Any CPU
		{3F04815A-2A4B-4B28-B683-053A46D6A076}.Release|x86.ActiveCfg = Release|Any CPU
		{3F04815A-2A4B-4B28-B683-053A46D6A076}.Release|x86.Build.0 = Release|Any CPU
		{630D31A1-6D34-4A7E-863C-A09B5F11888A}.Debug|Any CPU.ActiveCfg = Debug|Any CPU
		{630D31A1-6D34-4A7E-863C-A09B5F11888A}.Debug|Any CPU.Build.0 = Debug|Any CPU
		{630D31A1-6D34-4A7E-863C-A09B5F11888A}.Debug|x86.ActiveCfg = Debug|x86
		{630D31A1-6D34-4A7E-863C-A09B5F11888A}.Debug|x86.Build.0 = Debug|x86
		{630D31A1-6D34-4A7E-863C-A09B5F11888A}.Release|Any CPU.ActiveCfg = Release|Any CPU
		{630D31A1-6D34-4A7E-863C-A09B5F11888A}.Release|Any CPU.Build.0 = Release|Any CPU
		{630D31A1-6D34-4A7E-863C-A09B5F11888A}.Release|x86.ActiveCfg = Release|x86
		{630D31A1-6D34-4A7E-863C-A09B5F11888A}.Release|x86.Build.0 = Release|x86
		{FE4AE7CE-8775-406E-82A4-A4095803E8BD}.Debug|Any CPU.ActiveCfg = Debug|Any CPU
		{FE4AE7CE-8775-406E-82A4-A4095803E8BD}.Debug|Any CPU.Build.0 = Debug|Any CPU
		{FE4AE7CE-8775-406E-82A4-A4095803E8BD}.Debug|x86.ActiveCfg = Debug|Any CPU
		{FE4AE7CE-8775-406E-82A4-A4095803E8BD}.Debug|x86.Build.0 = Debug|Any CPU
		{FE4AE7CE-8775-406E-82A4-A4095803E8BD}.Release|Any CPU.ActiveCfg = Release|Any CPU
		{FE4AE7CE-8775-406E-82A4-A4095803E8BD}.Release|Any CPU.Build.0 = Release|Any CPU
		{FE4AE7CE-8775-406E-82A4-A4095803E8BD}.Release|x86.ActiveCfg = Release|Any CPU
		{FE4AE7CE-8775-406E-82A4-A4095803E8BD}.Release|x86.Build.0 = Release|Any CPU
		{F3641AC2-FAE4-4201-9F99-C7898BE10F00}.Debug|Any CPU.ActiveCfg = Debug|Any CPU
		{F3641AC2-FAE4-4201-9F99-C7898BE10F00}.Debug|Any CPU.Build.0 = Debug|Any CPU
		{F3641AC2-FAE4-4201-9F99-C7898BE10F00}.Debug|x86.ActiveCfg = Debug|Any CPU
		{F3641AC2-FAE4-4201-9F99-C7898BE10F00}.Debug|x86.Build.0 = Debug|Any CPU
		{F3641AC2-FAE4-4201-9F99-C7898BE10F00}.Release|Any CPU.ActiveCfg = Release|Any CPU
		{F3641AC2-FAE4-4201-9F99-C7898BE10F00}.Release|Any CPU.Build.0 = Release|Any CPU
		{F3641AC2-FAE4-4201-9F99-C7898BE10F00}.Release|x86.ActiveCfg = Release|Any CPU
		{F3641AC2-FAE4-4201-9F99-C7898BE10F00}.Release|x86.Build.0 = Release|Any CPU
		{A9C98031-E563-469B-8ADC-405A7918EDA7}.Debug|Any CPU.ActiveCfg = Debug|Any CPU
		{A9C98031-E563-469B-8ADC-405A7918EDA7}.Debug|Any CPU.Build.0 = Debug|Any CPU
		{A9C98031-E563-469B-8ADC-405A7918EDA7}.Debug|x86.ActiveCfg = Debug|Any CPU
		{A9C98031-E563-469B-8ADC-405A7918EDA7}.Debug|x86.Build.0 = Debug|Any CPU
		{A9C98031-E563-469B-8ADC-405A7918EDA7}.Release|Any CPU.ActiveCfg = Release|Any CPU
		{A9C98031-E563-469B-8ADC-405A7918EDA7}.Release|Any CPU.Build.0 = Release|Any CPU
		{A9C98031-E563-469B-8ADC-405A7918EDA7}.Release|x86.ActiveCfg = Release|Any CPU
		{A9C98031-E563-469B-8ADC-405A7918EDA7}.Release|x86.Build.0 = Release|Any CPU
		{3A2E6C72-6704-4566-8A08-B2A1B222C3EB}.Debug|Any CPU.ActiveCfg = Debug|Any CPU
		{3A2E6C72-6704-4566-8A08-B2A1B222C3EB}.Debug|Any CPU.Build.0 = Debug|Any CPU
		{3A2E6C72-6704-4566-8A08-B2A1B222C3EB}.Debug|x86.ActiveCfg = Debug|Any CPU
		{3A2E6C72-6704-4566-8A08-B2A1B222C3EB}.Debug|x86.Build.0 = Debug|Any CPU
		{3A2E6C72-6704-4566-8A08-B2A1B222C3EB}.Release|Any CPU.ActiveCfg = Release|Any CPU
		{3A2E6C72-6704-4566-8A08-B2A1B222C3EB}.Release|Any CPU.Build.0 = Release|Any CPU
		{3A2E6C72-6704-4566-8A08-B2A1B222C3EB}.Release|x86.ActiveCfg = Release|Any CPU
		{3A2E6C72-6704-4566-8A08-B2A1B222C3EB}.Release|x86.Build.0 = Release|Any CPU
		{C052E98D-5160-48E3-8112-03AEC3F108E3}.Debug|Any CPU.ActiveCfg = Debug|Any CPU
		{C052E98D-5160-48E3-8112-03AEC3F108E3}.Debug|Any CPU.Build.0 = Debug|Any CPU
		{C052E98D-5160-48E3-8112-03AEC3F108E3}.Debug|x86.ActiveCfg = Debug|Any CPU
		{C052E98D-5160-48E3-8112-03AEC3F108E3}.Debug|x86.Build.0 = Debug|Any CPU
		{C052E98D-5160-48E3-8112-03AEC3F108E3}.Release|Any CPU.ActiveCfg = Release|Any CPU
		{C052E98D-5160-48E3-8112-03AEC3F108E3}.Release|Any CPU.Build.0 = Release|Any CPU
		{C052E98D-5160-48E3-8112-03AEC3F108E3}.Release|x86.ActiveCfg = Release|Any CPU
		{C052E98D-5160-48E3-8112-03AEC3F108E3}.Release|x86.Build.0 = Release|Any CPU
		{6B6E6BB1-8A45-4EC0-8BAB-F55E8F0B3AE3}.Debug|Any CPU.ActiveCfg = Debug|Any CPU
		{6B6E6BB1-8A45-4EC0-8BAB-F55E8F0B3AE3}.Debug|Any CPU.Build.0 = Debug|Any CPU
		{6B6E6BB1-8A45-4EC0-8BAB-F55E8F0B3AE3}.Debug|x86.ActiveCfg = Debug|Any CPU
		{6B6E6BB1-8A45-4EC0-8BAB-F55E8F0B3AE3}.Debug|x86.Build.0 = Debug|Any CPU
		{6B6E6BB1-8A45-4EC0-8BAB-F55E8F0B3AE3}.Release|Any CPU.ActiveCfg = Release|Any CPU
		{6B6E6BB1-8A45-4EC0-8BAB-F55E8F0B3AE3}.Release|Any CPU.Build.0 = Release|Any CPU
		{6B6E6BB1-8A45-4EC0-8BAB-F55E8F0B3AE3}.Release|x86.ActiveCfg = Release|Any CPU
		{6B6E6BB1-8A45-4EC0-8BAB-F55E8F0B3AE3}.Release|x86.Build.0 = Release|Any CPU
		{43CF9104-9389-4ED9-9FDB-F55814DD7DC2}.Debug|Any CPU.ActiveCfg = Debug|Any CPU
		{43CF9104-9389-4ED9-9FDB-F55814DD7DC2}.Debug|Any CPU.Build.0 = Debug|Any CPU
		{43CF9104-9389-4ED9-9FDB-F55814DD7DC2}.Debug|x86.ActiveCfg = Debug|Any CPU
		{43CF9104-9389-4ED9-9FDB-F55814DD7DC2}.Debug|x86.Build.0 = Debug|Any CPU
		{43CF9104-9389-4ED9-9FDB-F55814DD7DC2}.Release|Any CPU.ActiveCfg = Release|Any CPU
		{43CF9104-9389-4ED9-9FDB-F55814DD7DC2}.Release|Any CPU.Build.0 = Release|Any CPU
		{43CF9104-9389-4ED9-9FDB-F55814DD7DC2}.Release|x86.ActiveCfg = Release|Any CPU
		{43CF9104-9389-4ED9-9FDB-F55814DD7DC2}.Release|x86.Build.0 = Release|Any CPU
		{7AC9F81A-1C89-468C-A3BC-FE87EF1A11F2}.Debug|Any CPU.ActiveCfg = Debug|Any CPU
		{7AC9F81A-1C89-468C-A3BC-FE87EF1A11F2}.Debug|Any CPU.Build.0 = Debug|Any CPU
		{7AC9F81A-1C89-468C-A3BC-FE87EF1A11F2}.Debug|x86.ActiveCfg = Debug|Any CPU
		{7AC9F81A-1C89-468C-A3BC-FE87EF1A11F2}.Debug|x86.Build.0 = Debug|Any CPU
		{7AC9F81A-1C89-468C-A3BC-FE87EF1A11F2}.Release|Any CPU.ActiveCfg = Release|Any CPU
		{7AC9F81A-1C89-468C-A3BC-FE87EF1A11F2}.Release|Any CPU.Build.0 = Release|Any CPU
		{7AC9F81A-1C89-468C-A3BC-FE87EF1A11F2}.Release|x86.ActiveCfg = Release|Any CPU
		{7AC9F81A-1C89-468C-A3BC-FE87EF1A11F2}.Release|x86.Build.0 = Release|Any CPU
		{368A798C-38D1-4DC0-BC08-4102AF381302}.Debug|Any CPU.ActiveCfg = Debug|Any CPU
		{368A798C-38D1-4DC0-BC08-4102AF381302}.Debug|Any CPU.Build.0 = Debug|Any CPU
		{368A798C-38D1-4DC0-BC08-4102AF381302}.Debug|x86.ActiveCfg = Debug|Any CPU
		{368A798C-38D1-4DC0-BC08-4102AF381302}.Debug|x86.Build.0 = Debug|Any CPU
		{368A798C-38D1-4DC0-BC08-4102AF381302}.Release|Any CPU.ActiveCfg = Release|Any CPU
		{368A798C-38D1-4DC0-BC08-4102AF381302}.Release|Any CPU.Build.0 = Release|Any CPU
		{368A798C-38D1-4DC0-BC08-4102AF381302}.Release|x86.ActiveCfg = Release|Any CPU
		{368A798C-38D1-4DC0-BC08-4102AF381302}.Release|x86.Build.0 = Release|Any CPU
		{5A075C30-BB90-4095-98D2-508E92B3ED2D}.Debug|Any CPU.ActiveCfg = Debug|Any CPU
		{5A075C30-BB90-4095-98D2-508E92B3ED2D}.Debug|Any CPU.Build.0 = Debug|Any CPU
		{5A075C30-BB90-4095-98D2-508E92B3ED2D}.Debug|x86.ActiveCfg = Debug|Any CPU
		{5A075C30-BB90-4095-98D2-508E92B3ED2D}.Debug|x86.Build.0 = Debug|Any CPU
		{5A075C30-BB90-4095-98D2-508E92B3ED2D}.Release|Any CPU.ActiveCfg = Release|Any CPU
		{5A075C30-BB90-4095-98D2-508E92B3ED2D}.Release|Any CPU.Build.0 = Release|Any CPU
		{5A075C30-BB90-4095-98D2-508E92B3ED2D}.Release|x86.ActiveCfg = Release|Any CPU
		{5A075C30-BB90-4095-98D2-508E92B3ED2D}.Release|x86.Build.0 = Release|Any CPU
		{463EB6A0-DF14-4E66-A01A-8384AAA51AB0}.Debug|Any CPU.ActiveCfg = Debug|Any CPU
		{463EB6A0-DF14-4E66-A01A-8384AAA51AB0}.Debug|Any CPU.Build.0 = Debug|Any CPU
		{463EB6A0-DF14-4E66-A01A-8384AAA51AB0}.Debug|x86.ActiveCfg = Debug|Any CPU
		{463EB6A0-DF14-4E66-A01A-8384AAA51AB0}.Debug|x86.Build.0 = Debug|Any CPU
		{463EB6A0-DF14-4E66-A01A-8384AAA51AB0}.Release|Any CPU.ActiveCfg = Release|Any CPU
		{463EB6A0-DF14-4E66-A01A-8384AAA51AB0}.Release|Any CPU.Build.0 = Release|Any CPU
		{463EB6A0-DF14-4E66-A01A-8384AAA51AB0}.Release|x86.ActiveCfg = Release|Any CPU
		{463EB6A0-DF14-4E66-A01A-8384AAA51AB0}.Release|x86.Build.0 = Release|Any CPU
		{006AC827-4FD7-437E-9C48-47DF8EA8A723}.Debug|Any CPU.ActiveCfg = Debug|Any CPU
		{006AC827-4FD7-437E-9C48-47DF8EA8A723}.Debug|Any CPU.Build.0 = Debug|Any CPU
		{006AC827-4FD7-437E-9C48-47DF8EA8A723}.Debug|x86.ActiveCfg = Debug|x86
		{006AC827-4FD7-437E-9C48-47DF8EA8A723}.Debug|x86.Build.0 = Debug|x86
		{006AC827-4FD7-437E-9C48-47DF8EA8A723}.Release|Any CPU.ActiveCfg = Release|Any CPU
		{006AC827-4FD7-437E-9C48-47DF8EA8A723}.Release|Any CPU.Build.0 = Release|Any CPU
		{006AC827-4FD7-437E-9C48-47DF8EA8A723}.Release|x86.ActiveCfg = Release|x86
		{006AC827-4FD7-437E-9C48-47DF8EA8A723}.Release|x86.Build.0 = Release|x86
		{FBF6EF8F-0A23-446D-A2F9-A425A9D715CE}.Debug|Any CPU.ActiveCfg = Debug|Any CPU
		{FBF6EF8F-0A23-446D-A2F9-A425A9D715CE}.Debug|Any CPU.Build.0 = Debug|Any CPU
		{FBF6EF8F-0A23-446D-A2F9-A425A9D715CE}.Debug|x86.ActiveCfg = Debug|x86
		{FBF6EF8F-0A23-446D-A2F9-A425A9D715CE}.Debug|x86.Build.0 = Debug|x86
		{FBF6EF8F-0A23-446D-A2F9-A425A9D715CE}.Release|Any CPU.ActiveCfg = Release|Any CPU
		{FBF6EF8F-0A23-446D-A2F9-A425A9D715CE}.Release|Any CPU.Build.0 = Release|Any CPU
		{FBF6EF8F-0A23-446D-A2F9-A425A9D715CE}.Release|x86.ActiveCfg = Release|x86
		{FBF6EF8F-0A23-446D-A2F9-A425A9D715CE}.Release|x86.Build.0 = Release|x86
		{EF567336-499A-47C6-989E-B992B01DBDC9}.Debug|Any CPU.ActiveCfg = Debug|Any CPU
		{EF567336-499A-47C6-989E-B992B01DBDC9}.Debug|Any CPU.Build.0 = Debug|Any CPU
		{EF567336-499A-47C6-989E-B992B01DBDC9}.Debug|x86.ActiveCfg = Debug|Any CPU
		{EF567336-499A-47C6-989E-B992B01DBDC9}.Debug|x86.Build.0 = Debug|Any CPU
		{EF567336-499A-47C6-989E-B992B01DBDC9}.Release|Any CPU.ActiveCfg = Release|Any CPU
		{EF567336-499A-47C6-989E-B992B01DBDC9}.Release|Any CPU.Build.0 = Release|Any CPU
		{EF567336-499A-47C6-989E-B992B01DBDC9}.Release|x86.ActiveCfg = Release|Any CPU
		{EF567336-499A-47C6-989E-B992B01DBDC9}.Release|x86.Build.0 = Release|Any CPU
		{46A3DF20-879B-4A99-BFD2-3D885ED2C6FB}.Debug|Any CPU.ActiveCfg = Debug|Any CPU
		{46A3DF20-879B-4A99-BFD2-3D885ED2C6FB}.Debug|Any CPU.Build.0 = Debug|Any CPU
		{46A3DF20-879B-4A99-BFD2-3D885ED2C6FB}.Debug|x86.ActiveCfg = Debug|Any CPU
		{46A3DF20-879B-4A99-BFD2-3D885ED2C6FB}.Debug|x86.Build.0 = Debug|Any CPU
		{46A3DF20-879B-4A99-BFD2-3D885ED2C6FB}.Release|Any CPU.ActiveCfg = Release|Any CPU
		{46A3DF20-879B-4A99-BFD2-3D885ED2C6FB}.Release|Any CPU.Build.0 = Release|Any CPU
		{46A3DF20-879B-4A99-BFD2-3D885ED2C6FB}.Release|x86.ActiveCfg = Release|Any CPU
		{46A3DF20-879B-4A99-BFD2-3D885ED2C6FB}.Release|x86.Build.0 = Release|Any CPU
	EndGlobalSection
	GlobalSection(SolutionProperties) = preSolution
		HideSolutionNode = FALSE
	EndGlobalSection
	GlobalSection(NestedProjects) = preSolution
		{687C1AA1-E4D2-4B17-8A5B-A9D57E311E5F} = {DBFC3933-83C8-4F77-8937-EDA0AA0FE7BE}
		{7E899D6E-07D6-4695-B5D5-F9E62E31D5F6} = {DBFC3933-83C8-4F77-8937-EDA0AA0FE7BE}
		{20C1F223-EEF5-4EAB-9E2D-8DF31BB3FF45} = {DBFC3933-83C8-4F77-8937-EDA0AA0FE7BE}
		{DFFE75F2-61CC-4CEA-87A5-1C573436DE9E} = {C74FEDAE-A2DD-4033-9CDD-9005681D6059}
		{6AE302DB-2304-47C8-8E3C-96C85AC1D469} = {C261BDE7-0557-4579-A31E-EB2D5C5503B4}
		{5A78BF40-7D5B-467E-8CE4-9659F22669D0} = {62237430-5212-4823-924E-344007109D14}
		{C4042C0E-20B3-40C3-9CD1-D4FB2CA84FD9} = {62237430-5212-4823-924E-344007109D14}
		{59D6F9BE-5344-496A-9E03-A2A0020DAAC4} = {62237430-5212-4823-924E-344007109D14}
		{B8C28B72-63C0-406B-B5C6-405667DB1D6D} = {62237430-5212-4823-924E-344007109D14}
		{D4D5C421-6265-4674-A1F9-DC11A56FC030} = {62237430-5212-4823-924E-344007109D14}
		{49C00D37-5980-495F-80C6-43C5192C4A87} = {62237430-5212-4823-924E-344007109D14}
		{7E4C1857-240E-4BD2-B4CE-D37BF0E41DF6} = {62237430-5212-4823-924E-344007109D14}
		{35745A87-699D-481A-8142-C2BD9F238983} = {62237430-5212-4823-924E-344007109D14}
		{C2D616BD-C2AB-4130-93E5-2ADA2172A08A} = {62237430-5212-4823-924E-344007109D14}
		{CA419760-C27E-418D-AE0F-869F40AB26E2} = {62237430-5212-4823-924E-344007109D14}
		{4D9293CF-0D56-4BB9-B50D-BC829E53C16F} = {62237430-5212-4823-924E-344007109D14}
		{8FB3CC1B-D3F6-49A0-A700-3A212C4772DC} = {62237430-5212-4823-924E-344007109D14}
		{7EEF2DDF-BEC6-4A1E-81E4-174D3BDF5CC3} = {C261BDE7-0557-4579-A31E-EB2D5C5503B4}
		{71CE999A-BF87-4EAA-81B6-BF78FBD05CEB} = {C261BDE7-0557-4579-A31E-EB2D5C5503B4}
		{6748E175-B799-427E-A7FD-625EEF5AFB91} = {C261BDE7-0557-4579-A31E-EB2D5C5503B4}
		{BD907681-AFE8-4008-97CD-11B138FDDCA7} = {C261BDE7-0557-4579-A31E-EB2D5C5503B4}
		{AA98EC2E-AC7C-4080-993B-F80592D31037} = {C261BDE7-0557-4579-A31E-EB2D5C5503B4}
		{CFBD26F3-E44E-41EB-89B1-2E84391A0686} = {C261BDE7-0557-4579-A31E-EB2D5C5503B4}
		{7102B4CF-9B9D-4827-ADCA-D23971CD84C3} = {C261BDE7-0557-4579-A31E-EB2D5C5503B4}
		{12910BAF-29C4-48CA-B50D-4CCABDFB879A} = {C261BDE7-0557-4579-A31E-EB2D5C5503B4}
		{6DF6E969-44FD-462D-92B3-B97531C01216} = {C261BDE7-0557-4579-A31E-EB2D5C5503B4}
		{A01EDD42-F7F5-4E20-8DEB-9F66F2980662} = {C261BDE7-0557-4579-A31E-EB2D5C5503B4}
		{9DD9F407-F2C6-495A-9204-C9825C67E9B9} = {C261BDE7-0557-4579-A31E-EB2D5C5503B4}
		{FE4C0E46-0427-46E1-8CC9-4B26FB15F728} = {C261BDE7-0557-4579-A31E-EB2D5C5503B4}
		{91DF5775-5635-4DF3-A26F-5CFE1136763E} = {C261BDE7-0557-4579-A31E-EB2D5C5503B4}
		{62237430-5212-4823-924E-344007109D14} = {DBFC3933-83C8-4F77-8937-EDA0AA0FE7BE}
		{C261BDE7-0557-4579-A31E-EB2D5C5503B4} = {DBFC3933-83C8-4F77-8937-EDA0AA0FE7BE}
		{9B2AC37E-7281-4E07-848C-AB32327476A1} = {7C126B63-12FD-4829-A22A-EB2A93815ACD}
		{63BEB71C-D666-4F32-B8D0-620763DDA61A} = {7C126B63-12FD-4829-A22A-EB2A93815ACD}
		{BDF238D0-23E9-4131-861C-47C94F5D6018} = {7C126B63-12FD-4829-A22A-EB2A93815ACD}
		{18023934-17CF-421E-87C2-61838B7498C6} = {63BEB71C-D666-4F32-B8D0-620763DDA61A}
		{FE98588C-7FEE-414E-9EAB-F36BF64C88C0} = {63BEB71C-D666-4F32-B8D0-620763DDA61A}
		{4CEE1A45-E01E-4BCC-8145-5C593ADF28BC} = {63BEB71C-D666-4F32-B8D0-620763DDA61A}
		{0588D27B-7D87-4B33-9120-4C0A9E7D6665} = {63BEB71C-D666-4F32-B8D0-620763DDA61A}
		{783E4198-A8F1-4E74-AF3E-0001B0AD516B} = {9B2AC37E-7281-4E07-848C-AB32327476A1}
		{81552EFA-46B0-4EBE-BC29-5BA6A7628207} = {BDF238D0-23E9-4131-861C-47C94F5D6018}
		{038B2CF8-0089-4ED1-BEBA-A7D64390190E} = {7C126B63-12FD-4829-A22A-EB2A93815ACD}
		{AF0AE340-7C91-40F9-A074-0F1A4F03F8E9} = {9B2AC37E-7281-4E07-848C-AB32327476A1}
		{EB2C31E6-3ED8-4F0E-A726-194DA87C8F95} = {63BEB71C-D666-4F32-B8D0-620763DDA61A}
		{877BECE0-1933-4BA8-8D68-78140A541B67} = {63BEB71C-D666-4F32-B8D0-620763DDA61A}
		{6B2DE77C-378F-4371-B315-046839223DE8} = {7C126B63-12FD-4829-A22A-EB2A93815ACD}
		{60D866A4-6F20-4C7D-876B-3014884AE2FF} = {9B2AC37E-7281-4E07-848C-AB32327476A1}
		{CBDE5BE9-4047-445A-82A2-ADE0D06708BE} = {5BDFB1EC-171A-4B1E-9C76-8FD671B0A1F3}
		{418C57E1-B2B9-441F-8B88-1C7776011724} = {5BDFB1EC-171A-4B1E-9C76-8FD671B0A1F3}
		{12205D6A-E262-4F8B-8344-2B5A93BBB775} = {03B7F111-84D9-45F0-9073-ADFAE8AE389B}
		{22C00710-A6E5-4F49-92CE-A5A2DD71C24A} = {03B7F111-84D9-45F0-9073-ADFAE8AE389B}
		{B8CFCE12-D441-46A5-A415-C763E1E2BEB0} = {62237430-5212-4823-924E-344007109D14}
		{9AA7DD53-7BC4-4971-BC0C-0540A391DC22} = {C261BDE7-0557-4579-A31E-EB2D5C5503B4}
		{A09C427C-DBF7-49C8-9590-E99AD60DECE2} = {C261BDE7-0557-4579-A31E-EB2D5C5503B4}
		{E3D3DFFD-6668-44BE-9D8E-823F53B58F29} = {62237430-5212-4823-924E-344007109D14}
		{ED237B5F-FD05-4994-86E0-CE4DD09B5BAC} = {3E769AFE-B524-4145-A9E7-8DFEEC094D49}
		{ED2385B8-E0E7-479F-BFCC-50B646E2AC35} = {3E769AFE-B524-4145-A9E7-8DFEEC094D49}
		{D1833CEF-ABAB-472C-A9A0-5CF39C45A36B} = {A4E1E142-C1D6-47F8-8D76-AB0A9CBC9D22}
		{D14A5D26-391E-4327-A1DC-29572D4521FF} = {A4E1E142-C1D6-47F8-8D76-AB0A9CBC9D22}
		{B38E2797-FE83-4EB5-8D70-FEBDEDCA32BF} = {73718FA9-C78C-4459-A1C0-E5964EE5F420}
		{B4771F7A-A835-4B86-8B52-0E2FD560A48C} = {DBFC3933-83C8-4F77-8937-EDA0AA0FE7BE}
		{3AD9F490-7725-41C8-8816-07966B3DE958} = {73718FA9-C78C-4459-A1C0-E5964EE5F420}
		{94F578FB-AFEB-4C67-BD0D-C5797E50E9E8} = {7C126B63-12FD-4829-A22A-EB2A93815ACD}
		{5739EE0E-1E8C-4AC6-9AAA-F58C7345B9A8} = {7C126B63-12FD-4829-A22A-EB2A93815ACD}
		{B5A5A4DC-8EF3-4C04-85FD-76E85C4EA4CB} = {73718FA9-C78C-4459-A1C0-E5964EE5F420}
		{1D99DF2D-30AA-47F4-98B0-5E2F48258C44} = {73718FA9-C78C-4459-A1C0-E5964EE5F420}
		{AA57CB1D-F511-4BF5-9410-72A49D063365} = {73718FA9-C78C-4459-A1C0-E5964EE5F420}
		{A2F72D39-EEF5-4C08-B573-D8C5740CED2C} = {C261BDE7-0557-4579-A31E-EB2D5C5503B4}
		{F1A54C06-A4A8-4E6B-B7FA-8469105408B3} = {62237430-5212-4823-924E-344007109D14}
		{9A9A823B-967E-4BB5-809F-A78C1668C363} = {02EF9285-F05C-4353-9F85-BA2637CECA82}
		{02EF9285-F05C-4353-9F85-BA2637CECA82} = {7C126B63-12FD-4829-A22A-EB2A93815ACD}
		{93EB98DA-DC7F-47A9-B636-F738CD80165B} = {73718FA9-C78C-4459-A1C0-E5964EE5F420}
		{E0E38AB7-4BF7-4BF8-B2E6-2774F9349B99} = {73718FA9-C78C-4459-A1C0-E5964EE5F420}
		{9A41545D-CA6E-4591-9B80-64A2EE76B85A} = {E0E38AB7-4BF7-4BF8-B2E6-2774F9349B99}
		{CC1B2316-C330-410C-A3F3-097CA45713D8} = {7C126B63-12FD-4829-A22A-EB2A93815ACD}
		{B102B42B-06EC-47F9-8DC1-E5729B62172E} = {7C126B63-12FD-4829-A22A-EB2A93815ACD}
		{A27787ED-5A7A-455A-9E90-CAEB9030F850} = {BDF238D0-23E9-4131-861C-47C94F5D6018}
		{260EB803-0C5D-4000-B920-4E8AF84820CA} = {BDF238D0-23E9-4131-861C-47C94F5D6018}
		{98FC1018-A866-4B34-90D8-C432EFEF5D2A} = {7C126B63-12FD-4829-A22A-EB2A93815ACD}
		{0ED4AF1C-27CC-4BA8-8333-F941D45246C9} = {9B2AC37E-7281-4E07-848C-AB32327476A1}
		{3F04815A-2A4B-4B28-B683-053A46D6A076} = {9B2AC37E-7281-4E07-848C-AB32327476A1}
		{630D31A1-6D34-4A7E-863C-A09B5F11888A} = {9B2AC37E-7281-4E07-848C-AB32327476A1}
		{C64B9BF2-2D41-4358-A7E9-7FFE42A29CBC} = {63BEB71C-D666-4F32-B8D0-620763DDA61A}
		{FE4AE7CE-8775-406E-82A4-A4095803E8BD} = {5BDFB1EC-171A-4B1E-9C76-8FD671B0A1F3}
		{DCB4B133-4503-416D-8A72-99170ABCFB55} = {60D866A4-6F20-4C7D-876B-3014884AE2FF}
		{5BDFB1EC-171A-4B1E-9C76-8FD671B0A1F3} = {DCB4B133-4503-416D-8A72-99170ABCFB55}
		{F3641AC2-FAE4-4201-9F99-C7898BE10F00} = {5BDFB1EC-171A-4B1E-9C76-8FD671B0A1F3}
		{3E769AFE-B524-4145-A9E7-8DFEEC094D49} = {DCB4B133-4503-416D-8A72-99170ABCFB55}
		{A9C98031-E563-469B-8ADC-405A7918EDA7} = {3E769AFE-B524-4145-A9E7-8DFEEC094D49}
		{3A2E6C72-6704-4566-8A08-B2A1B222C3EB} = {3E769AFE-B524-4145-A9E7-8DFEEC094D49}
		{E92AE8CC-8C6A-45D5-886B-94BD86B53030} = {60D866A4-6F20-4C7D-876B-3014884AE2FF}
		{03B7F111-84D9-45F0-9073-ADFAE8AE389B} = {E92AE8CC-8C6A-45D5-886B-94BD86B53030}
		{A4E1E142-C1D6-47F8-8D76-AB0A9CBC9D22} = {E92AE8CC-8C6A-45D5-886B-94BD86B53030}
		{C052E98D-5160-48E3-8112-03AEC3F108E3} = {03B7F111-84D9-45F0-9073-ADFAE8AE389B}
		{6B6E6BB1-8A45-4EC0-8BAB-F55E8F0B3AE3} = {03B7F111-84D9-45F0-9073-ADFAE8AE389B}
		{43CF9104-9389-4ED9-9FDB-F55814DD7DC2} = {A4E1E142-C1D6-47F8-8D76-AB0A9CBC9D22}
		{7AC9F81A-1C89-468C-A3BC-FE87EF1A11F2} = {A4E1E142-C1D6-47F8-8D76-AB0A9CBC9D22}
		{368A798C-38D1-4DC0-BC08-4102AF381302} = {63BEB71C-D666-4F32-B8D0-620763DDA61A}
		{5A075C30-BB90-4095-98D2-508E92B3ED2D} = {7C126B63-12FD-4829-A22A-EB2A93815ACD}
		{820D848A-E3C5-4DAC-9465-9A6B8726D419} = {02EF9285-F05C-4353-9F85-BA2637CECA82}
		{463EB6A0-DF14-4E66-A01A-8384AAA51AB0} = {02EF9285-F05C-4353-9F85-BA2637CECA82}
		{006AC827-4FD7-437E-9C48-47DF8EA8A723} = {63BEB71C-D666-4F32-B8D0-620763DDA61A}
		{FBF6EF8F-0A23-446D-A2F9-A425A9D715CE} = {63BEB71C-D666-4F32-B8D0-620763DDA61A}
		{5DCDB793-D7F9-4B59-A543-90E518769310} = {63BEB71C-D666-4F32-B8D0-620763DDA61A}
		{EF567336-499A-47C6-989E-B992B01DBDC9} = {63BEB71C-D666-4F32-B8D0-620763DDA61A}
		{46A3DF20-879B-4A99-BFD2-3D885ED2C6FB} = {62237430-5212-4823-924E-344007109D14}
	EndGlobalSection
	GlobalSection(ExtensibilityGlobals) = postSolution
		SolutionGuid = {50B40085-A3FF-4E79-90F0-ECAA786ECF93}
	EndGlobalSection
EndGlobal
